{"format_version":"1.0","provider_schemas":{"registry.terraform.io/fusionauth/fusionauth":{"provider":{"version":0,"block":{"attributes":{"api_key":{"type":"string","description_kind":"plain","required":true},"host":{"type":"string","description_kind":"plain","required":true}},"description_kind":"plain"}},"resource_schemas":{"fusionauth_api_key":{"version":0,"block":{"attributes":{"description":{"type":"string","description":"Description of the key.","description_kind":"plain","optional":true},"expiration_instant":{"type":"number","description":"The expiration instant of this API key. Using an expired API key for API Authentication will result in a 401 response code.","description_kind":"plain","optional":true},"id":{"type":"string","description_kind":"plain","optional":true,"computed":true},"ip_access_control_list_id":{"type":"string","description":"The Id of the IP Access Control List limiting access to this API key.","description_kind":"plain","optional":true},"key":{"type":"string","description":"API key string. When you create an API key the key is defaulted to a secure random value but the API key is simply a string, so you may call it super-secret-key if you’d like. However a long and random value makes a good API key in that it is unique and difficult to guess.","description_kind":"plain","optional":true,"computed":true,"sensitive":true},"key_id":{"type":"string","description":"The Id to use for the new Form. If not specified a secure random UUID will be generated.","description_kind":"plain","optional":true},"name":{"type":"string","description":"The name of the API key.","description_kind":"plain","optional":true},"retrievable":{"type":"bool","description":"Whether the API key is retrievable. If set to false, the API key will not be retrievable after creation.","description_kind":"plain","optional":true},"tenant_id":{"type":"string","description":"The unique Id of the Tenant. This value is required if the key is meant to be tenant scoped. Tenant scoped keys can only be used to access users and other tenant scoped objects for the specified tenant. This value is read-only once the key is created.","description_kind":"plain","optional":true}},"block_types":{"permissions_endpoints":{"nesting_mode":"set","block":{"attributes":{"delete":{"type":"bool","description":"HTTP DELETE Verb","description_kind":"plain","optional":true},"endpoint":{"type":"string","description_kind":"plain","required":true},"get":{"type":"bool","description":"HTTP GET Verb","description_kind":"plain","optional":true},"patch":{"type":"bool","description":"HTTP PATCH Verb","description_kind":"plain","optional":true},"post":{"type":"bool","description":"HTTP POST Verb","description_kind":"plain","optional":true},"put":{"type":"bool","description":"HTTP PUT Verb","description_kind":"plain","optional":true}},"description":"Endpoint permissions for this key. Each key of the object is an endpoint, with the value being an array of the HTTP methods which can be used against the endpoint. An Empty permissions_endpoints object mean that this is a super key that authorizes this key for all the endpoints.","description_kind":"plain"}}},"description_kind":"plain"}},"fusionauth_application":{"version":1,"block":{"attributes":{"access_control_configuration":{"type":["list",["object",{"ui_ip_access_control_list_id":"string"}]],"description_kind":"plain","optional":true,"computed":true},"active":{"type":"bool","description":"Whether or not this Application is active.","description_kind":"plain","optional":true},"application_id":{"type":"string","description":"The Id to use for the new Application. If not specified a secure random UUID will be generated.","description_kind":"plain","optional":true},"authentication_token_configuration_enabled":{"type":"bool","description":"Determines if Users can have Authentication Tokens associated with this Application. This feature may not be enabled for the FusionAuth application.","description_kind":"plain","optional":true},"base_url":{"type":"string","description":"The base URL of the Application.","description_kind":"plain","optional":true},"clean_speak_configuration":{"type":["list",["object",{"application_ids":["set","string"],"username_moderation":["list",["object",{"application_id":"string","enabled":"bool"}]]}]],"description_kind":"plain","optional":true,"computed":true},"data":{"type":"string","description":"An object that can hold any information about the Application that should be persisted. Please review the limits on data field types as you plan for and build your custom data schema. Must be a JSON string.","description_kind":"plain","optional":true},"email_configuration":{"type":["list",["object",{"email_update_template_id":"string","email_verification_template_id":"string","email_verified_template_id":"string","forgot_password_template_id":"string","login_id_in_use_on_create_template_id":"string","login_id_in_use_on_update_template_id":"string","login_new_device_template_id":"string","login_suspicious_template_id":"string","password_reset_success_template_id":"string","password_update_template_id":"string","passwordless_email_template_id":"string","set_password_email_template_id":"string","two_factor_method_add_template_id":"string","two_factor_method_remove_template_id":"string"}]],"description_kind":"plain","optional":true,"computed":true},"external_identifier_configuration":{"type":["list",["object",{"two_factor_trust_id_time_to_live_in_seconds":"number"}]],"description_kind":"plain","optional":true,"computed":true},"form_configuration":{"type":["list",["object",{"admin_registration_form_id":"string","self_service_form_configuration":["list",["object",{"require_current_password_on_password_change":"bool"}]],"self_service_form_id":"string"}]],"description_kind":"plain","optional":true},"id":{"type":"string","description_kind":"plain","optional":true,"computed":true},"insert_instant":{"type":"number","description":"The instant that the Application was added to the FusionAuth database.","description_kind":"plain","computed":true},"last_update_instant":{"type":"number","description":"The instant that the Application was last updated in the FusionAuth database.","description_kind":"plain","computed":true},"multi_factor_configuration":{"type":["list",["object",{"email_template_id":"string","login_policy":"string","sms_template_id":"string","trust_policy":"string"}]],"description_kind":"plain","optional":true,"computed":true},"name":{"type":"string","description":"The name of the Application.","description_kind":"plain","required":true},"passwordless_configuration_enabled":{"type":"bool","description":"Determines if passwordless login is enabled for this application.","description_kind":"plain","deprecated":true,"optional":true},"samlv2_configuration":{"type":["list",["object",{"assertion_encryption_configuration":["list",["object",{"digest_algorithm":"string","enabled":"bool","encryption_algorithm":"string","key_location":"string","key_transport_algorithm":"string","key_transport_encryption_key_id":"string","mask_generation_function":"string"}]],"audience":"string","authorized_redirect_urls":["list","string"],"callback_url":"string","debug":"bool","default_verification_key_id":"string","enabled":"bool","initiated_login":["list",["object",{"enabled":"bool","name_id_format":"string"}]],"issuer":"string","key_id":"string","login_hint_configuration":["list",["object",{"enabled":"bool","parameter_name":"string"}]],"logout":["list",["object",{"behavior":"string","default_verification_key_id":"string","key_id":"string","require_signed_requests":"bool","single_logout":["list",["object",{"enabled":"bool","key_id":"string","url":"string","xml_signature_canonicalization_method":"string"}]],"verification_key_ids":["list","string"],"xml_signature_canonicalization_method":"string"}]],"logout_url":"string","required_signed_requests":"bool","verification_key_ids":["list","string"],"xml_signature_canonicalization_method":"string","xml_signature_location":"string"}]],"description_kind":"plain","optional":true,"computed":true},"state":{"type":"string","description":"The current state of this Application.","description_kind":"plain","computed":true},"tenant_id":{"type":"string","description_kind":"plain","optional":true},"theme_id":{"type":"string","description":"The unique Id of the theme to be used to style the login page and other end user templates.","description_kind":"plain","optional":true},"unverified_behavior":{"type":"string","description":"The behavior of the application when a user attempts to login with an unverified registration.","description_kind":"plain","optional":true},"verification_email_template_id":{"type":"string","description":"The Id of the Email Template that is used to send the Registration Verification emails to users. If the verifyRegistration field is true this field is required.","description_kind":"plain","optional":true},"verification_strategy":{"type":"string","description":"The process by which the user will verify their email address.","description_kind":"plain","optional":true},"verify_registration":{"type":"bool","description":"Whether or not registrations to this Application may be verified. When this is set to true the verificationEmailTemplateId parameter is also required.","description_kind":"plain","optional":true},"webauthn_configuration":{"type":["list",["object",{"bootstrap_workflow_enabled":"bool","enabled":"bool","reauthentication_workflow_enabled":"bool"}]],"description_kind":"plain","optional":true}},"block_types":{"jwt_configuration":{"nesting_mode":"list","block":{"attributes":{"access_token_id":{"type":"string","description":"The Id of the signing key used to sign the access token.","description_kind":"plain","optional":true,"computed":true},"access_token_verification_key_ids":{"type":["set","string"],"description":"The list of access token verification key Ids that are trusted by this application. access_token_id is implicitly included in this list and does not need to be explicitly specified. If access_token_id is changed to a new key and the old key is supplied in this field, then this facilitates key rotation because FusionAuth will trust JWTs signed by both keys, while only signing JWTs with the new key. Requires FusionAuth 1.69.0 or later.","description_kind":"plain","optional":true,"computed":true},"enabled":{"type":"bool","description":"Indicates if this application is using the JWT configuration defined here or the global JWT configuration defined by the System Configuration. If this is false the signing algorithm configured in the System Configuration will be used. If true the signing algorithm defined in this application will be used.","description_kind":"plain","optional":true},"id_token_key_id":{"type":"string","description":"The Id of the signing key used to sign the Id token.","description_kind":"plain","optional":true,"computed":true},"id_token_verification_key_ids":{"type":["set","string"],"description":"The list of Id token verification key Ids that are trusted by this application. id_token_key_id is implicitly included in this list and does not need to be explicitly specified. If id_token_key_id is changed to a new key and the old key is supplied in this field, then this facilitates key rotation because FusionAuth will trust JWTs signed by both keys, while only signing JWTs with the new key. Requires FusionAuth 1.69.0 or later.","description_kind":"plain","optional":true,"computed":true},"refresh_token_expiration_policy":{"type":"string","description":"The Refresh Token expiration policy. The possible values are: Fixed - the expiration is calculated from the time the token is issued.  SlidingWindow - the expiration is calculated from the last time the token was used.","description_kind":"plain","optional":true},"refresh_token_one_time_use_grace_period_in_seconds":{"type":"number","description":"The length of time specified in seconds that a one-time use token can be re-used. This value must be greater than `0` and less than `86,400` which is equal to 24 hours. Setting this value to 0 effectively disables the grace period which means a one-time token may not be reused. ","description_kind":"plain","optional":true},"refresh_token_sliding_window_maximum_ttl_in_minutes":{"type":"number","description":"The maximum lifetime of a refresh token when using a refresh token expiration policy of SlidingWindowWithMaximumLifetime. Value must be greater than 0.","description_kind":"plain","optional":true},"refresh_token_ttl_minutes":{"type":"number","description":"The length of time in minutes the JWT refresh token will live before it is expired and is not able to be exchanged for a JWT.","description_kind":"plain","optional":true},"refresh_token_usage_policy":{"type":"string","description":"The refresh token usage policy. The following are valid values: Reusable - the token does not change after it was issued. OneTimeUse - the token value will be changed each time the token is used to refresh a JWT. The client must store the new value after each usage.","description_kind":"plain","optional":true},"ttl_seconds":{"type":"number","description":"The length of time in seconds the JWT will live before it is expired and no longer valid.","description_kind":"plain","optional":true}},"description_kind":"plain"},"max_items":1},"lambda_configuration":{"nesting_mode":"list","block":{"attributes":{"access_token_populate_id":{"type":"string","description":"The Id of the Lambda that will be invoked when an access token is generated for this application. This will be utilized during OAuth2 and OpenID Connect authentication requests as well as when an access token is generated for the Login API.","description_kind":"plain","optional":true},"id_token_populate_id":{"type":"string","description":"The Id of the Lambda that will be invoked when an Id token is generated for this application during an OpenID Connect authentication request.","description_kind":"plain","optional":true},"multi_factor_requirement_id":{"type":"string","description":"The Id of the lambda that will be invoked during the login process to determine the multi-factor authentication requirements for a given user at the time of login.","description_kind":"plain","optional":true},"samlv2_populate_id":{"type":"string","description":"The Id of the Lambda that will be invoked when a a SAML response is generated during a SAML authentication request.","description_kind":"plain","optional":true},"self_service_registration_validation_id":{"type":"string","description":"The unique Id of the lambda that will be used to perform additional validation on registration form steps.","description_kind":"plain","optional":true},"userinfo_populate_id":{"type":"string","description":"The Id of the Lambda that will be invoked when a UserInfo response is generated for this application.","description_kind":"plain","optional":true}},"description_kind":"plain"},"max_items":1},"login_configuration":{"nesting_mode":"list","block":{"attributes":{"allow_token_refresh":{"type":"bool","description":"Indicates if a JWT may be refreshed using a Refresh Token for this application. This configuration is separate from issuing new Refresh Tokens which is controlled by the generateRefreshTokens parameter. This configuration indicates specifically if an existing Refresh Token may be used to request a new JWT using the Refresh API.","description_kind":"plain","optional":true},"generate_refresh_tokens":{"type":"bool","description":"Indicates if a Refresh Token should be issued from the Login API","description_kind":"plain","optional":true},"require_authentication":{"type":"bool","description":"Indicates if the Login API should require an API key. If you set this value to false and your FusionAuth API is on a public network, anyone may attempt to use the Login API.","description_kind":"plain","optional":true}},"description_kind":"plain"},"max_items":1},"oauth_configuration":{"nesting_mode":"list","block":{"attributes":{"authorized_origin_urls":{"type":["set","string"],"description":"An array of URLs that are the authorized origins for FusionAuth OAuth.","description_kind":"plain","optional":true},"authorized_redirect_urls":{"type":["list","string"],"description":"An array of URLs that are the authorized redirect URLs for FusionAuth OAuth.","description_kind":"plain","optional":true},"authorized_resource_uris":{"type":["set","string"],"description":"An array of URLs that are the authorized resource URIs for FusionAuth OAuth.","description_kind":"plain","optional":true},"authorized_url_validation_policy":{"type":"string","description":"Determines whether wildcard expressions will be allowed in the authorized_redirect_urls and authorized_origin_urls.","description_kind":"plain","optional":true},"client_authentication_policy":{"type":"string","description":"Determines the client authentication requirements for the OAuth 2.0 Token endpoint.","description_kind":"plain","optional":true},"client_id":{"type":"string","description":"The OAuth 2.0 client id. If you leave this blank during a POST, a client id will be generated for you. If you leave this blank during PUT, the previous value will be maintained. For both POST and PUT you can provide a value and it will be stored.","description_kind":"plain","optional":true,"computed":true},"client_secret":{"type":"string","description":"The OAuth 2.0 client secret. If you leave this blank during a POST, a secure secret will be generated for you. If you leave this blank during PUT, the previous value will be maintained. For both POST and PUT you can provide a value and it will be stored.","description_kind":"plain","optional":true,"computed":true},"consent_mode":{"type":"string","description":"Controls the policy for prompting a user to consent to requested OAuth scopes. This configuration only takes effect when `application.oauthConfiguration.relationship` is `ThirdParty`. The possible values are: `AlwaysPrompt` - Always prompt the user for consent. `RememberDecision` - Remember previous consents; only prompt if the choice expires or if the requested or required scopes have changed. The duration of this persisted choice is controlled by the Tenant’s `externalIdentifierConfiguration.rememberOAuthScopeConsentChoiceTimeToLiveInSeconds` value. `NeverPrompt` - The user will be never be prompted to consent to requested OAuth scopes. Permission will be granted implicitly as if this were a `FirstParty` application. This configuration is meant for testing purposes only and should not be used in production.","description_kind":"plain","optional":true},"debug":{"type":"bool","description":"Whether or not FusionAuth will log a debug Event Log. This is particular useful for debugging the authorization code exchange with the Token endpoint during an Authorization Code grant.","description_kind":"plain","optional":true},"device_verification_url":{"type":"string","description":"The device verification URL to be used with the Device Code grant type, this field is required when device_code is enabled.","description_kind":"plain","optional":true},"enabled_grants":{"type":["set","string"],"description":"The enabled grants for this application. In order to utilize a particular grant with the OAuth 2.0 endpoints you must have enabled the grant.","description_kind":"plain","optional":true},"generate_refresh_tokens":{"type":"bool","description":"Determines if the OAuth 2.0 Token endpoint will generate a refresh token when the offline_access scope is requested.","description_kind":"plain","optional":true},"logout_behavior":{"type":"string","description":"Behavior when /oauth2/logout is called.","description_kind":"plain","optional":true},"logout_url":{"type":"string","description":"The logout URL for the Application. FusionAuth will redirect to this URL after the user logs out of OAuth.","description_kind":"plain","optional":true},"proof_key_for_code_exchange_policy":{"type":"string","description":"Determines the PKCE requirements when using the authorization code grant.","description_kind":"plain","optional":true},"relationship":{"type":"string","description":"The application’s relationship to the OAuth server. The possible values are: `FirstParty` - The application has the same owner as the authorization server. Consent to requested OAuth scopes is granted implicitly. `ThirdParty` - The application is external to the authorization server. Users will be prompted to consent to requested OAuth scopes based on the application object’s `oauthConfiguration.consentMode` value. Note: An Essentials or Enterprise plan is required to utilize third-party applications.","description_kind":"plain","optional":true},"require_client_authentication":{"type":"bool","description":"Determines if the OAuth 2.0 Token endpoint requires client authentication. If this is enabled, the client must provide client credentials when using the Token endpoint. The client_id and client_secret may be provided using a Basic Authorization HTTP header, or by sending these parameters in the request body using POST data.","description_kind":"plain","deprecated":true,"optional":true,"computed":true},"require_registration":{"type":"bool","description":"When enabled the user will be required to be registered, or complete registration before redirecting to the configured callback in the authorization code grant or the implicit grant. This configuration does not currently apply to any other grant.","description_kind":"plain","optional":true},"scope_handling_policy":{"type":"string","description":"Controls the policy for handling of OAuth scopes when populating JWTs and the UserInfo response. The possible values are: `Compatibility` - OAuth workflows will populate JWT and UserInfo claims in a manner compatible with versions of FusionAuth before version 1.50.0. `Strict` - OAuth workflows will populate token and UserInfo claims according to the OpenID Connect 1.0 specification based on requested and consented scopes.","description_kind":"plain","required":true},"unknown_scope_policy":{"type":"string","description":"Controls the policy for handling unknown scopes on an OAuth request. The possible values are: `Allow` - Unknown scopes will be allowed on the request, passed through the OAuth workflow, and written to the resulting tokens without consent. `Remove` - Unknown scopes will be removed from the OAuth workflow, but the workflow will proceed without them. `Reject` - Unknown scopes will be rejected and cause the OAuth workflow to fail with an error.","description_kind":"plain","required":true}},"block_types":{"provided_scope_policy":{"nesting_mode":"list","block":{"block_types":{"address":{"nesting_mode":"list","block":{"attributes":{"enabled":{"type":"bool","description_kind":"plain","optional":true},"required":{"type":"bool","description_kind":"plain","optional":true}},"description_kind":"plain"},"max_items":1},"email":{"nesting_mode":"list","block":{"attributes":{"enabled":{"type":"bool","description_kind":"plain","optional":true},"required":{"type":"bool","description_kind":"plain","optional":true}},"description_kind":"plain"},"max_items":1},"phone":{"nesting_mode":"list","block":{"attributes":{"enabled":{"type":"bool","description_kind":"plain","optional":true},"required":{"type":"bool","description_kind":"plain","optional":true}},"description_kind":"plain"},"max_items":1},"profile":{"nesting_mode":"list","block":{"attributes":{"enabled":{"type":"bool","description_kind":"plain","optional":true},"required":{"type":"bool","description_kind":"plain","optional":true}},"description_kind":"plain"},"max_items":1}},"description_kind":"plain"}}},"description_kind":"plain"},"max_items":1},"passwordless_configuration":{"nesting_mode":"list","block":{"attributes":{"email_login_strategy":{"type":"string","description":"The strategy to use for passwordless logins that utilize email. This configuration is only relevant if passwordless_configuration.enabled is set to true.","description_kind":"plain","optional":true,"computed":true},"enabled":{"type":"bool","description":"Determines if passwordless login is enabled for this application.","description_kind":"plain","optional":true},"phone_login_strategy":{"type":"string","description":"The strategy to use for passwordless logins that utilize phone. This configuration is only relevant if passwordless_configuration.enabled is set to true.","description_kind":"plain","optional":true,"computed":true}},"description_kind":"plain"},"max_items":1},"phone_configuration":{"nesting_mode":"list","block":{"attributes":{"forgot_password_template_id":{"type":"string","description":"The Id of the Message Template that is used when sending a user a forgot password message.","description_kind":"plain","optional":true},"identity_update_template_id":{"type":"string","description":"The Id of the Message Template used to send a message to a user when their phone number has been updated. The message will be sent to both their new and old phone numbers.","description_kind":"plain","optional":true},"login_id_in_use_on_create_template_id":{"type":"string","description":"The Id of the Message Template used to send a message to a user when another user attempts to create an account with their login Id.","description_kind":"plain","optional":true},"login_id_in_use_on_update_template_id":{"type":"string","description":"The Id of the Message Template used to send a message to a user when another user attempts to update an existing account to use their login Id.","description_kind":"plain","optional":true},"login_new_device_template_id":{"type":"string","description":"The Id of the Message Template used to send a message to a user when they log in on a new device.","description_kind":"plain","optional":true},"login_suspicious_template_id":{"type":"string","description":"The Id of the Message Template used to send a message to a user when a suspicious login using their login Id occurs.","description_kind":"plain","optional":true},"password_reset_success_template_id":{"type":"string","description":"The Id of the Message Template used to send a message to a user when they have completed a 'forgot password' workflow and their password has been reset.","description_kind":"plain","optional":true},"password_update_template_id":{"type":"string","description":"The Id of the Message Template used to send a message to a user when their password has been updated.","description_kind":"plain","optional":true},"passwordless_template_id":{"type":"string","description":"The Id of the Passwordless Message Template, sent to users when they start a passwordless login.","description_kind":"plain","optional":true},"set_password_template_id":{"type":"string","description":"The Id of the SMS Message Template used when a user must set their password manually after their account was created for them (by an admin, for example).","description_kind":"plain","optional":true},"two_factor_method_add_template_id":{"type":"string","description":"The Id of the Message Template used to send a message to a user when a MFA method has been removed from their account.","description_kind":"plain","optional":true},"two_factor_method_remove_template_id":{"type":"string","description":"The Id of the Message Template used to send a message to a user when a MFA method has been added to their account.","description_kind":"plain","optional":true},"verification_complete_template_id":{"type":"string","description":"The Id of the Message Template used to notify a user that their phone number has been verified.","description_kind":"plain","optional":true},"verification_template_id":{"type":"string","description":"The Id of the Message Template used to send SMS messages to users to verify that their phone number is valid.","description_kind":"plain","optional":true}},"description_kind":"plain"},"max_items":1},"registration_configuration":{"nesting_mode":"list","block":{"attributes":{"complete_registration":{"type":"bool","description":"Users cannot self-register, but can complete missing information from an existing registration. Defaults to `false`. When `true`, any registered user logging in to this application using hosted login pages is prompted to complete missing registration information based on the application's configured registration form. If `application.registrationConfiguration.enabled` is `true`, `completeRegistration` is ignored. In that case, users can create a registration or complete profile information.","description_kind":"plain","optional":true},"confirm_password":{"type":"bool","description":"Determines if the password should be confirmed during self service registration, this means that the user will be required to type the password twice.","description_kind":"plain","optional":true},"enabled":{"type":"bool","description":"Determines if self service registration is enabled for this application. When this value is false, you may still use the Registration API, this only affects if the self service option is available during the OAuth 2.0 login.","description_kind":"plain","optional":true},"form_id":{"type":"string","description":"The Id of an associated Form when using advanced registration configuration type. This field is required when application.registrationConfiguration.type is set to advanced.","description_kind":"plain","optional":true},"login_id_type":{"type":"string","description":"The unique login Id that will be collected during registration, this value can be email or username. Leaving the default value of email is preferred because an email address is globally unique.","description_kind":"plain","optional":true},"type":{"type":"string","description":"The type of registration flow.","description_kind":"plain","optional":true}},"block_types":{"birth_date":{"nesting_mode":"list","block":{"attributes":{"enabled":{"type":"bool","description_kind":"plain","optional":true},"required":{"type":"bool","description_kind":"plain","optional":true}},"description_kind":"plain"},"max_items":1},"first_name":{"nesting_mode":"list","block":{"attributes":{"enabled":{"type":"bool","description_kind":"plain","optional":true},"required":{"type":"bool","description_kind":"plain","optional":true}},"description_kind":"plain"},"max_items":1},"full_name":{"nesting_mode":"list","block":{"attributes":{"enabled":{"type":"bool","description_kind":"plain","optional":true},"required":{"type":"bool","description_kind":"plain","optional":true}},"description_kind":"plain"},"max_items":1},"last_name":{"nesting_mode":"list","block":{"attributes":{"enabled":{"type":"bool","description_kind":"plain","optional":true},"required":{"type":"bool","description_kind":"plain","optional":true}},"description_kind":"plain"},"max_items":1},"middle_name":{"nesting_mode":"list","block":{"attributes":{"enabled":{"type":"bool","description_kind":"plain","optional":true},"required":{"type":"bool","description_kind":"plain","optional":true}},"description_kind":"plain"},"max_items":1},"mobile_phone":{"nesting_mode":"list","block":{"attributes":{"enabled":{"type":"bool","description_kind":"plain","optional":true},"required":{"type":"bool","description_kind":"plain","optional":true}},"description_kind":"plain"},"max_items":1},"preferred_languages":{"nesting_mode":"list","block":{"attributes":{"enabled":{"type":"bool","description_kind":"plain","optional":true},"required":{"type":"bool","description_kind":"plain","optional":true}},"description_kind":"plain"},"max_items":1}},"description_kind":"plain"},"max_items":1},"registration_delete_policy":{"nesting_mode":"list","block":{"attributes":{"unverified_enabled":{"type":"bool","description":"Indicates that users without a verified registration for this application will have their registration permanently deleted after application.registrationDeletePolicy.unverified.numberOfDaysToRetain days.","description_kind":"plain","optional":true},"unverified_number_of_days_to_retain":{"type":"number","description":"The number of days from registration a user’s registration will be retained before being deleted for not completing registration verification. This field is required when application.registrationDeletePolicy.enabled is set to true. Value must be greater than 0.","description_kind":"plain","optional":true}},"description_kind":"plain"},"max_items":1},"universal_configuration":{"nesting_mode":"list","block":{"attributes":{"universal":{"type":"bool","description":"Indicates if this application is a universal application.","description_kind":"plain","optional":true}},"description_kind":"plain"},"max_items":1}},"description_kind":"plain"}},"fusionauth_application_oauth_scope":{"version":1,"block":{"attributes":{"application_id":{"type":"string","description":"The Id of the application to which this scope belongs.","description_kind":"plain","required":true},"data":{"type":"string","description":"An object that can hold any information about the Application OAuth Scope that should be persisted. Please review the limits on data field types as you plan for and build your custom data schema. Must be a JSON string.","description_kind":"plain","optional":true},"default_consent_detail":{"type":"string","description":"The default detail to display on the OAuth consent screen if one cannot be found in the theme.","description_kind":"plain","optional":true},"default_consent_message":{"type":"string","description":"The default message to display on the OAuth consent screen if one cannot be found in the theme.","description_kind":"plain","optional":true},"description":{"type":"string","description":"A description of the OAuth Scope. This is used for display purposes only.","description_kind":"plain","optional":true},"id":{"type":"string","description_kind":"plain","optional":true,"computed":true},"name":{"type":"string","description":"The name of the OAuth Scope. This is the value that will be used to request the scope in OAuth workflows.","description_kind":"plain","required":true},"required":{"type":"bool","description":"Determines if the OAuth Scope is required when requested in an OAuth workflow.","description_kind":"plain","optional":true},"scope_id":{"type":"string","description":"The Id to use for the new OAuth Scope. If not specified a secure random UUID will be generated.","description_kind":"plain","optional":true,"computed":true}},"description_kind":"plain"}},"fusionauth_application_role":{"version":0,"block":{"attributes":{"application_id":{"type":"string","description":"ID of the application that this role is for.","description_kind":"plain","required":true},"description":{"type":"string","description":"A description for the role.","description_kind":"plain","optional":true},"id":{"type":"string","description_kind":"plain","optional":true,"computed":true},"is_default":{"type":"bool","description":"Whether or not the Role is a default role. A default role is automatically assigned to a user during registration if no roles are provided.","description_kind":"plain","optional":true},"is_super_role":{"type":"bool","description":"Whether or not the Role is a considered to be a super user role. This is a marker to indicate that it supersedes all other roles. FusionAuth will attempt to enforce this contract when using the web UI, it is not enforced programmatically when using the API.","description_kind":"plain","optional":true},"name":{"type":"string","description":"The name of the Role.","description_kind":"plain","required":true}},"description_kind":"plain"}},"fusionauth_consent":{"version":0,"block":{"attributes":{"consent_email_template_id":{"type":"string","description":"The Id of the Email Template that is used to send confirmation to the end user. If this value is omitted an email will not be sent to the user.","description_kind":"plain","optional":true},"consent_id":{"type":"string","description":"The Id to use for the new Consent. If not specified a secure random UUID will be generated.","description_kind":"plain","optional":true,"computed":true},"country_minimum_age_for_self_consent":{"type":["map","number"],"description":"This property optionally overrides the value provided in defaultMinimumAgeForSelfConsent if a more specific value is defined. This can be useful when the age of self consent varies by country.","description_kind":"plain","optional":true},"data":{"type":"string","description":"An object that can hold any information about the Consent that should be persisted. Please review the limits on data field types as you plan for and build your custom data schema. Must be a JSON string.","description_kind":"plain","optional":true},"default_minimum_age_for_self_consent":{"type":"number","description":"The default age of self consent used when granting this consent to a user unless a more specific one is provided by the countryMinimumAgeForSelfConsent. A user that meets the minimum age of self consent may self-consent, this means the recipient may also be the giver.","description_kind":"plain","required":true},"email_plus":{"type":["list",["object",{"email_template_id":"string","enabled":"bool","maximum_time_to_send_email_in_hours":"number","minimum_time_to_send_email_in_hours":"number"}]],"description":"Email Plus provides and additional opportunity to notify the giver that consent was provided. For example, if consentEmailTemplateId is provided then when the consent is granted an email will be sent to notify the giver that consent was granted to the user. When using Email Plus a follow up email will be sent to the giver at a randomly selected time within the configured minimum and maximum range of hours.","description_kind":"plain","optional":true},"id":{"type":"string","description_kind":"plain","optional":true,"computed":true},"multiple_values_allowed":{"type":"bool","description":"Set this value to true if more than one value may be used when granting this consent to a User. When this value is false a maximum of one value may be assigned. This value is not used when no values have been defined for this consent.","description_kind":"plain","optional":true},"name":{"type":"string","description":"The unique name of the consent.","description_kind":"plain","required":true},"values":{"type":["list","string"],"description":"The list of values that may be assigned to this consent. This is a required field when multipleValuesAllowed is set to true. If this value is not provided then the consent will be created with no values.","description_kind":"plain","optional":true}},"description_kind":"plain"}},"fusionauth_email":{"version":0,"block":{"attributes":{"default_from_name":{"type":"string","description":"The default From Name used when sending emails. If not provided, and a localized value cannot be determined, the default value for the tenant will be used. This is the display name part of the email address ( i.e. Jared Dunn \u003cjared@piedpiper.com\u003e).","description_kind":"plain","optional":true},"default_html_template":{"type":"string","description":"The default HTML Email Template.","description_kind":"plain","required":true},"default_subject":{"type":"string","description":"The default Subject used when sending emails.","description_kind":"plain","required":true},"default_text_template":{"type":"string","description":"The default Text Email Template.","description_kind":"plain","required":true},"email_id":{"type":"string","description":"The Id to use for the new Email Template. If not specified a secure random UUID will be generated.","description_kind":"plain","optional":true},"from_email":{"type":"string","description":"The email address that this email will be sent from. If not provided, the default value for the tenant will be used. This is the address part email address (i.e. Jared Dunn \u003cjared@piedpiper.com\u003e).","description_kind":"plain","optional":true},"id":{"type":"string","description_kind":"plain","optional":true,"computed":true},"localized_from_names":{"type":["map","string"],"description":"The From Name used when sending emails to users who speak other languages. This overrides the default From Name based on the user’s list of preferred languages.","description_kind":"plain","optional":true},"localized_html_templates":{"type":["map","string"],"description":"The HTML Email Template used when sending emails to users who speak other languages. This overrides the default HTML Email Template based on the user’s list of preferred languages.","description_kind":"plain","optional":true},"localized_subjects":{"type":["map","string"],"description":"The Subject used when sending emails to users who speak other languages. This overrides the default Subject based on the user’s list of preferred languages.","description_kind":"plain","optional":true},"localized_text_templates":{"type":["map","string"],"description":"The Text Email Template used when sending emails to users who speak other languages. This overrides the default Text Email Template based on the user’s list of preferred languages.","description_kind":"plain","optional":true},"name":{"type":"string","description":"A descriptive name for the email template (i.e. \"April 2016 Coupon Email\")","description_kind":"plain","required":true}},"description_kind":"plain"}},"fusionauth_entity":{"version":0,"block":{"attributes":{"client_id":{"type":"string","description":"The OAuth 2.0 client Id. If you leave this blank during a POST, the value of the Entity Id will be used.","description_kind":"plain","optional":true,"computed":true},"client_secret":{"type":"string","description":"The OAuth 2.0 client secret. If you leave this blank during a POST, a secure secret will be generated for you. If you leave this blank during an update, the previous value will be maintained. For both Create and Update you can provide a value and it will be stored.","description_kind":"plain","optional":true,"computed":true,"sensitive":true},"data":{"type":"string","description":"An object that can hold any information about the Entity that should be persisted. Please review the limits on data field types as you plan for and build your custom data schema.  Must be a JSON string.","description_kind":"plain","optional":true},"entity_id":{"type":"string","description":"The Id to use for the new Entity. If not specified a secure random UUID will be generated.","description_kind":"plain","optional":true,"computed":true},"entity_type_id":{"type":"string","description":"The Id of the Entity Type. Types are consulted for permission checks.","description_kind":"plain","required":true},"id":{"type":"string","description_kind":"plain","optional":true,"computed":true},"name":{"type":"string","description":"A descriptive name for the Entity (i.e. 'Raviga' or 'Email Service').","description_kind":"plain","required":true},"tenant_id":{"type":"string","description":"The unique Id of the tenant used to scope this API request.","description_kind":"plain","optional":true}},"description":"Entities are instances of a single type. An Entity could be a 'nest device', an 'Email API' or 'Raviga'.","description_kind":"plain"}},"fusionauth_entity_grant":{"version":0,"block":{"attributes":{"data":{"type":"string","description":"An object that can hold any information about the Grant that should be persisted. Please review the limits on data field types as you plan for and build your custom data schema.  Must be a JSON string.","description_kind":"plain","optional":true},"entity_id":{"type":"string","description":"The Id of the Entity to which access is granted.","description_kind":"plain","required":true},"id":{"type":"string","description_kind":"plain","optional":true,"computed":true},"permissions":{"type":["set","string"],"description":"The set of permissions of this Grant.","description_kind":"plain","optional":true},"recipient_entity_id":{"type":"string","description":"The Entity Id for which access is granted. If `recipientEntityId` is not provided, then the `userId` will be required.","description_kind":"plain","optional":true},"tenant_id":{"type":"string","description":"The unique Id of the tenant used to scope this API request.","description_kind":"plain","optional":true,"computed":true},"user_id":{"type":"string","description":"The User Id for which access is granted. If `userId` is not provided, then the `recipientEntityId` will be required.","description_kind":"plain","optional":true}},"description":"Entities can have Grants. Grants are relationships between a target Entity and one of two other types: a recipient Entity or a User. Grants can have zero or more Permissions associated with them.","description_kind":"plain"}},"fusionauth_entity_type":{"version":0,"block":{"attributes":{"data":{"type":"string","description":"An object that can hold any information about the Entity Type that should be persisted. Must be a JSON string.","description_kind":"plain","optional":true},"entity_type_id":{"type":"string","description":"The Id to use for the new Entity Type. If not specified a secure random UUID will be generated.","description_kind":"plain","optional":true,"computed":true},"id":{"type":"string","description_kind":"plain","optional":true,"computed":true},"name":{"type":"string","description":"A descriptive name for the entity type (i.e. 'Customer' or 'Email_Service').","description_kind":"plain","required":true}},"block_types":{"jwt_configuration":{"nesting_mode":"list","block":{"attributes":{"access_token_key_id":{"type":"string","description":"The unique id of the signing key used to sign the access token. Required when enabled is set to true.","description_kind":"plain","optional":true},"access_token_verification_key_ids":{"type":["set","string"],"description":"The list of access token verification key Ids that are trusted for this entity type when entity JWTs are presented to /oauth2/introspect or in SCIM use cases. access_token_key_id is implicitly included in this list and does not need to be explicitly specified. If access_token_key_id is changed to a new key and the old key is supplied in this field, then this facilitates key rotation because FusionAuth will trust JWTs signed by both keys, while only signing JWTs with the new key. Requires FusionAuth 1.69.0 or later.","description_kind":"plain","optional":true,"computed":true},"enabled":{"type":"bool","description":"Indicates if this application is using the JWT configuration defined here or the global JWT configuration defined by the Tenant. If this is false the signing algorithm configured in the Tenant will be used. If true the signing algorithm defined in this application will be used.","description_kind":"plain","optional":true},"time_to_live_in_seconds":{"type":"number","description":"The length of time in seconds the JWT will live before it is expired and no longer valid. Required when enabled is set to true.","description_kind":"plain","optional":true}},"description":"A block to configure JSON Web Token (JWT) options.","description_kind":"plain"},"max_items":1}},"description":"Entity Types categorize Entities. An Entity Type could be 'Device', 'API' or 'Company'.","description_kind":"plain"}},"fusionauth_entity_type_permission":{"version":0,"block":{"attributes":{"data":{"type":"string","description":"An object that can hold any information about the Permission that should be persisted.  Must be a JSON string.","description_kind":"plain","optional":true},"description":{"type":"string","description":"The description of the Permission.","description_kind":"plain","optional":true},"entity_type_id":{"type":"string","description":"The Id of the Entity Type.","description_kind":"plain","required":true},"id":{"type":"string","description_kind":"plain","optional":true,"computed":true},"is_default":{"type":"bool","description":"Whether or not the Permission is a default permission. A default permission is automatically granted to an entity of this type if no permissions are provided in a grant request.","description_kind":"plain","optional":true},"name":{"type":"string","description":"The name of the Permission.","description_kind":"plain","required":true},"permission_id":{"type":"string","description":"The Id to use for the new permission. If not specified a secure random UUID will be generated.","description_kind":"plain","optional":true,"computed":true}},"description":"Permissions are defined on an Entity Type. These are arbitrary strings which can fit the business domain. A Permission could be 'read', 'write', or 'file-lawsuit'.","description_kind":"plain"}},"fusionauth_form":{"version":1,"block":{"attributes":{"data":{"type":"string","description":"An object that can hold any information about the Form that should be persisted. Please review the limits on data field types as you plan for and build your custom data schema. Must be a JSON string.","description_kind":"plain","optional":true},"form_id":{"type":"string","description":"The Id to use for the new Form. If not specified a secure random UUID will be generated.","description_kind":"plain","optional":true},"id":{"type":"string","description_kind":"plain","optional":true,"computed":true},"name":{"type":"string","description":"The unique name of the Form.","description_kind":"plain","required":true},"type":{"type":"string","description":"The type of form being created, a form type cannot be changed after the form has been created.","description_kind":"plain","optional":true}},"block_types":{"steps":{"nesting_mode":"list","block":{"attributes":{"fields":{"type":["list","string"],"description":"An ordered list of Form Field Ids assigned to this step.","description_kind":"plain","optional":true},"type":{"type":"string","description":"The type of step being created.","description_kind":"plain","optional":true,"computed":true}},"description":"An ordered list of objects containing one or more Form Fields. A Form must have at least one step defined.","description_kind":"plain"},"min_items":1}},"description_kind":"plain"}},"fusionauth_form_field":{"version":1,"block":{"attributes":{"confirm":{"type":"bool","description":"Determines if the user input should be confirmed by requiring the value to be entered twice. If true, a confirmation field is included.","description_kind":"plain","optional":true},"consent_id":{"type":"string","description":"The Id of an existing Consent. This field will be required when the type is set to consent.","description_kind":"plain","optional":true},"control":{"type":"string","description":"The Form Field control","description_kind":"plain","optional":true,"computed":true},"data":{"type":"string","description":"An object that can hold any information about the Form Field that should be persisted. Please review the limits on data field types as you plan for and build your custom data schema. Must be a JSON string.","description_kind":"plain","optional":true},"description":{"type":"string","description":"A description of the Form Field.","description_kind":"plain","optional":true},"form_field_id":{"type":"string","description":"The Id to use for the new Form Field. If not specified a secure random UUID will be generated.","description_kind":"plain","optional":true},"id":{"type":"string","description_kind":"plain","optional":true,"computed":true},"key":{"type":"string","description":"The key is the path to the value in the user or registration object. Not required when type is 'consent'.","description_kind":"plain","optional":true,"computed":true},"name":{"type":"string","description":"The unique name of the Form Field.","description_kind":"plain","required":true},"options":{"type":["list","string"],"description":"A list of options that are applied to checkbox, radio, or select controls.","description_kind":"plain","optional":true},"required":{"type":"bool","description":"Determines if a value is required to complete the form.","description_kind":"plain","optional":true},"type":{"type":"string","description":"The data type used to store the value in FusionAuth.","description_kind":"plain","optional":true},"validator":{"type":["list",["object",{"enabled":"bool","expression":"string"}]],"description_kind":"plain","optional":true,"computed":true}},"description_kind":"plain"}},"fusionauth_generic_connector":{"version":1,"block":{"attributes":{"authentication_url":{"type":"string","description":"The fully qualified URL used to send an HTTP request to authenticate the user.","description_kind":"plain","required":true},"connect_timeout":{"type":"number","description":"The connect timeout for the HTTP connection, in milliseconds. Value must be greater than 0.","description_kind":"plain","required":true},"data":{"type":"string","description":"An object that can hold any information about the Generic Connector that should be persisted. Please review the limits on data field types as you plan for and build your custom data schema. Must be a JSON string.","description_kind":"plain","optional":true},"debug":{"type":"bool","description":"Determines if debug should be enabled to create an event log to assist in debugging integration errors.","description_kind":"plain","optional":true},"headers":{"type":["map","string"],"description":"An object that can hold HTTPHeader key and value pairs.","description_kind":"plain","optional":true},"http_authentication_password":{"type":"string","description":"The basic authentication password to use for requests to the Connector.","description_kind":"plain","optional":true,"sensitive":true},"http_authentication_username":{"type":"string","description":"The basic authentication username to use for requests to the Connector.","description_kind":"plain","optional":true,"sensitive":true},"id":{"type":"string","description":"The Id to use for the new Connector. If not specified a secure random UUID will be generated.","description_kind":"plain","optional":true,"computed":true},"name":{"type":"string","description":"The unique Connector name.","description_kind":"plain","required":true},"read_timeout":{"type":"number","description":"The read timeout for the HTTP connection, in milliseconds. Value must be greater than 0.","description_kind":"plain","required":true},"ssl_certificate_key_id":{"type":"string","description":"The Id of an existing Key. The X509 certificate is used for client certificate authentication in requests to the Connector.","description_kind":"plain","optional":true}},"description_kind":"plain"}},"fusionauth_generic_messenger":{"version":0,"block":{"attributes":{"connect_timeout":{"type":"number","description":"The connect timeout for the HTTP connection, in milliseconds. Value must be greater than 0.","description_kind":"plain","required":true},"data":{"type":"string","description":"An object that can hold any information about the Generic Messenger that should be persisted. Please review the limits on data field types as you plan for and build your custom data schema. Must be a JSON string.","description_kind":"plain","optional":true},"debug":{"type":"bool","description":"Determines if debug should be enabled to create an event log to assist in debugging integration errors.","description_kind":"plain","optional":true},"headers":{"type":["map","string"],"description":"An object that can hold HTTPHeader key and value pairs.","description_kind":"plain","optional":true},"http_authentication_password":{"type":"string","description":"The basic authentication password to use for requests to the Messenger.","description_kind":"plain","optional":true,"sensitive":true},"http_authentication_username":{"type":"string","description":"The basic authentication username to use for requests to the Messenger.","description_kind":"plain","optional":true,"sensitive":true},"id":{"type":"string","description_kind":"plain","optional":true,"computed":true},"messenger_id":{"type":"string","description":"The Id to use for the new Messenger. If not specified a secure random UUID will be generated.","description_kind":"plain","optional":true,"computed":true},"name":{"type":"string","description":"The unique Messenger name.","description_kind":"plain","required":true},"read_timeout":{"type":"number","description":"The read timeout for the HTTP connection, in milliseconds. Value must be greater than 0.","description_kind":"plain","required":true},"ssl_certificate":{"type":"string","description":"An SSL certificate. The certificate is used for client certificate authentication in requests to the Messenger.","description_kind":"plain","optional":true,"sensitive":true},"url":{"type":"string","description":"The fully qualified URL used to send an HTTP request.","description_kind":"plain","required":true}},"description_kind":"plain"}},"fusionauth_group":{"version":1,"block":{"attributes":{"data":{"type":"string","description":"An object that can hold any information about the Group that should be persisted. Please review the limits on data field types as you plan for and build your custom data schema. Must be a JSON string.","description_kind":"plain","optional":true},"group_id":{"type":"string","description":"The Id to use for the new Group. If not specified a secure random UUID will be generated.","description_kind":"plain","optional":true,"computed":true},"id":{"type":"string","description_kind":"plain","optional":true,"computed":true},"name":{"type":"string","description":"The name of the Group.","description_kind":"plain","required":true},"role_ids":{"type":["set","string"],"description":"The Application Roles to assign to this group.","description_kind":"plain","optional":true},"tenant_id":{"type":"string","description":"The unique Id of the tenant used to scope this API request.","description_kind":"plain","required":true}},"description_kind":"plain"}},"fusionauth_idp_apple":{"version":0,"block":{"attributes":{"attribute_mappings":{"type":["map","string"],"description":"A map of Identity Provider claim or response values to FusionAuth user attributes or registration fields.","description_kind":"plain","optional":true},"bundle_id":{"type":"string","description":"The Apple Bundle Id you have configured in your Apple developer account to uniquely identify your native app","description_kind":"plain","required":true},"button_text":{"type":"string","description":"The top-level button text to use on the FusionAuth login page for this Identity Provider.","description_kind":"plain","required":true},"debug":{"type":"bool","description":"Determines if debug is enabled for this provider. When enabled, each time this provider is invoked to reconcile a login an Event Log will be created.","description_kind":"plain","optional":true},"enabled":{"type":"bool","description":"Determines if this provider is enabled. If it is false then it will be disabled globally.","description_kind":"plain","optional":true},"id":{"type":"string","description_kind":"plain","optional":true,"computed":true},"key_id":{"type":"string","description":"The unique Id of the private key downloaded from Apple and imported into Key Master that will be used to sign the client secret.","description_kind":"plain","required":true},"lambda_reconcile_id":{"type":"string","description":"The unique Id of the lambda to used during the user reconcile process to map custom claims from the external identity provider to the FusionAuth user.","description_kind":"plain","optional":true},"linking_strategy":{"type":"string","description":"The linking strategy to use when creating the link between the {idp_display_name} Identity Provider and the user.","description_kind":"plain","optional":true,"computed":true},"name":{"type":"string","description":"The name of the provider. This is only used for display purposes.","description_kind":"plain","optional":true},"scope":{"type":"string","description":"The top-level space separated scope that you are requesting from Apple.","description_kind":"plain","optional":true},"services_id":{"type":"string","description":"The Apple Services identifier found in your Apple Developer Account which has been configured for Sign in with Apple.","description_kind":"plain","required":true},"source":{"type":"string","description":"The source of this Identity Provider. The maximum length is 191 characters. This value is only used on create. If updated, a new Identity Provider will be created.","description_kind":"plain","optional":true,"computed":true},"team_id":{"type":"string","description":"The Apple App ID Prefix, or Team ID found in your Apple Developer Account which has been configured for Sign in with Apple.","description_kind":"plain","required":true},"tenant_id":{"type":"string","description":"The unique Id of the Tenant. Providing a value creates an identity provider scoped to the specified tenant, otherwise a global identity provider is created. Tenant-scoped identity providers can only be used to authenticate in the context of the specified tenant. Global identity providers can be used with any tenant. This value cannot be updated after creation and requires recreating the resource to change.","description_kind":"plain","optional":true}},"block_types":{"application_configuration":{"nesting_mode":"set","block":{"attributes":{"application_id":{"type":"string","description_kind":"plain","optional":true},"bundle_id":{"type":"string","description":"This is an optional Application specific override for for the top level bundleId.","description_kind":"plain","optional":true},"button_text":{"type":"string","description":"This is an optional Application specific override for the top level button text.","description_kind":"plain","optional":true},"create_registration":{"type":"bool","description":"Determines if a UserRegistration is created for the User automatically or not. If a user doesn’t exist in FusionAuth and logs in through an identity provider, this boolean controls whether or not FusionAuth creates a registration for the User in the Application they are logging into.","description_kind":"plain","optional":true},"enabled":{"type":"bool","description":"Determines if this provider is enabled. If it is false then it will be disabled globally.","description_kind":"plain","optional":true},"key_id":{"type":"string","description":"This is an optional Application specific override for the top level key_id.","description_kind":"plain","optional":true},"scope":{"type":"string","description":"This is an optional Application specific override for for the top level scope.","description_kind":"plain","optional":true},"services_id":{"type":"string","description":"This is an optional Application specific override for for the top level servicesId.","description_kind":"plain","optional":true},"team_id":{"type":"string","description":"The Apple App ID Prefix, or Team ID found in your Apple Developer Account which has been configured for Sign in with Apple.","description_kind":"plain","optional":true}},"description":"The configuration for each Application that the identity provider is enabled for.","description_kind":"plain"}},"tenant_configuration":{"nesting_mode":"set","block":{"attributes":{"limit_user_link_count_enabled":{"type":"bool","description":"When enabled, the number of identity provider links a user may create is enforced by maximumLinks","description_kind":"plain","optional":true},"limit_user_link_count_maximum_links":{"type":"number","description":"Determines if this provider is enabled. If it is false then it will be disabled globally.","description_kind":"plain","optional":true},"tenant_id":{"type":"string","description_kind":"plain","optional":true}},"description":"The configuration for each Tenant that limits the number of links a user may have for a particular identity provider.","description_kind":"plain"}}},"description_kind":"plain"}},"fusionauth_idp_external_jwt":{"version":0,"block":{"attributes":{"attribute_mappings":{"type":["map","string"],"description":"A map of Identity Provider claim or response values to FusionAuth user attributes or registration fields.","description_kind":"plain","optional":true},"claim_map":{"type":["map","string"],"description":"A map of incoming claims to User fields, User data or Registration data. The key of the map is the incoming claim name from the configured identity provider.","description_kind":"plain","optional":true},"debug":{"type":"bool","description":"Determines if debug is enabled for this provider. When enabled, each time this provider is invoked to reconcile a login an Event Log will be created.","description_kind":"plain","optional":true},"default_key_id":{"type":"string","description":"When configured this key will be used to verify the signature of the JWT when the header key defined by the headerKeyParameter property is not found in the JWT header. In most cases, the JWT header will contain the key identifier and this value will be used to resolve the correct public key or X.509 certificate to verify the signature. This assumes the public key or X.509 certificate has already been imported using the Key API or Key Master in the FusionAuth admin UI.","description_kind":"plain","deprecated":true,"optional":true,"computed":true},"domains":{"type":["set","string"],"description":"An array of domains that are managed by this Identity Provider.","description_kind":"plain","optional":true},"enabled":{"type":"bool","description":"Determines if this provider is enabled. If it is false then it will be disabled globally.","description_kind":"plain","optional":true},"header_key_parameter":{"type":"string","description":"The name header claim that identifies the public key used to verify the signature. In most cases this be kid or x5t.","description_kind":"plain","required":true},"id":{"type":"string","description_kind":"plain","optional":true,"computed":true},"idp_id":{"type":"string","description":"The ID to use for the new identity provider. If not specified a secure random UUID will be generated.","description_kind":"plain","optional":true},"lambda_reconcile_id":{"type":"string","description":"The unique Id of the lambda to used during the user reconcile process to map custom claims from the external identity provider to the FusionAuth user.","description_kind":"plain","optional":true},"linking_strategy":{"type":"string","description":"The linking strategy to use when creating the link between the {idp_display_name} Identity Provider and the user.","description_kind":"plain","optional":true,"computed":true},"name":{"type":"string","description":"The name of the provider. This is only used for display purposes.","description_kind":"plain","optional":true},"oauth2_authorization_endpoint":{"type":"string","description":"The authorization endpoint for this Identity Provider. This value is not utilized by FusionAuth is only provided to be returned by the Lookup Identity Provider API response. During integration you may then utilize this value to perform the browser redirect to the OAuth2 authorize endpoint.","description_kind":"plain","optional":true},"oauth2_email_claim":{"type":"string","description":"The name of the claim that contains the user's email address. This will only be used when the linking_stategy is equal to LinkByEmail or LinkByEmailForExistingUser.","description_kind":"plain","optional":true},"oauth2_email_verified_claim":{"type":"string","description":"The name of the claim that identities if the user's email address has been verified. When the linking_stategy is equal to LinkByEmail or LinkByEmailForExistingUser and this claim is present and the value is false a link will not be established and an error will be returned indicating a link cannot be established using an unverified email address.","description_kind":"plain","optional":true},"oauth2_token_endpoint":{"type":"string","description":"The token endpoint for this Identity Provider. This value is not utilized by FusionAuth is only provided to be returned by the Lookup Identity Provider API response. During integration you may then utilize this value to complete the OAuth2 grant workflow.","description_kind":"plain","optional":true},"oauth2_unique_id_claim":{"type":"string","description":"The name of the claim that contains the user's unique user Id.","description_kind":"plain","optional":true},"oauth2_username_claim":{"type":"string","description":"The name of the claim that contains the user's username. This will only be used when the linking_stategy is equal to LinkByUsername or LinkByUsernameForExistingUser.","description_kind":"plain","optional":true},"source":{"type":"string","description":"The source of this Identity Provider. The maximum length is 191 characters. This value is only used on create. If updated, a new Identity Provider will be created.","description_kind":"plain","optional":true,"computed":true},"tenant_id":{"type":"string","description":"The unique Id of the Tenant. Providing a value creates an identity provider scoped to the specified tenant, otherwise a global identity provider is created. Tenant-scoped identity providers can only be used to authenticate in the context of the specified tenant. Global identity providers can be used with any tenant. This value cannot be updated after creation and requires recreating the resource to change.","description_kind":"plain","optional":true},"unique_identity_claim":{"type":"string","description":"The name of the claim that represents the unique identify of the User. This will generally be email or the name of the claim that provides the email address.","description_kind":"plain","deprecated":true,"optional":true},"verification_key_ids":{"type":["list","string"],"description":"These keys will be used to verify the signature of the JWT. In most cases, the JWT header will contain the key identifier and this value will be used to resolve the correct key to verify the signature but that key must be in this list. This assumes the key has already been imported using the Key API or Key Master in the FusionAuth admin UI. The first entry is used when the header key defined by header_key_parameter is not found in the JWT header. Requires FusionAuth 1.69.0 or later.","description_kind":"plain","optional":true,"computed":true}},"block_types":{"application_configuration":{"nesting_mode":"set","block":{"attributes":{"application_id":{"type":"string","description_kind":"plain","optional":true},"create_registration":{"type":"bool","description":"Determines if a UserRegistration is created for the User automatically or not. If a user doesn’t exist in FusionAuth and logs in through an identity provider, this boolean controls whether or not FusionAuth creates a registration for the User in the Application they are logging into.","description_kind":"plain","optional":true},"enabled":{"type":"bool","description":"Determines if this identity provider is enabled for the Application specified by the applicationId key.","description_kind":"plain","optional":true}},"description":"The configuration for each Application that the identity provider is enabled for.","description_kind":"plain"}},"tenant_configuration":{"nesting_mode":"set","block":{"attributes":{"limit_user_link_count_enabled":{"type":"bool","description":"When enabled, the number of identity provider links a user may create is enforced by maximumLinks","description_kind":"plain","optional":true},"limit_user_link_count_maximum_links":{"type":"number","description":"Determines if this provider is enabled. If it is false then it will be disabled globally.","description_kind":"plain","optional":true},"tenant_id":{"type":"string","description_kind":"plain","optional":true}},"description":"The configuration for each Tenant that limits the number of links a user may have for a particular identity provider.","description_kind":"plain"}}},"description_kind":"plain"}},"fusionauth_idp_facebook":{"version":0,"block":{"attributes":{"app_id":{"type":"string","description":"The top-level Facebook appId for your Application. This value is retrieved from the Facebook developer website when you setup your Facebook developer account.","description_kind":"plain","required":true},"attribute_mappings":{"type":["map","string"],"description":"A map of Identity Provider claim or response values to FusionAuth user attributes or registration fields.","description_kind":"plain","optional":true},"button_text":{"type":"string","description":"The top-level button text to use on the FusionAuth login page for this Identity Provider.","description_kind":"plain","required":true},"client_secret":{"type":"string","description":"The top-level client secret to use with the Facebook Identity Provider when retrieving the long-lived token. This value is retrieved from the Facebook developer website when you setup your Facebook developer account.","description_kind":"plain","required":true,"sensitive":true},"debug":{"type":"bool","description":"Determines if debug is enabled for this provider. When enabled, an Event Log is created each time this provider is invoked to reconcile a login.","description_kind":"plain","optional":true},"enabled":{"type":"bool","description":"Determines if this provider is enabled. If it is false then it will be disabled globally.","description_kind":"plain","optional":true},"fields":{"type":"string","description":"The top-level fields that you are requesting from Facebook.","description_kind":"plain","optional":true},"id":{"type":"string","description_kind":"plain","optional":true,"computed":true},"lambda_reconcile_id":{"type":"string","description":"The unique Id of the lambda to used during the user reconcile process to map custom claims from the external identity provider to the FusionAuth user. The specified Lambda Id must be of type FacebookReconcile.","description_kind":"plain","optional":true,"computed":true},"linking_strategy":{"type":"string","description":"The linking strategy to use when creating the link between the Facebook Identity Provider and the user.","description_kind":"plain","optional":true,"computed":true},"login_method":{"type":"string","description":"The login method to use for this Identity Provider.","description_kind":"plain","optional":true},"name":{"type":"string","description":"The name of the provider. This is only used for display purposes.","description_kind":"plain","optional":true},"permissions":{"type":"string","description":"The top-level permissions that your application is asking of the user’s Facebook account.","description_kind":"plain","optional":true},"source":{"type":"string","description":"The source of this Identity Provider. The maximum length is 191 characters. This value is only used on create. If updated, a new Identity Provider will be created.","description_kind":"plain","optional":true,"computed":true},"tenant_id":{"type":"string","description":"The unique Id of the Tenant. Providing a value creates an identity provider scoped to the specified tenant, otherwise a global identity provider is created. Tenant-scoped identity providers can only be used to authenticate in the context of the specified tenant. Global identity providers can be used with any tenant. This value cannot be updated after creation and requires recreating the resource to change.","description_kind":"plain","optional":true}},"block_types":{"application_configuration":{"nesting_mode":"set","block":{"attributes":{"app_id":{"type":"string","description":"This is an optional Application specific override for the top level app id.","description_kind":"plain","optional":true},"application_id":{"type":"string","description":"ID of the FusionAuth Application to apply this configuration to.","description_kind":"plain","optional":true},"button_text":{"type":"string","description":"This is an optional Application specific override for the top level button text.","description_kind":"plain","optional":true},"client_secret":{"type":"string","description":"This is an optional Application specific override for the top level client secret.","description_kind":"plain","optional":true,"sensitive":true},"create_registration":{"type":"bool","description":"Determines if a UserRegistration is created for the User automatically or not. If a user doesn’t exist in FusionAuth and logs in through an identity provider, this boolean controls whether or not FusionAuth creates a registration for the User in the Application they are logging into.","description_kind":"plain","optional":true},"enabled":{"type":"bool","description":"Determines if this identity provider is enabled for the Application specified by the application id key.","description_kind":"plain","optional":true},"fields":{"type":"string","description":"This is an optional Application specific override for the top level fields.","description_kind":"plain","optional":true},"permissions":{"type":"string","description":"This is an optional Application specific override for the top level permissions.","description_kind":"plain","optional":true}},"description":"The configuration for each Application that the identity provider is enabled for.","description_kind":"plain"}},"tenant_configuration":{"nesting_mode":"set","block":{"attributes":{"limit_user_link_count_enabled":{"type":"bool","description":"When enabled, the number of identity provider links a user may create is enforced by maximumLinks","description_kind":"plain","optional":true},"limit_user_link_count_maximum_links":{"type":"number","description":"Determines if this provider is enabled. If it is false then it will be disabled globally.","description_kind":"plain","optional":true},"tenant_id":{"type":"string","description_kind":"plain","optional":true}},"description":"The configuration for each Tenant that limits the number of links a user may have for a particular identity provider.","description_kind":"plain"}}},"description_kind":"plain"}},"fusionauth_idp_google":{"version":0,"block":{"attributes":{"attribute_mappings":{"type":["map","string"],"description":"A map of Identity Provider claim or response values to FusionAuth user attributes or registration fields.","description_kind":"plain","optional":true},"button_text":{"type":"string","description":"The top-level button text to use on the FusionAuth login page for this Identity Provider.","description_kind":"plain","required":true},"client_id":{"type":"string","description":"The top-level Google client id for your Application. This value is retrieved from the Google developer website when you setup your Google developer account.","description_kind":"plain","required":true},"client_secret":{"type":"string","description":"The top-level client secret to use with the Google Identity Provider when retrieving the long-lived token. This value is retrieved from the Google developer website when you setup your Google developer account.","description_kind":"plain","optional":true,"sensitive":true},"debug":{"type":"bool","description":"Determines if debug is enabled for this provider. When enabled, each time this provider is invoked to reconcile a login an Event Log will be created.","description_kind":"plain","optional":true},"enabled":{"type":"bool","description":"Determines if this provider is enabled. If it is false then it will be disabled globally.","description_kind":"plain","optional":true},"id":{"type":"string","description_kind":"plain","optional":true,"computed":true},"lambda_reconcile_id":{"type":"string","description":"The unique Id of the lambda to used during the user reconcile process to map custom claims from the external identity provider to the FusionAuth user.","description_kind":"plain","optional":true},"linking_strategy":{"type":"string","description":"The linking strategy to use when creating the link between the {idp_display_name} Identity Provider and the user.","description_kind":"plain","optional":true,"computed":true},"login_method":{"type":"string","description":"The login method to use for this Identity Provider.","description_kind":"plain","optional":true},"name":{"type":"string","description":"The name of the provider. This is only used for display purposes.","description_kind":"plain","optional":true},"scope":{"type":"string","description":"The top-level scope that you are requesting from Google.","description_kind":"plain","optional":true},"source":{"type":"string","description":"The source of this Identity Provider. The maximum length is 191 characters. This value is only used on create. If updated, a new Identity Provider will be created.","description_kind":"plain","optional":true,"computed":true},"tenant_id":{"type":"string","description":"The unique Id of the Tenant. Providing a value creates an identity provider scoped to the specified tenant, otherwise a global identity provider is created. Tenant-scoped identity providers can only be used to authenticate in the context of the specified tenant. Global identity providers can be used with any tenant. This value cannot be updated after creation and requires recreating the resource to change.","description_kind":"plain","optional":true}},"block_types":{"application_configuration":{"nesting_mode":"set","block":{"attributes":{"application_id":{"type":"string","description_kind":"plain","optional":true},"button_text":{"type":"string","description":"This is an optional Application specific override for the top level button text.","description_kind":"plain","optional":true},"client_id":{"type":"string","description":"This is an optional Application specific override for the top level client id.","description_kind":"plain","optional":true},"client_secret":{"type":"string","description":"This is an optional Application specific override for the top level client secret.","description_kind":"plain","optional":true,"sensitive":true},"create_registration":{"type":"bool","description":"Determines if a UserRegistration is created for the User automatically or not. If a user doesn’t exist in FusionAuth and logs in through an identity provider, this boolean controls whether or not FusionAuth creates a registration for the User in the Application they are logging into.","description_kind":"plain","optional":true},"enabled":{"type":"bool","description":"Determines if this identity provider is enabled for the Application specified by the applicationId key.","description_kind":"plain","optional":true},"scope":{"type":"string","description":"This is an optional Application specific override for for the top level scope.","description_kind":"plain","optional":true}},"block_types":{"properties":{"nesting_mode":"list","block":{"attributes":{"api":{"type":"string","description":"?","description_kind":"plain","optional":true},"button":{"type":"string","description":"?","description_kind":"plain","optional":true}},"description":"An object to hold configuration parameters for the Google Identity Services API.","description_kind":"plain"},"max_items":1}},"description":"The configuration for each Application that the identity provider is enabled for.","description_kind":"plain"}},"properties":{"nesting_mode":"list","block":{"attributes":{"api":{"type":"string","description":"Google Identity Services login API configuration in a properties file formatted String. Any attribute from Google's documentation can be added. Properties can be referenced in templates that support Google login to initialize the API via HTML or JavaScript. The properties specified in this field should not include the data- prefix on the property name. If the `login_method` is set to UsePopup and this value contains the conflicting ux_mode=redirect property, that single property will be replaced with ux_mode=popup.","description_kind":"plain","optional":true},"button":{"type":"string","description":"Google Identity Services button configuration in a properties file formatted String. Any attribute from Google's documentation can be added. Properties can be referenced in templates that support Google login to render the login button via HTML or JavaScript. The properties specified in this field should not include the data- prefix on the property name.","description_kind":"plain","optional":true}},"description":"An object to hold configuration parameters for the Google Identity Services API.","description_kind":"plain"},"max_items":1},"tenant_configuration":{"nesting_mode":"set","block":{"attributes":{"limit_user_link_count_enabled":{"type":"bool","description":"When enabled, the number of identity provider links a user may create is enforced by maximumLinks","description_kind":"plain","optional":true},"limit_user_link_count_maximum_links":{"type":"number","description":"Determines if this provider is enabled. If it is false then it will be disabled globally.","description_kind":"plain","optional":true},"tenant_id":{"type":"string","description_kind":"plain","optional":true}},"description":"The configuration for each Tenant that limits the number of links a user may have for a particular identity provider.","description_kind":"plain"}}},"description_kind":"plain"}},"fusionauth_idp_linkedin":{"version":0,"block":{"attributes":{"attribute_mappings":{"type":["map","string"],"description":"A map of Identity Provider claim or response values to FusionAuth user attributes or registration fields.","description_kind":"plain","optional":true},"button_text":{"type":"string","description":"The top-level button text to use on the FusionAuth login page for this Identity Provider.","description_kind":"plain","required":true},"client_id":{"type":"string","description":"The top-level LinkedIn client id for your Application. This value is retrieved from the LinkedIn developer website when you set up your LinkedIn app.","description_kind":"plain","required":true},"client_secret":{"type":"string","description":"The top-level client secret to use with the LinkedIn Identity Provider when retrieving the long-lived token. This value is retrieved from the LinkedIn developer website when you set up your LinkedIn app.","description_kind":"plain","required":true,"sensitive":true},"debug":{"type":"bool","description":"Determines if debug is enabled for this provider. When enabled, an Event Log is created each time this provider is invoked to reconcile a login.","description_kind":"plain","optional":true},"enabled":{"type":"bool","description":"Determines if this provider is enabled. If it is false then it will be disabled globally.","description_kind":"plain","optional":true},"id":{"type":"string","description_kind":"plain","optional":true,"computed":true},"lambda_reconcile_id":{"type":"string","description":"The unique Id of the lambda to used during the user reconcile process to map custom claims from the external identity provider to the FusionAuth user. The specified Lambda Id must be of type LinkedInReconcile.","description_kind":"plain","optional":true,"computed":true},"linking_strategy":{"type":"string","description":"The linking strategy to use when creating the link between the LinkedIn Identity Provider and the user.","description_kind":"plain","optional":true,"computed":true},"name":{"type":"string","description":"The name of the provider. This is only used for display purposes.","description_kind":"plain","optional":true},"scope":{"type":"string","description":"The top-level scope that you are requesting from LinkedIn.","description_kind":"plain","optional":true},"source":{"type":"string","description":"The source of this Identity Provider. The maximum length is 191 characters. This value is only used on create. If updated, a new Identity Provider will be created.","description_kind":"plain","optional":true,"computed":true},"tenant_id":{"type":"string","description":"The unique Id of the Tenant. Providing a value creates an identity provider scoped to the specified tenant, otherwise a global identity provider is created. Tenant-scoped identity providers can only be used to authenticate in the context of the specified tenant. Global identity providers can be used with any tenant. This value cannot be updated after creation and requires recreating the resource to change.","description_kind":"plain","optional":true}},"block_types":{"application_configuration":{"nesting_mode":"set","block":{"attributes":{"application_id":{"type":"string","description":"ID of the FusionAuth Application to apply this configuration to.","description_kind":"plain","optional":true},"button_text":{"type":"string","description":"This is an optional Application specific override for the top level button text.","description_kind":"plain","optional":true},"client_id":{"type":"string","description":"This is an optional Application specific override for the top level client ID.","description_kind":"plain","optional":true,"sensitive":true},"client_secret":{"type":"string","description":"This is an optional Application specific override for the top level client secret.","description_kind":"plain","optional":true,"sensitive":true},"create_registration":{"type":"bool","description":"Determines if a UserRegistration is created for the User automatically or not. If a user doesn’t exist in FusionAuth and logs in through an identity provider, this boolean controls whether or not FusionAuth creates a registration for the User in the Application they are logging into.","description_kind":"plain","optional":true},"enabled":{"type":"bool","description":"Determines if this identity provider is enabled for the Application specified by the application id key.","description_kind":"plain","optional":true},"scope":{"type":"string","description":"This is an optional Application specific override for the top level scope.","description_kind":"plain","optional":true}},"description":"The configuration for each Application that the identity provider is enabled for.","description_kind":"plain"}},"tenant_configuration":{"nesting_mode":"set","block":{"attributes":{"limit_user_link_count_enabled":{"type":"bool","description":"When enabled, the number of identity provider links a user may create is enforced by maximumLinks","description_kind":"plain","optional":true},"limit_user_link_count_maximum_links":{"type":"number","description":"Determines if this provider is enabled. If it is false then it will be disabled globally.","description_kind":"plain","optional":true},"tenant_id":{"type":"string","description_kind":"plain","optional":true}},"description":"The configuration for each Tenant that limits the number of links a user may have for a particular identity provider.","description_kind":"plain"}}},"description_kind":"plain"}},"fusionauth_idp_open_id_connect":{"version":0,"block":{"attributes":{"attribute_mappings":{"type":["map","string"],"description":"A map of Identity Provider claim or response values to FusionAuth user attributes or registration fields.","description_kind":"plain","optional":true},"button_image_url":{"type":"string","description":"The top-level button image (URL) to use on the FusionAuth login page for this Identity Provider.","description_kind":"plain","optional":true},"button_text":{"type":"string","description":"The top-level button text to use on the FusionAuth login page for this Identity Provider.","description_kind":"plain","required":true},"debug":{"type":"bool","description":"Determines if debug is enabled for this provider. When enabled, each time this provider is invoked to reconcile a login an Event Log will be created.","description_kind":"plain","optional":true},"domains":{"type":["set","string"],"description":"This is an optional list of domains that this OpenID Connect provider should be used for. This converts the FusionAuth login form to a domain-based login form. This type of form first asks the user for their email. FusionAuth then uses their email to determine if an OpenID Connect identity provider should be used. If an OpenID Connect provider should be used, the browser is redirected to the authorization endpoint of that identity provider. Otherwise, the password field is revealed on the form so that the user can login using FusionAuth.","description_kind":"plain","optional":true},"enabled":{"type":"bool","description":"Determines if this provider is enabled. If it is false then it will be disabled globally.","description_kind":"plain","optional":true},"id":{"type":"string","description_kind":"plain","optional":true,"computed":true},"idp_id":{"type":"string","description":"The ID to use for the new identity provider. If not specified a secure random UUID will be generated.","description_kind":"plain","optional":true},"lambda_reconcile_id":{"type":"string","description":"The unique Id of the lambda to used during the user reconcile process to map custom claims from the external identity provider to the FusionAuth user.","description_kind":"plain","optional":true},"linking_strategy":{"type":"string","description":"The linking strategy to use when creating the link between the {idp_display_name} Identity Provider and the user.","description_kind":"plain","optional":true,"computed":true},"name":{"type":"string","description":"The name of the provider. This is only used for display purposes.","description_kind":"plain","optional":true},"oauth2_authorization_endpoint":{"type":"string","description":"The top-level authorization endpoint for the OpenID Connect identity provider. You can leave this blank if you provide the issuer field, which will be used to make a request to the OpenID Connect .well-known endpoint in order to dynamically resolve the authorization endpoint. If you provide an issuer then this field will be ignored.","description_kind":"plain","optional":true},"oauth2_client_authentication_method":{"type":"string","description":"The client authentication method to use with the OpenID Connect identity provider.","description_kind":"plain","optional":true},"oauth2_client_id":{"type":"string","description":"The top-level client id for your Application.","description_kind":"plain","required":true},"oauth2_client_secret":{"type":"string","description":"The top-level client secret to use with the OpenID Connect identity provider.","description_kind":"plain","optional":true,"sensitive":true},"oauth2_email_claim":{"type":"string","description":"An optional configuration to modify the expected name of the claim returned by the IdP that contains the email address.","description_kind":"plain","optional":true},"oauth2_email_verified_claim":{"type":"string","description":"An optional configuration to modify the expected name of the claim returned by the IdP that indicates if the email is verified.","description_kind":"plain","optional":true},"oauth2_issuer":{"type":"string","description":"The top-level issuer URI for the OpenID Connect identity provider. If this is provided, the authorization endpoint, token endpoint and userinfo endpoint will all be resolved using the issuer URI plus /.well-known/openid-configuration.","description_kind":"plain","optional":true},"oauth2_scope":{"type":"string","description":"The top-level scope that you are requesting from the OpenID Connect identity provider.","description_kind":"plain","optional":true},"oauth2_token_endpoint":{"type":"string","description":"The top-level token endpoint for the OpenID Connect identity provider. You can leave this blank if you provide the issuer field, which will be used to make a request to the OpenID Connect .well-known endpoint in order to dynamically resolve the token endpoint. If you provide an issuer then this field will be ignored.","description_kind":"plain","optional":true},"oauth2_unique_id_claim":{"type":"string","description":"An optional configuration to modify the expected name of the claim returned by the IdP that contains the user Id.","description_kind":"plain","optional":true},"oauth2_user_info_endpoint":{"type":"string","description":"The top-level userinfo endpoint for the OpenID Connect identity provider. You can leave this blank if you provide the issuer field, which will be used to make a request to the OpenID Connect .well-known endpoint in order to dynamically resolve the userinfo endpoint. If you provide an issuer then this field will be ignored.","description_kind":"plain","optional":true},"oauth2_username_claim":{"type":"string","description":"An optional configuration to modify the expected name of the claim returned by the IdP that contains the username.","description_kind":"plain","optional":true},"post_request":{"type":"bool","description":"Set this value equal to true if you wish to use POST bindings with this OpenID Connect identity provider. The default value of false means that a redirect binding which uses a GET request will be used.","description_kind":"plain","optional":true},"source":{"type":"string","description":"The source of this Identity Provider. The maximum length is 191 characters. This value is only used on create. If updated, a new Identity Provider will be created.","description_kind":"plain","optional":true,"computed":true},"tenant_id":{"type":"string","description":"The unique Id of the Tenant. Providing a value creates an identity provider scoped to the specified tenant, otherwise a global identity provider is created. Tenant-scoped identity providers can only be used to authenticate in the context of the specified tenant. Global identity providers can be used with any tenant. This value cannot be updated after creation and requires recreating the resource to change.","description_kind":"plain","optional":true}},"block_types":{"application_configuration":{"nesting_mode":"set","block":{"attributes":{"application_id":{"type":"string","description_kind":"plain","optional":true},"button_image_url":{"type":"string","description":"This is an optional Application specific override for the top level button image URL.","description_kind":"plain","optional":true},"button_text":{"type":"string","description":"This is an optional Application specific override for the top level button text.","description_kind":"plain","optional":true},"create_registration":{"type":"bool","description":"Determines if a UserRegistration is created for the User automatically or not. If a user doesn’t exist in FusionAuth and logs in through an identity provider, this boolean controls whether or not FusionAuth creates a registration for the User in the Application they are logging into.","description_kind":"plain","optional":true},"enabled":{"type":"bool","description":"Determines if this identity provider is enabled for the Application specified by the applicationId key.","description_kind":"plain","optional":true},"oauth2_client_id":{"type":"string","description":"This is an optional Application specific override for the top level client id.","description_kind":"plain","optional":true},"oauth2_client_secret":{"type":"string","description":"This is an optional Application specific override for the top level client secret.","description_kind":"plain","optional":true,"sensitive":true},"oauth2_scope":{"type":"string","description":"This is an optional Application specific override for for the top level scope.","description_kind":"plain","optional":true}},"description":"The configuration for each Application that the identity provider is enabled for.","description_kind":"plain"}},"tenant_configuration":{"nesting_mode":"set","block":{"attributes":{"limit_user_link_count_enabled":{"type":"bool","description":"When enabled, the number of identity provider links a user may create is enforced by maximumLinks","description_kind":"plain","optional":true},"limit_user_link_count_maximum_links":{"type":"number","description":"Determines if this provider is enabled. If it is false then it will be disabled globally.","description_kind":"plain","optional":true},"tenant_id":{"type":"string","description_kind":"plain","optional":true}},"description":"The configuration for each Tenant that limits the number of links a user may have for a particular identity provider.","description_kind":"plain"}}},"description_kind":"plain"}},"fusionauth_idp_saml_v2":{"version":0,"block":{"attributes":{"attribute_mappings":{"type":["map","string"],"description":"A map of Identity Provider claim or response values to FusionAuth user attributes or registration fields.","description_kind":"plain","optional":true},"button_image_url":{"type":"string","description":"The top-level button image (URL) to use on the FusionAuth login page for this Identity Provider.","description_kind":"plain","optional":true},"button_text":{"type":"string","description":"The top-level button text to use on the FusionAuth login page for this Identity Provider.","description_kind":"plain","required":true},"debug":{"type":"bool","description":"Determines if debug is enabled for this provider. When enabled, each time this provider is invoked to reconcile a login an Event Log will be created.","description_kind":"plain","optional":true},"domains":{"type":["set","string"],"description":"This is an optional list of domains that this OpenID Connect provider should be used for. This converts the FusionAuth login form to a domain-based login form. This type of form first asks the user for their email. FusionAuth then uses their email to determine if an OpenID Connect identity provider should be used. If an OpenID Connect provider should be used, the browser is redirected to the authorization endpoint of that identity provider. Otherwise, the password field is revealed on the form so that the user can login using FusionAuth.","description_kind":"plain","optional":true},"email_claim":{"type":"string","description":"The name of the email claim (Attribute in the Assertion element) in the SAML response that FusionAuth uses to uniquely identity the user. If this is not set, the `use_name_for_email` flag must be true.","description_kind":"plain","optional":true},"enabled":{"type":"bool","description":"Determines if this provider is enabled. If it is false then it will be disabled globally.","description_kind":"plain","optional":true},"id":{"type":"string","description_kind":"plain","optional":true,"computed":true},"idp_endpoint":{"type":"string","description":"The SAML v2 login page of the identity provider.","description_kind":"plain","optional":true},"idp_id":{"type":"string","description":"The ID to use for the new identity provider. If not specified a secure random UUID will be generated.","description_kind":"plain","optional":true},"issuer":{"type":"string","description":"The EntityId (unique identifier) FusionAuth uses as the SAML service provider. FusionAuth expects the Audience value in the SAML assertion to match this value. When not provided, FusionAuth uses the default service provider EntityId of `\u003cbase_url\u003e/samlv2/sp/\u003cidentityProviderId\u003e`; that default is applied when serving metadata and validating assertions and is not stored on the identity provider, so this attribute stays empty until you set it explicitly. This value is not required to be a URI, but it must not be an empty string when provided.","description_kind":"plain","optional":true},"key_id":{"type":"string","description":"The id of the key stored in Key Master that is used to verify the SAML response sent back to FusionAuth from the identity provider. This key must be a verification only key or certificate (meaning that it only has a public key component).","description_kind":"plain","deprecated":true,"optional":true,"computed":true},"lambda_reconcile_id":{"type":"string","description":"The id of a SAML reconcile lambda that is applied when the identity provider sends back a successful SAML response.","description_kind":"plain","optional":true},"linking_strategy":{"type":"string","description":"The linking strategy to use when creating the link between the {idp_display_name} Identity Provider and the user.","description_kind":"plain","optional":true,"computed":true},"name":{"type":"string","description":"The name of the provider. This is only used for display purposes.","description_kind":"plain","optional":true},"name_id_format":{"type":"string","description":"The Name Id is used to facilitate communication about a user between a Service Provider (SP) and Identity Provider (IdP). The SP can specify the preferred format in the AuthN request regarding a user. The identity Provider will attempt to honor this format in the AuthN response. When this parameter is omitted a default value of urn:oasis:names:tc:SAML:2.0:nameid-format:persistent will be used.","description_kind":"plain","optional":true},"post_request":{"type":"bool","description":"When true the authentication request will use the HTTP POST binding with the identity provider instead of the default Redirect binding which uses the HTTP GET method.","description_kind":"plain","optional":true},"request_signing_key":{"type":"string","description":"The key pair Id to use to sign the SAML request. Required when `sign_request` is true.","description_kind":"plain","optional":true},"sign_request":{"type":"bool","description":"When true authentication requests sent to the identity provider will be signed.","description_kind":"plain","optional":true},"source":{"type":"string","description":"The source of this Identity Provider. The maximum length is 191 characters. This value is only used on create. If updated, a new Identity Provider will be created.","description_kind":"plain","optional":true,"computed":true},"tenant_id":{"type":"string","description":"The unique Id of the Tenant. Providing a value creates an identity provider scoped to the specified tenant, otherwise a global identity provider is created. Tenant-scoped identity providers can only be used to authenticate in the context of the specified tenant. Global identity providers can be used with any tenant. This value cannot be updated after creation and requires recreating the resource to change.","description_kind":"plain","optional":true},"unique_id_claim":{"type":"string","description":"The name of the unique claim in the SAML response that FusionAuth uses to uniquely link the user. If this is not set, the emailClaim will be used when linking user.","description_kind":"plain","optional":true},"use_name_for_email":{"type":"bool","description":"Whether or not FusionAuth will use the NameID element value as the email address of the user for reconciliation processing. If this is false, then the `email_claim` property must be set.","description_kind":"plain","optional":true},"username_claim":{"type":"string","description":"The name of the claim in the SAML response that FusionAuth uses to identify the username. If this is not set, the NameId value will be used to link a user. This property is required when linkingStrategy is set to LinkByUsername or LinkByUsernameForExistingUser.","description_kind":"plain","optional":true},"verification_key_ids":{"type":["list","string"],"description":"The Ids of the keys stored in Key Master that are used to verify the SAML response sent back to FusionAuth from the identity provider. These keys must be verification only keys or certificates (meaning that they only have a public key component). The first entry is the default verification key. Requires FusionAuth 1.69.0 or later.","description_kind":"plain","optional":true,"computed":true},"xml_signature_canonicalization_method":{"type":"string","description":"The XML signature canonicalization method used when digesting and signing the SAML request.","description_kind":"plain","optional":true}},"block_types":{"application_configuration":{"nesting_mode":"set","block":{"attributes":{"application_id":{"type":"string","description_kind":"plain","optional":true},"button_image_url":{"type":"string","description":"This is an optional Application specific override for the top level button image URL.","description_kind":"plain","optional":true},"button_text":{"type":"string","description":"This is an optional Application specific override for the top level button text.","description_kind":"plain","optional":true},"create_registration":{"type":"bool","description":"Determines if a UserRegistration is created for the User automatically or not. If a user doesn’t exist in FusionAuth and logs in through an identity provider, this boolean controls whether or not FusionAuth creates a registration for the User in the Application they are logging into.","description_kind":"plain","optional":true},"enabled":{"type":"bool","description":"Determines if this identity provider is enabled for the Application specified by the applicationId key.","description_kind":"plain","optional":true}},"description":"The configuration for each Application that the identity provider is enabled for.","description_kind":"plain"}},"assertion_configuration":{"nesting_mode":"list","block":{"block_types":{"decryption":{"nesting_mode":"list","block":{"attributes":{"enabled":{"type":"bool","description":"Determines if FusionAuth requires encrypted assertions in SAML responses from the identity provider. When true, SAML responses from the identity provider containing unencrypted assertions will be rejected by FusionAuth.","description_kind":"plain","optional":true},"key_transport_decryption_key_id":{"type":"string","description":"The Id of the key stored in Key Master that is used to decrypt the symmetric key on the SAML response sent to FusionAuth from the identity provider. The selected Key must contain an RSA private key. Required when `'enabled` is true.","description_kind":"plain","required":true}},"description":"The decryption configuration for the SAML v2 identity provider.","description_kind":"plain"},"max_items":1},"destination":{"nesting_mode":"list","block":{"attributes":{"alternates":{"type":["list","string"],"description":"The array of URLs that FusionAuth will accept as SAML login destinations if the identityProvider.assertionConfiguration.destination.policy setting is AllowAlternates.","description_kind":"plain","optional":true},"policy":{"type":"string","description":"The policy to use when performing a destination assertion on the SAML login request. The possible values are: Enabled, Disabled and AllowAlternates.","description_kind":"plain","optional":true}},"description":"The destination of the assertion.","description_kind":"plain"},"max_items":1}},"description":"The assertion configuration for the SAML v2 identity provider.","description_kind":"plain"},"max_items":1},"idp_initiated_configuration":{"nesting_mode":"list","block":{"attributes":{"enabled":{"type":"bool","description":"Determines if FusionAuth will accept IdP initiated login requests from this SAMLv2 Identity Provider.","description_kind":"plain","optional":true},"issuer":{"type":"string","description":"The EntityId (unique identifier) of the SAML v2 identity provider. This value should be provided to you. Required when `enabled` is true.","description_kind":"plain","optional":true}},"description":"The configuration for the IdP initiated login.","description_kind":"plain"},"max_items":1},"login_hint_configuration":{"nesting_mode":"list","block":{"attributes":{"enabled":{"type":"bool","description":"When enabled and HTTP-Redirect bindings are used, FusionAuth will provide the username or email address when available to the IdP as a login hint using the configured parameter name set by the identityProvider.loginHintConfiguration.parameterName to initiate the AuthN request.","description_kind":"plain","optional":true},"parameter_name":{"type":"string","description":"The name of the parameter used to pass the username or email as login hint to the IDP when enabled, and HTTP redirect bindings are used to initiate the AuthN request.","description_kind":"plain","optional":true}},"description":"The configuration for the login hint.","description_kind":"plain"},"max_items":1},"tenant_configuration":{"nesting_mode":"set","block":{"attributes":{"limit_user_link_count_enabled":{"type":"bool","description":"When enabled, the number of identity provider links a user may create is enforced by maximumLinks","description_kind":"plain","optional":true},"limit_user_link_count_maximum_links":{"type":"number","description":"Determines if this provider is enabled. If it is false then it will be disabled globally.","description_kind":"plain","optional":true},"tenant_id":{"type":"string","description_kind":"plain","optional":true}},"description":"The configuration for each Tenant that limits the number of links a user may have for a particular identity provider.","description_kind":"plain"}}},"description_kind":"plain"}},"fusionauth_idp_saml_v2_idp_initated":{"version":0,"block":{"attributes":{"attribute_mappings":{"type":["map","string"],"description":"A map of Identity Provider claim or response values to FusionAuth user attributes or registration fields.","description_kind":"plain","optional":true},"debug":{"type":"bool","description":"Determines if debug is enabled for this provider. When enabled, each time this provider is invoked to reconcile a login an Event Log will be created.","description_kind":"plain","optional":true},"email_claim":{"type":"string","description":"The name of the email claim (Attribute in the Assertion element) in the SAML response that FusionAuth uses to uniquely identity the user. If this is not set, the `use_name_for_email` flag must be true.","description_kind":"plain","optional":true},"enabled":{"type":"bool","description":"Determines if this provider is enabled. If it is false then it will be disabled globally.","description_kind":"plain","optional":true},"id":{"type":"string","description_kind":"plain","optional":true,"computed":true},"idp_id":{"type":"string","description":"The ID to use for the new identity provider. If not specified a secure random UUID will be generated.","description_kind":"plain","optional":true},"issuer":{"type":"string","description":"The EntityId (unique identifier) of the SAML v2 identity provider. This value should be provided to you. Prior to 1.27.1 this value was required to be a URL.","description_kind":"plain","required":true},"key_id":{"type":"string","description":"The id of the key stored in Key Master that is used to verify the SAML response sent back to FusionAuth from the identity provider. This key must be a verification only key or certificate (meaning that it only has a public key component).","description_kind":"plain","deprecated":true,"optional":true,"computed":true},"lambda_reconcile_id":{"type":"string","description":"The id of a SAML reconcile lambda that is applied when the identity provider sends back a successful SAML response.","description_kind":"plain","optional":true},"linking_strategy":{"type":"string","description":"The linking strategy to use when creating the link between the {idp_display_name} Identity Provider and the user.","description_kind":"plain","optional":true,"computed":true},"name":{"type":"string","description":"The name of the provider. This is only used for display purposes.","description_kind":"plain","optional":true},"source":{"type":"string","description":"The source of this Identity Provider. The maximum length is 191 characters. This value is only used on create. If updated, a new Identity Provider will be created.","description_kind":"plain","optional":true,"computed":true},"tenant_id":{"type":"string","description":"The unique Id of the Tenant. Providing a value creates an identity provider scoped to the specified tenant, otherwise a global identity provider is created. Tenant-scoped identity providers can only be used to authenticate in the context of the specified tenant. Global identity providers can be used with any tenant. This value cannot be updated after creation and requires recreating the resource to change.","description_kind":"plain","optional":true},"unique_id_claim":{"type":"string","description":"The name of the unique claim in the SAML response that FusionAuth uses to uniquely link the user. If this is not set, the `email_claim` will be used when linking user.","description_kind":"plain","optional":true},"use_name_for_email":{"type":"bool","description":"Whether or not FusionAuth will use the NameID element value as the email address of the user for reconciliation processing. If this is false, then the `email_claim` property must be set.","description_kind":"plain","optional":true},"username_claim":{"type":"string","description":"The name of the claim in the SAML response that FusionAuth uses to identity the username. If this is not set, the NameID value will be used to link a user. This property is required when `linking_stategy` is set to LinkByUsername or LinkByUsernameForExistingUser","description_kind":"plain","optional":true},"verification_key_ids":{"type":["list","string"],"description":"The Ids of the keys stored in Key Master that are used to verify the SAML response sent back to FusionAuth from the identity provider. These keys must be verification only keys or certificates (meaning that they only have a public key component). The first entry is the default verification key. Requires FusionAuth 1.69.0 or later.","description_kind":"plain","optional":true,"computed":true}},"block_types":{"application_configuration":{"nesting_mode":"set","block":{"attributes":{"application_id":{"type":"string","description_kind":"plain","optional":true},"create_registration":{"type":"bool","description":"Determines if a UserRegistration is created for the User automatically or not. If a user doesn’t exist in FusionAuth and logs in through an identity provider, this boolean controls whether or not FusionAuth creates a registration for the User in the Application they are logging into.","description_kind":"plain","optional":true},"enabled":{"type":"bool","description":"Determines if this identity provider is enabled for the Application specified by the applicationId key.","description_kind":"plain","optional":true}},"description":"The configuration for each Application that the identity provider is enabled for.","description_kind":"plain"}},"assertion_configuration":{"nesting_mode":"list","block":{"block_types":{"decryption":{"nesting_mode":"list","block":{"attributes":{"enabled":{"type":"bool","description":"Determines if FusionAuth requires encrypted assertions in SAML responses from the identity provider. When true, SAML responses from the identity provider containing unencrypted assertions will be rejected by FusionAuth.","description_kind":"plain","optional":true},"key_transport_decryption_key_id":{"type":"string","description":"The Id of the key stored in Key Master that is used to decrypt the symmetric key on the SAML response sent to FusionAuth from the identity provider. The selected Key must contain an RSA private key. Required when `'enabled` is true.","description_kind":"plain","required":true}},"description":"The decryption configuration for the SAML v2 identity provider.","description_kind":"plain"},"max_items":1}},"description":"The assertion configuration for the SAML v2 identity provider.","description_kind":"plain"},"max_items":1},"tenant_configuration":{"nesting_mode":"set","block":{"attributes":{"limit_user_link_count_enabled":{"type":"bool","description":"When enabled, the number of identity provider links a user may create is enforced by maximumLinks","description_kind":"plain","optional":true},"limit_user_link_count_maximum_links":{"type":"number","description":"Determines if this provider is enabled. If it is false then it will be disabled globally.","description_kind":"plain","optional":true},"tenant_id":{"type":"string","description_kind":"plain","optional":true}},"description":"The configuration for each Tenant that limits the number of links a user may have for a particular identity provider.","description_kind":"plain"}}},"description_kind":"plain"}},"fusionauth_idp_sony_psn":{"version":0,"block":{"attributes":{"attribute_mappings":{"type":["map","string"],"description":"A map of Identity Provider claim or response values to FusionAuth user attributes or registration fields.","description_kind":"plain","optional":true},"button_text":{"type":"string","description":"The top-level button text to use on the FusionAuth login page for this Identity Provider.","description_kind":"plain","required":true},"client_id":{"type":"string","description":"The top-level Sony PlayStation Network client id for your Application. This value is retrieved from the Sony PlayStation Network developer website when you setup your Sony PlayStation Network developer account.","description_kind":"plain","required":true},"client_secret":{"type":"string","description":"The top-level client secret to use with the Sony PlayStation Network Identity Provider when retrieving the long-lived token. This value is retrieved from the Sony PlayStation Network developer website when you setup your Sony PlayStation Network developer account.","description_kind":"plain","required":true},"debug":{"type":"bool","description":"Determines if debug is enabled for this provider. When enabled, each time this provider is invoked to reconcile a login an Event Log will be created.","description_kind":"plain","optional":true},"enabled":{"type":"bool","description":"Determines if this provider is enabled. If it is false then it will be disabled globally.","description_kind":"plain","optional":true},"id":{"type":"string","description_kind":"plain","optional":true,"computed":true},"idp_id":{"type":"string","description":"The ID to use for the new identity provider. If not specified a secure random UUID will be generated.","description_kind":"plain","optional":true},"lambda_reconcile_id":{"type":"string","description":"The unique Id of the lambda to used during the user reconcile process to map custom claims from the external identity provider to the FusionAuth user.","description_kind":"plain","optional":true},"linking_strategy":{"type":"string","description":"The linking strategy to use when creating the link between the {idp_display_name} Identity Provider and the user.","description_kind":"plain","optional":true,"computed":true},"name":{"type":"string","description":"The name of the provider. This is only used for display purposes.","description_kind":"plain","optional":true},"scope":{"type":"string","description":"The top-level scope that you are requesting from Sony PlayStation Network.","description_kind":"plain","optional":true},"source":{"type":"string","description":"The source of this Identity Provider. The maximum length is 191 characters. This value is only used on create. If updated, a new Identity Provider will be created.","description_kind":"plain","optional":true,"computed":true},"tenant_id":{"type":"string","description":"The unique Id of the Tenant. Providing a value creates an identity provider scoped to the specified tenant, otherwise a global identity provider is created. Tenant-scoped identity providers can only be used to authenticate in the context of the specified tenant. Global identity providers can be used with any tenant. This value cannot be updated after creation and requires recreating the resource to change.","description_kind":"plain","optional":true}},"block_types":{"application_configuration":{"nesting_mode":"set","block":{"attributes":{"application_id":{"type":"string","description_kind":"plain","optional":true},"button_text":{"type":"string","description":"This is an optional Application specific override for the top level button text.","description_kind":"plain","optional":true},"client_id":{"type":"string","description":"This is an optional Application specific override for the top level client_id.","description_kind":"plain","optional":true},"client_secret":{"type":"string","description":"This is an optional Application specific override for the top level client_secret.","description_kind":"plain","optional":true},"create_registration":{"type":"bool","description":"Determines if a UserRegistration is created for the User automatically or not. If a user doesn’t exist in FusionAuth and logs in through an identity provider, this boolean controls whether or not FusionAuth creates a registration for the User in the Application they are logging into.","description_kind":"plain","optional":true},"enabled":{"type":"bool","description":"Determines if this identity provider is enabled for the Application specified by the applicationId key.","description_kind":"plain","optional":true},"scope":{"type":"string","description":"This is an optional Application specific override for the top level scope.","description_kind":"plain","optional":true}},"description":"The configuration for each Application that the identity provider is enabled for.","description_kind":"plain"}},"tenant_configuration":{"nesting_mode":"set","block":{"attributes":{"limit_user_link_count_enabled":{"type":"bool","description":"When enabled, the number of identity provider links a user may create is enforced by maximumLinks","description_kind":"plain","optional":true},"limit_user_link_count_maximum_links":{"type":"number","description":"Determines if this provider is enabled. If it is false then it will be disabled globally.","description_kind":"plain","optional":true},"tenant_id":{"type":"string","description_kind":"plain","optional":true}},"description":"The configuration for each Tenant that limits the number of links a user may have for a particular identity provider.","description_kind":"plain"}}},"description_kind":"plain"}},"fusionauth_idp_steam":{"version":0,"block":{"attributes":{"api_mode":{"type":"string","description":"Determines which Steam API to utilize. The possible values are: `Partner` and `Public`","description_kind":"plain","optional":true},"attribute_mappings":{"type":["map","string"],"description":"A map of Identity Provider claim or response values to FusionAuth user attributes or registration fields.","description_kind":"plain","optional":true},"button_text":{"type":"string","description":"The top-level button text to use on the FusionAuth login page for this Identity Provider.","description_kind":"plain","required":true},"client_id":{"type":"string","description":"The top-level Steam client id for your Application. This value is retrieved from the Steam developer website when you setup your Steam developer account.","description_kind":"plain","required":true},"debug":{"type":"bool","description":"Determines if debug is enabled for this provider. When enabled, each time this provider is invoked to reconcile a login an Event Log will be created.","description_kind":"plain","optional":true},"enabled":{"type":"bool","description":"Determines if this provider is enabled. If it is false then it will be disabled globally.","description_kind":"plain","optional":true},"id":{"type":"string","description_kind":"plain","optional":true,"computed":true},"idp_id":{"type":"string","description":"The ID to use for the new identity provider. If not specified a secure random UUID will be generated.","description_kind":"plain","optional":true},"lambda_reconcile_id":{"type":"string","description":"The unique Id of the lambda to used during the user reconcile process to map custom claims from the external identity provider to the FusionAuth user.","description_kind":"plain","optional":true},"linking_strategy":{"type":"string","description":"The linking strategy to use when creating the link between the {idp_display_name} Identity Provider and the user.","description_kind":"plain","optional":true,"computed":true},"name":{"type":"string","description":"The name of the provider. This is only used for display purposes.","description_kind":"plain","optional":true},"scope":{"type":"string","description":"The top-level scope that you are requesting from Steam.","description_kind":"plain","optional":true},"source":{"type":"string","description":"The source of this Identity Provider. The maximum length is 191 characters. This value is only used on create. If updated, a new Identity Provider will be created.","description_kind":"plain","optional":true,"computed":true},"tenant_id":{"type":"string","description":"The unique Id of the Tenant. Providing a value creates an identity provider scoped to the specified tenant, otherwise a global identity provider is created. Tenant-scoped identity providers can only be used to authenticate in the context of the specified tenant. Global identity providers can be used with any tenant. This value cannot be updated after creation and requires recreating the resource to change.","description_kind":"plain","optional":true},"web_api_key":{"type":"string","description":"The top-level web API key to use with the Steam Identity Provider when retrieving the player summary info. This value is retrieved from the Steam developer website when you setup your Steam developer account.","description_kind":"plain","required":true}},"block_types":{"application_configuration":{"nesting_mode":"set","block":{"attributes":{"api_mode":{"type":"string","description":"This is an optional Application specific override for the top level apiMode.","description_kind":"plain","optional":true},"application_id":{"type":"string","description_kind":"plain","optional":true},"button_text":{"type":"string","description":"This is an optional Application specific override for the top level button text.","description_kind":"plain","optional":true},"client_id":{"type":"string","description":"This is an optional Application specific override for the top level client_id.","description_kind":"plain","optional":true},"create_registration":{"type":"bool","description":"Determines if a UserRegistration is created for the User automatically or not. If a user doesn’t exist in FusionAuth and logs in through an identity provider, this boolean controls whether or not FusionAuth creates a registration for the User in the Application they are logging into.","description_kind":"plain","optional":true},"enabled":{"type":"bool","description":"Determines if this identity provider is enabled for the Application specified by the applicationId key.","description_kind":"plain","optional":true},"scope":{"type":"string","description":"This is an optional Application specific override for the top level scope.","description_kind":"plain","optional":true},"web_api_key":{"type":"string","description":"This is an optional Application specific override for the top level webAPIKey.","description_kind":"plain","optional":true}},"description":"The configuration for each Application that the identity provider is enabled for.","description_kind":"plain"}},"tenant_configuration":{"nesting_mode":"set","block":{"attributes":{"limit_user_link_count_enabled":{"type":"bool","description":"When enabled, the number of identity provider links a user may create is enforced by maximumLinks","description_kind":"plain","optional":true},"limit_user_link_count_maximum_links":{"type":"number","description":"Determines if this provider is enabled. If it is false then it will be disabled globally.","description_kind":"plain","optional":true},"tenant_id":{"type":"string","description_kind":"plain","optional":true}},"description":"The configuration for each Tenant that limits the number of links a user may have for a particular identity provider.","description_kind":"plain"}}},"description_kind":"plain"}},"fusionauth_idp_twitch":{"version":0,"block":{"attributes":{"attribute_mappings":{"type":["map","string"],"description":"A map of Identity Provider claim or response values to FusionAuth user attributes or registration fields.","description_kind":"plain","optional":true},"button_text":{"type":"string","description":"The top-level button text to use on the FusionAuth login page for this Identity Provider.","description_kind":"plain","required":true},"client_id":{"type":"string","description":"The top-level Twitch client id for your Application. This value is retrieved from the Twitch developer website when you setup your Twitch developer account.","description_kind":"plain","required":true},"client_secret":{"type":"string","description":"The top-level client secret to use with the Twitch Identity Provider when retrieving the long-lived token. This value is retrieved from the Twitch developer website when you setup your Twitch developer account.","description_kind":"plain","required":true},"debug":{"type":"bool","description":"Determines if debug is enabled for this provider. When enabled, each time this provider is invoked to reconcile a login an Event Log will be created.","description_kind":"plain","optional":true},"enabled":{"type":"bool","description":"Determines if this provider is enabled. If it is false then it will be disabled globally.","description_kind":"plain","optional":true},"id":{"type":"string","description_kind":"plain","optional":true,"computed":true},"idp_id":{"type":"string","description":"The ID to use for the new identity provider. If not specified a secure random UUID will be generated.","description_kind":"plain","optional":true},"lambda_reconcile_id":{"type":"string","description":"The unique Id of the lambda to used during the user reconcile process to map custom claims from the external identity provider to the FusionAuth user.","description_kind":"plain","optional":true},"linking_strategy":{"type":"string","description":"The linking strategy to use when creating the link between the {idp_display_name} Identity Provider and the user.","description_kind":"plain","optional":true,"computed":true},"name":{"type":"string","description":"The name of the provider. This is only used for display purposes.","description_kind":"plain","optional":true},"scope":{"type":"string","description":"The top-level scope that you are requesting from Twitch.","description_kind":"plain","optional":true},"source":{"type":"string","description":"The source of this Identity Provider. The maximum length is 191 characters. This value is only used on create. If updated, a new Identity Provider will be created.","description_kind":"plain","optional":true,"computed":true},"tenant_id":{"type":"string","description":"The unique Id of the Tenant. Providing a value creates an identity provider scoped to the specified tenant, otherwise a global identity provider is created. Tenant-scoped identity providers can only be used to authenticate in the context of the specified tenant. Global identity providers can be used with any tenant. This value cannot be updated after creation and requires recreating the resource to change.","description_kind":"plain","optional":true}},"block_types":{"application_configuration":{"nesting_mode":"set","block":{"attributes":{"application_id":{"type":"string","description_kind":"plain","optional":true},"button_text":{"type":"string","description":"This is an optional Application specific override for the top level button text.","description_kind":"plain","optional":true},"client_id":{"type":"string","description":"This is an optional Application specific override for the top level client_id.","description_kind":"plain","optional":true},"client_secret":{"type":"string","description":"This is an optional Application specific override for the top level client_secret.","description_kind":"plain","optional":true},"create_registration":{"type":"bool","description":"Determines if a UserRegistration is created for the User automatically or not. If a user doesn’t exist in FusionAuth and logs in through an identity provider, this boolean controls whether or not FusionAuth creates a registration for the User in the Application they are logging into.","description_kind":"plain","optional":true},"enabled":{"type":"bool","description":"Determines if this identity provider is enabled for the Application specified by the applicationId key.","description_kind":"plain","optional":true},"scope":{"type":"string","description":"This is an optional Application specific override for the top level scope.","description_kind":"plain","optional":true}},"description":"The configuration for each Application that the identity provider is enabled for.","description_kind":"plain"}},"tenant_configuration":{"nesting_mode":"set","block":{"attributes":{"limit_user_link_count_enabled":{"type":"bool","description":"When enabled, the number of identity provider links a user may create is enforced by maximumLinks","description_kind":"plain","optional":true},"limit_user_link_count_maximum_links":{"type":"number","description":"Determines if this provider is enabled. If it is false then it will be disabled globally.","description_kind":"plain","optional":true},"tenant_id":{"type":"string","description_kind":"plain","optional":true}},"description":"The configuration for each Tenant that limits the number of links a user may have for a particular identity provider.","description_kind":"plain"}}},"description_kind":"plain"}},"fusionauth_idp_xbox":{"version":0,"block":{"attributes":{"attribute_mappings":{"type":["map","string"],"description":"A map of Identity Provider claim or response values to FusionAuth user attributes or registration fields.","description_kind":"plain","optional":true},"button_text":{"type":"string","description":"The top-level button text to use on the FusionAuth login page for this Identity Provider.","description_kind":"plain","required":true},"client_id":{"type":"string","description":"The top-level Xbox client id for your Application. This value is retrieved from the Xbox developer website when you setup your Xbox developer account.","description_kind":"plain","required":true},"client_secret":{"type":"string","description":"The top-level client secret to use with the Xbox Identity Provider when retrieving the long-lived token. This value is retrieved from the Xbox developer website when you setup your Xbox developer account.","description_kind":"plain","required":true},"debug":{"type":"bool","description":"Determines if debug is enabled for this provider. When enabled, each time this provider is invoked to reconcile a login an Event Log will be created.","description_kind":"plain","optional":true},"enabled":{"type":"bool","description":"Determines if this provider is enabled. If it is false then it will be disabled globally.","description_kind":"plain","optional":true},"id":{"type":"string","description_kind":"plain","optional":true,"computed":true},"idp_id":{"type":"string","description":"The ID to use for the new identity provider. If not specified a secure random UUID will be generated.","description_kind":"plain","optional":true},"lambda_reconcile_id":{"type":"string","description":"The unique Id of the lambda to used during the user reconcile process to map custom claims from the external identity provider to the FusionAuth user.","description_kind":"plain","optional":true},"linking_strategy":{"type":"string","description":"The linking strategy to use when creating the link between the {idp_display_name} Identity Provider and the user.","description_kind":"plain","optional":true,"computed":true},"name":{"type":"string","description":"The name of the provider. This is only used for display purposes.","description_kind":"plain","optional":true},"scope":{"type":"string","description":"The top-level scope that you are requesting from Xbox.","description_kind":"plain","optional":true},"source":{"type":"string","description":"The source of this Identity Provider. The maximum length is 191 characters. This value is only used on create. If updated, a new Identity Provider will be created.","description_kind":"plain","optional":true,"computed":true},"tenant_id":{"type":"string","description":"The unique Id of the Tenant. Providing a value creates an identity provider scoped to the specified tenant, otherwise a global identity provider is created. Tenant-scoped identity providers can only be used to authenticate in the context of the specified tenant. Global identity providers can be used with any tenant. This value cannot be updated after creation and requires recreating the resource to change.","description_kind":"plain","optional":true}},"block_types":{"application_configuration":{"nesting_mode":"set","block":{"attributes":{"application_id":{"type":"string","description_kind":"plain","optional":true},"button_text":{"type":"string","description":"This is an optional Application specific override for the top level button text.","description_kind":"plain","optional":true},"client_id":{"type":"string","description":"This is an optional Application specific override for the top level client_id.","description_kind":"plain","optional":true},"client_secret":{"type":"string","description":"This is an optional Application specific override for the top level client_secret.","description_kind":"plain","optional":true},"create_registration":{"type":"bool","description":"Determines if a UserRegistration is created for the User automatically or not. If a user doesn’t exist in FusionAuth and logs in through an identity provider, this boolean controls whether or not FusionAuth creates a registration for the User in the Application they are logging into.","description_kind":"plain","optional":true},"enabled":{"type":"bool","description":"Determines if this identity provider is enabled for the Application specified by the applicationId key.","description_kind":"plain","optional":true},"scope":{"type":"string","description":"This is an optional Application specific override for the top level scope.","description_kind":"plain","optional":true}},"description":"The configuration for each Application that the identity provider is enabled for.","description_kind":"plain"}},"tenant_configuration":{"nesting_mode":"set","block":{"attributes":{"limit_user_link_count_enabled":{"type":"bool","description":"When enabled, the number of identity provider links a user may create is enforced by maximumLinks","description_kind":"plain","optional":true},"limit_user_link_count_maximum_links":{"type":"number","description":"Determines if this provider is enabled. If it is false then it will be disabled globally.","description_kind":"plain","optional":true},"tenant_id":{"type":"string","description_kind":"plain","optional":true}},"description":"The configuration for each Tenant that limits the number of links a user may have for a particular identity provider.","description_kind":"plain"}}},"description_kind":"plain"}},"fusionauth_imported_key":{"version":0,"block":{"attributes":{"algorithm":{"type":"string","description":"The algorithm used to encrypt the Key.","description_kind":"plain","optional":true,"computed":true},"certificate":{"type":"string","description":"The certificate to import. The publicKey will be extracted from the certificate.","description_kind":"plain","optional":true,"computed":true},"id":{"type":"string","description_kind":"plain","optional":true,"computed":true},"key_id":{"type":"string","description":"The Id to use for the new Key. If not specified a secure random UUID will be generated.","description_kind":"plain","optional":true},"kid":{"type":"string","description":"The Key identifier 'kid'.","description_kind":"plain","optional":true,"computed":true},"name":{"type":"string","description":"The name of the Key.","description_kind":"plain","required":true},"private_key":{"type":"string","description":"The Key private key. Optional if importing an RSA or EC key. If the key is only to be used for token validation, only a public key is necessary and this field may be omitted.","description_kind":"plain","optional":true,"sensitive":true},"public_key":{"type":"string","description":"The Key public key. Required if importing an RSA or EC key and a certificate is not provided.","description_kind":"plain","optional":true,"computed":true},"secret":{"type":"string","description":"The Key secret. This field is required if importing an HMAC key type.","description_kind":"plain","optional":true,"sensitive":true},"type":{"type":"string","description":"The Key type. This field is required if importing an HMAC or Secret key type, or if importing a public key / private key pair.","description_kind":"plain","optional":true,"computed":true}},"description_kind":"plain"}},"fusionauth_key":{"version":0,"block":{"attributes":{"algorithm":{"type":"string","description":"The algorithm used to encrypt the Key.","description_kind":"plain","required":true},"id":{"type":"string","description_kind":"plain","optional":true,"computed":true},"issuer":{"type":"string","description":"The issuer of the RSA or EC certificate. If omitted, this value will default to the value of tenant issuer on the default tenant. For HMAC keys, this field does not apply and will be ignored if specified, and no default value will be set.","description_kind":"plain","optional":true,"computed":true},"key_id":{"type":"string","description":"The Id to use for the new Key. If not specified a secure random UUID will be generated.","description_kind":"plain","optional":true,"computed":true},"kid":{"type":"string","description":"The id used in the JWT header to identify the key used to generate the signature","description_kind":"plain","computed":true},"length":{"type":"number","description":"The length of the RSA or EC certificate. This field is required when generating RSA key types.","description_kind":"plain","optional":true},"name":{"type":"string","description":"The name of the Key.","description_kind":"plain","required":true}},"description_kind":"plain"}},"fusionauth_lambda":{"version":0,"block":{"attributes":{"body":{"type":"string","description":"The lambda function body, a JavaScript function.","description_kind":"plain","required":true},"debug":{"type":"bool","description":"Whether or not debug event logging is enabled for this Lambda.","description_kind":"plain","optional":true},"enabled":{"type":"bool","description":"Whether or not this Lambda is enabled.","description_kind":"plain","deprecated":true,"optional":true},"engine_type":{"type":"string","description":"The JavaScript execution engine for the lambda.","description_kind":"plain","optional":true},"id":{"type":"string","description_kind":"plain","optional":true,"computed":true},"lambda_id":{"type":"string","description":"The Id to use for the new lambda. If not specified a secure random UUID will be generated.","description_kind":"plain","optional":true,"computed":true},"name":{"type":"string","description":"The name of the lambda.","description_kind":"plain","required":true},"type":{"type":"string","description":"The lambda type.","description_kind":"plain","required":true}},"description_kind":"plain"}},"fusionauth_ldap_connector":{"version":0,"block":{"attributes":{"authentication_url":{"type":"string","description":"The fully qualified LDAP URL to authenticate.","description_kind":"plain","required":true},"base_structure":{"type":"string","description":"The top of the LDAP directory hierarchy. Typically this contains the dc (domain component) element.","description_kind":"plain","required":true},"connect_timeout":{"type":"number","description":"The connect timeout for the HTTP connection, in milliseconds. Value must be greater than 0.","description_kind":"plain","required":true},"data":{"type":"string","description":"An object that can hold any information about the Connector that should be persisted.. Must be a JSON encoded string.","description_kind":"plain","optional":true},"debug":{"type":"bool","description":"Enable debug logging.","description_kind":"plain","optional":true},"id":{"type":"string","description":"The Id to use for the new Connector. If not specified a secure random UUID will be generated.","description_kind":"plain","optional":true,"computed":true},"identifying_attribute":{"type":"string","description":"The entry attribute name which is the first component of the distinguished name of entries in the directory.","description_kind":"plain","required":true},"login_id_attribute":{"type":"string","description":"The entity attribute name which stores the identifier that is used for logging the user in.","description_kind":"plain","required":true},"name":{"type":"string","description":"The unique LDAP Connector name.","description_kind":"plain","required":true},"read_timeout":{"type":"number","description":"The read timeout for the HTTP connection, in milliseconds. Value must be greater than 0.","description_kind":"plain","required":true},"requested_attributes":{"type":["set","string"],"description":"The list of attributes to request from the LDAP server. This is a list of strings.","description_kind":"plain","required":true},"security_method":{"type":"string","description":"The LDAP security method. Possible values are: None (Requests will be made without encryption), LDAPS (A secure connection will be made to a secure port over using the LDAPS protocol) or StartTLS (An un-secured connection will initially be established, followed by secure connection established using the StartTLS extension).","description_kind":"plain","required":true},"system_account_dn":{"type":"string","description":"The distinguished name of the system account used to authenticate to the LDAP server. This account must have permission to search the directory.","description_kind":"plain","required":true},"system_account_password":{"type":"string","description":"The password of an entry that has read access to the directory.","description_kind":"plain","required":true,"sensitive":true}},"block_types":{"lambda_configuration":{"nesting_mode":"list","block":{"attributes":{"reconcile_id":{"type":"string","description":"The Id of an existing Lambda. The lambda is executed after the user authenticates with the connector. This lambda can create a user, registrations, and group memberships in FusionAuth based on attributes returned from the connector.","description_kind":"plain","required":true}},"description_kind":"plain"},"min_items":1,"max_items":1}},"description_kind":"plain"}},"fusionauth_reactor":{"version":0,"block":{"attributes":{"id":{"type":"string","description_kind":"plain","optional":true,"computed":true},"license":{"type":"string","description":"The Base64 encoded license value. This value is necessary in an air gapped configuration where outbound network access is not available.","description_kind":"plain","optional":true,"sensitive":true},"license_id":{"type":"string","description":"The license Id to activate","description_kind":"plain","required":true,"sensitive":true}},"description_kind":"plain"}},"fusionauth_registration":{"version":1,"block":{"attributes":{"application_id":{"type":"string","description":"The Id of the Application that this registration is for.","description_kind":"plain","required":true},"authentication_token":{"type":"string","description":"The authentication token that may be used in place of the User’s password when authenticating against this application represented by this registration. This parameter is ignored if generateAuthenticationToken is set to true and instead the value will be generated.","description_kind":"plain","optional":true,"computed":true,"sensitive":true},"data":{"type":"string","description":"An object that can hold any information about the User Registration that should be persisted. Please review the limits on data field types as you plan for and build your custom data schema. Must be a JSON string.","description_kind":"plain","optional":true},"generate_authentication_token":{"type":"bool","description":"Determines if FusionAuth should generate an Authentication Token for this registration.","description_kind":"plain","optional":true},"id":{"type":"string","description_kind":"plain","optional":true,"computed":true},"preferred_languages":{"type":["set","string"],"description":"An array of locale strings that give, in order, the User’s preferred languages for this registration. These are important for email templates and other localizable text.","description_kind":"plain","optional":true},"registration_id":{"type":"string","description":"The Id of this registration. If not specified a secure random UUID will be generated.","description_kind":"plain","optional":true,"computed":true},"roles":{"type":["set","string"],"description":"The list of roles that the User has for this registration.","description_kind":"plain","optional":true},"skip_registration_validation":{"type":"bool","description":"Indicates to FusionAuth that it should skip registration verification even if it is enabled for the Application.","description_kind":"plain","optional":true},"timezone":{"type":"string","description":"The User’s preferred timezone for this registration. The string will be in an IANA time zone format.","description_kind":"plain","optional":true},"user_id":{"type":"string","description":"The Id of the User that is registering for the Application.","description_kind":"plain","required":true},"username":{"type":"string","description":"The username of the User for this registration only.","description_kind":"plain","optional":true}},"description_kind":"plain"}},"fusionauth_sms_message_template":{"version":0,"block":{"attributes":{"data":{"type":"string","description":"An object that can hold any information about the Message Template that should be persisted. Must be a JSON string.","description_kind":"plain","optional":true},"default_template":{"type":"string","description":"The default Message Template.","description_kind":"plain","required":true},"id":{"type":"string","description_kind":"plain","optional":true,"computed":true},"localized_templates":{"type":["map","string"],"description":"The Message Template used when sending messages to users who speak other languages. This overrides the default Message Template based on the user's list of preferred languages.","description_kind":"plain","optional":true},"message_template_id":{"type":"string","description":"The Id to use for the new Message Template. If not specified a secure random UUID will be generated.","description_kind":"plain","optional":true,"computed":true},"name":{"type":"string","description":"A descriptive name for the Message Template (i.e. \"Two Factor Code Message\")","description_kind":"plain","required":true},"type":{"type":"string","description":"The type of Message Template. This is always 'SMS'.","description_kind":"plain","computed":true}},"description_kind":"plain"}},"fusionauth_system_configuration":{"version":1,"block":{"attributes":{"audit_log_configuration":{"type":["list",["object",{"delete":["list",["object",{"enabled":"bool","number_of_days_to_retain":"number"}]]}]],"description_kind":"plain","optional":true,"computed":true},"cors_configuration":{"type":["list",["object",{"allow_credentials":"bool","allowed_headers":["set","string"],"allowed_methods":["set","string"],"allowed_origins":["set","string"],"debug":"bool","enabled":"bool","exposed_headers":["set","string"],"preflight_max_age_in_seconds":"number"}]],"description_kind":"plain","optional":true,"computed":true},"data":{"type":"string","description":"An object that can hold any information about the System Configuration that should be persisted. Please review the limits on data field types as you plan for and build your custom data schema. Must be a JSON string.","description_kind":"plain","optional":true},"event_log_configuration":{"type":["list",["object",{"number_to_retain":"number"}]],"description_kind":"plain","optional":true,"computed":true},"id":{"type":"string","description_kind":"plain","optional":true,"computed":true},"login_record_configuration":{"type":["list",["object",{"delete":["list",["object",{"enabled":"bool","number_of_days_to_retain":"number"}]]}]],"description_kind":"plain","optional":true,"computed":true},"report_timezone":{"type":"string","description":"The time zone used to adjust the stored UTC time when generating reports. Since reports are usually rolled up hourly, this timezone will be used for demarcating the hours.","description_kind":"plain","optional":true},"ui_configuration":{"type":["list",["object",{"header_color":"string","logo_url":"string","menu_font_color":"string"}]],"description_kind":"plain","optional":true,"computed":true}},"block_types":{"trusted_proxy_configuration":{"nesting_mode":"list","block":{"attributes":{"trust_policy":{"type":"string","description":"This setting is used to resolve the client IP address for use in logging, webhooks, and IP-based access control when an X-Forwarded-For header is provided. Because proxies are free to rewrite the X-Forwarded-For header, an untrusted proxy could write a value that allowed it to bypass IP-based ACLs, or cause an incorrect IP address to be logged or sent to a webhook. Valid values are: `All` or `OnlyConfigured`.","description_kind":"plain","optional":true},"trusted":{"type":["list","string"],"description":"An array of IP addresses, representing the set of trusted upstream proxies. This value will be accepted but ignored when systemConfiguration.trustedProxyConfiguration.trustPolicy is set to All. Values may be specified as IPv4, or IPv6 format, and ranges of addresses are also accepted in CIDR notation.","description_kind":"plain","optional":true}},"description":"The trusted proxy configuration.","description_kind":"plain"},"max_items":1},"usage_data_configuration":{"nesting_mode":"list","block":{"attributes":{"enabled":{"type":"bool","description":"Whether or not FusionAuth collects and sends usage data to improve the product.","description_kind":"plain","optional":true}},"description":"The usage data configuration.","description_kind":"plain"},"max_items":1},"webhook_event_log_configuration":{"nesting_mode":"list","block":{"attributes":{"delete":{"type":["list",["object",{"enabled":"bool","number_of_days_to_retain":"number"}]],"description_kind":"plain","optional":true},"enabled":{"type":"bool","description":"Whether or not FusionAuth should create Webhook Event Logs. When `true` FusionAuth will create an event log for each webhook event and an attempt log for each attempt at sending the event to a webhook.","description_kind":"plain","optional":true}},"description":"The webhook event log configuration.","description_kind":"plain"},"max_items":1}},"description_kind":"plain"}},"fusionauth_tenant":{"version":1,"block":{"attributes":{"access_control_configuration":{"type":["list",["object",{"ui_ip_access_control_list_id":"string"}]],"description_kind":"plain","optional":true},"base_url":{"type":"string","description":"The default base URL used when rendering links in email and message templates for this tenant. Used when the application's base_url is not defined.","description_kind":"plain","optional":true},"data":{"type":"string","description":"An object that can hold any information about the Tenant that should be persisted. Please review the limits on data field types as you plan for and build your custom data schema. Must be a JSON string.","description_kind":"plain","optional":true},"form_configuration":{"type":["list",["object",{"admin_user_form_id":"string"}]],"description_kind":"plain","optional":true,"computed":true},"http_session_max_inactive_interval":{"type":"number","description_kind":"plain","optional":true},"id":{"type":"string","description_kind":"plain","optional":true,"computed":true},"issuer":{"type":"string","description":"The named issuer used to sign tokens, this is generally your public fully qualified domain.","description_kind":"plain","optional":true,"computed":true},"logout_url":{"type":"string","description":"The logout redirect URL when sending the user’s browser to the /oauth2/logout URI of the FusionAuth Front End. This value is only used when a logout URL is not defined in your Application.","description_kind":"plain","optional":true},"name":{"type":"string","description":"The unique name of the Tenant.","description_kind":"plain","required":true},"source_tenant_id":{"type":"string","description":"The optional Id of an existing Tenant to make a copy of. If present, the tenant.id and tenant.name values of the request body will be applied to the new Tenant, all other values will be copied from the source Tenant to the new Tenant.","description_kind":"plain","optional":true},"tenant_id":{"type":"string","description":"The Id to use for the new Tenant. If not specified a secure random UUID will be generated.","description_kind":"plain","optional":true,"computed":true},"theme_id":{"type":"string","description":"The unique Id of the theme to be used to style the login page and other end user templates.","description_kind":"plain","optional":true,"computed":true},"webhook_ids":{"type":["set","string"],"description":"An array of Webhook Ids. For Webhooks that are not already configured for All Tenants, specifying an Id on this request will indicate the associated Webhook should handle events for this tenant.","description_kind":"plain","optional":true}},"block_types":{"captcha_configuration":{"nesting_mode":"list","block":{"attributes":{"captcha_method":{"type":"string","description":"The type of captcha method to use. This field is required when tenant.captchaConfiguration.enabled is set to true.","description_kind":"plain","optional":true},"enabled":{"type":"bool","description":"Whether captcha configuration is enabled.","description_kind":"plain","optional":true},"secret_key":{"type":"string","description":"The secret key for this captcha method. This field is required when tenant.captchaConfiguration.enabled is set to true.","description_kind":"plain","optional":true},"site_key":{"type":"string","description":"The site key for this captcha method. This field is required when tenant.captchaConfiguration.enabled is set to true.","description_kind":"plain","optional":true},"threshold":{"type":"number","description":"The numeric threshold which separates a passing score from a failing one. This value only applies if using either the Google v3 or HCaptcha Enterprise method, otherwise this value is ignored.","description_kind":"plain","optional":true}},"description_kind":"plain"},"max_items":1},"client_risk_configuration":{"nesting_mode":"list","block":{"attributes":{"blocklisted_ip":{"type":"bool","description":"Checks whether the client's IP address appears on a blocklist. Defaults to `true`.","description_kind":"plain","optional":true},"bot_detected":{"type":"bool","description":"Detects bot interactions with the browser window. Defaults to `true`.","description_kind":"plain","optional":true},"dormant_account":{"type":"bool","description":"Checks if the user has not logged in for a long period of time. Defaults to `true`.","description_kind":"plain","optional":true},"dormant_password":{"type":"bool","description":"Checks if the user's password has not been changed for a long period of time. Defaults to `true`.","description_kind":"plain","optional":true},"enabled":{"type":"bool","description":"Whether FusionAuth should use this custom signal configuration when calculating client risk. The risk score is available to MFA policies and the MFA requirement lambda; disabled signals are excluded from all risk calculations, and disabling every signal sets the risk score to HIGH.","description_kind":"plain","optional":true},"impossible_travel":{"type":"bool","description":"Flags a login as high risk if it occurs sooner than it would take to physically travel from the previous login location to the current one. Defaults to `true`.","description_kind":"plain","optional":true},"recent_identity_change":{"type":"bool","description":"Checks if the user's login ID has been changed recently. Defaults to `true`.","description_kind":"plain","optional":true},"recent_password_change":{"type":"bool","description":"Checks if the user's password has been changed recently. Defaults to `true`.","description_kind":"plain","optional":true},"suspicious_user_agent":{"type":"bool","description":"Checks whether the client's user agent has been flagged as suspicious. Defaults to `true`.","description_kind":"plain","optional":true},"unrecognized_device":{"type":"bool","description":"Checks whether the request originates from an unrecognized device. Defaults to `true`.","description_kind":"plain","optional":true},"untrusted_device":{"type":"bool","description":"Checks if the request originates from a device that is not in the user's trusted device list. Defaults to `true`.","description_kind":"plain","optional":true}},"description":"Flags to enable or disable specific risk signals that contribute to the composite client risk calculation used by Intelligent MFA. Available since FusionAuth 1.68.0.","description_kind":"plain"},"max_items":1},"connector_policy":{"nesting_mode":"list","block":{"attributes":{"connector_id":{"type":"string","description":"The identifier of the Connector to which this policy refers.","description_kind":"plain","optional":true},"domains":{"type":["set","string"],"description":"A list of email domains to which this connector should apply. A value of [\"*\"] indicates this connector applies to all users.","description_kind":"plain","optional":true},"migrate":{"type":"bool","description":"If true, the user’s data will be migrated to FusionAuth at first successful authentication","description_kind":"plain","optional":true}},"description":"A list of Connector policies. Users will be authenticated against Connectors in order. Each Connector can be included in this list at most once and must exist. If not specified a policy for the default connector will be created","description_kind":"plain"}},"email_configuration":{"nesting_mode":"list","block":{"attributes":{"additional_headers":{"type":["map","string"],"description":"The additional SMTP headers to be added to each outgoing email. Each SMTP header consists of a name and a value.","description_kind":"plain","optional":true},"admin_two_factor_method_remove_email_template_id":{"type":"string","description":"The Id of the Email Template used to send emails to administrators when a MFA method has been removed from a user account.","description_kind":"plain","optional":true},"debug":{"type":"bool","description":"Determines if debug should be enabled to create an event log to assist in debugging SMTP errors.","description_kind":"plain","optional":true},"default_from_email":{"type":"string","description":"The default email address that emails will be sent from when a from address is not provided on an individual email template. This is the address part email address (i.e. Jared Dunn \u003cjared@piedpiper.com\u003e).","description_kind":"plain","optional":true,"computed":true},"default_from_name":{"type":"string","description":"The default From Name used in sending emails when a from name is not provided on an individual email template. This is the display name part of the email address ( i.e. Jared Dunn \u003cjared@piedpiper.com\u003e).","description_kind":"plain","optional":true},"email_update_email_template_id":{"type":"string","description":"The Id of the Email Template that is used when a user is sent a forgot password email.","description_kind":"plain","optional":true},"email_verified_email_template_id":{"type":"string","description":"The Id of the Email Template used to verify user emails.","description_kind":"plain","optional":true},"forgot_password_email_template_id":{"type":"string","description":"The Id of the Email Template that is used when a user is sent a forgot password email.","description_kind":"plain","optional":true},"host":{"type":"string","description":"The host name of the SMTP server that FusionAuth will use.","description_kind":"plain","optional":true},"implicit_email_verification_allowed":{"type":"bool","description":"When set to true, this allows email to be verified as a result of completing a similar email based workflow such as change password. When set to false, the user must explicitly complete the email verification workflow even if the user has already completed a similar email workflow such as change password.","description_kind":"plain","optional":true},"login_id_in_use_on_create_email_template_id":{"type":"string","description":"The Id of the Email Template used to send emails to users when another user attempts to create an account with their login Id.","description_kind":"plain","optional":true},"login_id_in_use_on_update_email_template_id":{"type":"string","description":"The Id of the Email Template used to send emails to users when another user attempts to create an account with their login Id.","description_kind":"plain","optional":true},"login_new_device_email_template_id":{"type":"string","description":"The Id of the Email Template used to send emails to users when they log in on a new device.","description_kind":"plain","optional":true},"login_suspicious_email_template_id":{"type":"string","description":"The Id of the Email Template used to send emails to users when a suspicious login occurs.","description_kind":"plain","optional":true},"password":{"type":"string","description":"An optional password FusionAuth will use to authenticate with the SMTP server.","description_kind":"plain","optional":true,"sensitive":true},"password_reset_success_email_template_id":{"type":"string","description":"The Id of the Email Template used to send emails to users when they have completed a 'forgot password' workflow and their password has been reset.","description_kind":"plain","optional":true},"password_update_email_template_id":{"type":"string","description":"The Id of the Email Template used to send emails to users when they have completed a 'forgot password' workflow and their password has been reset.","description_kind":"plain","optional":true},"passwordless_email_template_id":{"type":"string","description":"The Id of the Passwordless Email Template.","description_kind":"plain","optional":true},"port":{"type":"number","description":"The port of the SMTP server that FusionAuth will use.","description_kind":"plain","optional":true},"properties":{"type":"string","description":"Additional Email Configuration in a properties file formatted String.","description_kind":"plain","optional":true,"sensitive":true},"security":{"type":"string","description":"The type of security protocol FusionAuth will use when connecting to the SMTP server.","description_kind":"plain","optional":true},"set_password_email_template_id":{"type":"string","description":"The Id of the Email Template that is used when a user had their account created for them and they must set their password manually and they are sent an email to set their password.","description_kind":"plain","optional":true},"two_factor_method_add_email_template_id":{"type":"string","description":"The Id of the Email Template used to send emails to users when a MFA method has been added to their account.","description_kind":"plain","optional":true},"two_factor_method_remove_email_template_id":{"type":"string","description":"The Id of the Email Template used to send emails to users when a MFA method has been removed from their account.","description_kind":"plain","optional":true},"unverified":{"type":["list",["object",{"allow_email_change_when_gated":"bool","behavior":"string"}]],"description_kind":"plain","optional":true,"computed":true},"username":{"type":"string","description":"An optional username FusionAuth will to authenticate with the SMTP server.","description_kind":"plain","optional":true},"verification_email_template_id":{"type":"string","description":"The Id of the Email Template that is used to send the verification emails to users. These emails are used to verify that a user’s email address is valid. If either the verifyEmail or verifyEmailWhenChanged fields are true this field is required.","description_kind":"plain","optional":true},"verification_strategy":{"type":"string","description":"The process by which the user will verify their email address.","description_kind":"plain","optional":true},"verify_email":{"type":"bool","description":"Whether the user’s email addresses are verified when the registers with your application.","description_kind":"plain","optional":true},"verify_email_when_changed":{"type":"bool","description":"Whether the user’s email addresses are verified when the user changes them.","description_kind":"plain","optional":true}},"description_kind":"plain"},"max_items":1},"event_configuration":{"nesting_mode":"set","block":{"attributes":{"enabled":{"type":"bool","description":"Whether or not FusionAuth should send these types of events to any configured Webhooks.","description_kind":"plain","optional":true},"event":{"type":"string","description":"the event type","description_kind":"plain","optional":true},"transaction_type":{"type":"string","description":"The transaction type that FusionAuth uses when sending these types of events to any configured Webhooks.","description_kind":"plain","optional":true}},"description_kind":"plain"}},"external_identifier_configuration":{"nesting_mode":"list","block":{"attributes":{"authorization_grant_id_time_to_live_in_seconds":{"type":"number","description":"The time in seconds until a OAuth authorization code in no longer valid to be exchanged for an access token. This is essentially the time allowed between the start of an Authorization request during the Authorization code grant and when you request an access token using this authorization code on the Token endpoint.","description_kind":"plain","optional":true},"change_password_id_time_to_live_in_seconds":{"type":"number","description":"The time in seconds until a change password Id is no longer valid and cannot be used by the Change Password API. Value must be greater than 0.","description_kind":"plain","optional":true},"device_code_time_to_live_in_seconds":{"type":"number","description":"The time in seconds until a device code Id is no longer valid and cannot be used by the Token API. Value must be greater than 0.","description_kind":"plain","optional":true},"email_verification_id_time_to_live_in_seconds":{"type":"number","description":"The time in seconds until a email verification Id is no longer valid and cannot be used by the Verify Email API. Value must be greater than 0.","description_kind":"plain","optional":true,"computed":true},"external_authentication_id_time_to_live_in_seconds":{"type":"number","description":"The time in seconds until an external authentication Id is no longer valid and cannot be used by the Token API. Value must be greater than 0.","description_kind":"plain","optional":true},"identity_provider_connection_test_time_to_live_in_seconds":{"type":"number","description":"The time in seconds until an identity provider connection test Id is no longer valid and cannot be used by the Identity Provider Connection Test API. Value must be greater than 0.","description_kind":"plain","optional":true,"computed":true},"login_intent_time_to_live_in_seconds":{"type":"number","description":"The number of seconds before the Login Timeout identifier is no longer valid to complete post-authentication steps in the OAuth workflow. Must be greater than 0.","description_kind":"plain","optional":true},"one_time_password_time_to_live_in_seconds":{"type":"number","description":"The time in seconds until a One Time Password is no longer valid and cannot be used by the Login API. Value must be greater than 0.","description_kind":"plain","optional":true},"passwordless_login_time_to_live_in_seconds":{"type":"number","description":"The time in seconds until a passwordless code is no longer valid and cannot be used by the Passwordless API. Value must be greater than 0.","description_kind":"plain","optional":true},"pending_account_link_time_to_live_in_seconds":{"type":"number","description":"The number of seconds before the pending account link identifier is no longer valid to complete an account link request. Value must be greater than 0.","description_kind":"plain","optional":true},"phone_verification_id_time_to_live_in_seconds":{"type":"number","description":"The time in seconds until a phone verification Id is no longer valid and cannot be used by the Verify Phone API. Value must be greater than 0.","description_kind":"plain","optional":true,"computed":true},"registration_verification_id_time_to_live_in_seconds":{"type":"number","description":"The time in seconds until a registration verification Id is no longer valid and cannot be used by the Verify Registration API. Value must be greater than 0.","description_kind":"plain","optional":true,"computed":true},"remember_oauth_scope_consent_choice_time_to_live_in_seconds":{"type":"number","description":"The time in seconds until remembered OAuth scope consent choices are no longer valid, and the User will be prompted to consent to requested OAuth scopes even if they have not changed. Applies only when application.oauthConfiguration.consentMode is set to RememberDecision. Value must be greater than 0. Note: An Essentials or Enterprise plan is required to utilize advanced OAuth scopes.","description_kind":"plain","optional":true},"saml_v2_authn_request_id_ttl_seconds":{"type":"number","description":"The time in seconds that a SAML AuthN request will be eligible for use to authenticate with FusionAuth.","description_kind":"plain","optional":true},"setup_password_id_time_to_live_in_seconds":{"type":"number","description":"The time in seconds until a setup password Id is no longer valid and cannot be used by the Change Password API. Value must be greater than 0.","description_kind":"plain","optional":true,"computed":true},"trust_token_time_to_live_in_seconds":{"type":"number","description":"The number of seconds before the Trust Token is no longer valid to complete a request that requires trust. Value must be greater than 0.","description_kind":"plain","optional":true},"two_factor_id_time_to_live_in_seconds":{"type":"number","description":"The time in seconds until a two factor Id is no longer valid and cannot be used by the Two Factor Login API. Value must be greater than 0.","description_kind":"plain","optional":true},"two_factor_one_time_code_id_time_to_live_in_seconds":{"type":"number","description":"The number of seconds before the Two-Factor One Time Code used to enable or disable a two-factor method is no longer valid. Must be greater than 0.","description_kind":"plain","optional":true},"two_factor_trust_id_time_to_live_in_seconds":{"type":"number","description":"The time in seconds until an issued Two Factor trust Id is no longer valid and the User will be required to complete Two Factor authentication during the next authentication attempt. Value must be greater than 0.","description_kind":"plain","optional":true,"computed":true},"webauthn_authentication_challenge_time_to_live_in_seconds":{"type":"number","description":"The time in seconds until a WebAuthn authentication challenge is no longer valid and the User will be required to restart the WebAuthn authentication ceremony by creating a new challenge. This value also controls the timeout for the client-side WebAuthn navigator.credentials.get API call. Value must be greater than 0. Note: A license is required to utilize WebAuthn. Defaults to 180.","description_kind":"plain","optional":true},"webauthn_registration_challenge_time_to_live_in_seconds":{"type":"number","description":"The time in seconds until a WebAuthn registration challenge is no longer valid and the User will be required to restart the WebAuthn registration ceremony by creating a new challenge. This value also controls the timeout for the client-side WebAuthn navigator.credentials.create API call. Value must be greater than 0. Note: A license is required to utilize WebAuthn. Defaults to 180.","description_kind":"plain","optional":true}},"block_types":{"change_password_id_generator":{"nesting_mode":"list","block":{"attributes":{"length":{"type":"number","description":"The length of the secure generator used for generating the change password Id.","description_kind":"plain","optional":true},"type":{"type":"string","description":"The type of the secure generator used for generating the change password Id.","description_kind":"plain","optional":true}},"description_kind":"plain"},"max_items":1},"device_user_code_id_generator":{"nesting_mode":"list","block":{"attributes":{"length":{"type":"number","description":"The length of the secure generator used for generating the change password Id.","description_kind":"plain","optional":true},"type":{"type":"string","description":"The type of the secure generator used for generating the change password Id.","description_kind":"plain","optional":true}},"description_kind":"plain"},"max_items":1},"email_verification_id_generator":{"nesting_mode":"list","block":{"attributes":{"length":{"type":"number","description":"The length of the secure generator used for generating the change password Id.","description_kind":"plain","optional":true},"type":{"type":"string","description":"The type of the secure generator used for generating the change password Id.","description_kind":"plain","optional":true}},"description_kind":"plain"},"max_items":1},"email_verification_one_time_code_generator":{"nesting_mode":"list","block":{"attributes":{"length":{"type":"number","description":"The length of the secure generator used for generating the email verification one time code.","description_kind":"plain","optional":true},"type":{"type":"string","description":"The type of the secure generator used for generating the email verification one time code.","description_kind":"plain","optional":true}},"description_kind":"plain"},"max_items":1},"passwordless_login_generator":{"nesting_mode":"list","block":{"attributes":{"length":{"type":"number","description":"The length of the secure generator used for generating the change password Id.","description_kind":"plain","optional":true},"type":{"type":"string","description":"The type of the secure generator used for generating the change password Id.","description_kind":"plain","optional":true}},"description_kind":"plain"},"max_items":1},"passwordless_login_one_time_code_generator":{"nesting_mode":"list","block":{"attributes":{"length":{"type":"number","description":"The length of the secure generator used for generating the passwordless one-time code login.","description_kind":"plain","optional":true,"computed":true},"type":{"type":"string","description":"The type of the secure generator used for generating the passwordless one-time code login.","description_kind":"plain","optional":true,"computed":true}},"description_kind":"plain"},"max_items":1},"phone_verification_id_generator":{"nesting_mode":"list","block":{"attributes":{"length":{"type":"number","description":"The length of the secure generator used for generating the the phone verification Id.","description_kind":"plain","optional":true,"computed":true},"type":{"type":"string","description":"The type of the secure generator used for generating the phone verification Id.","description_kind":"plain","optional":true,"computed":true}},"description_kind":"plain"},"max_items":1},"phone_verification_one_time_code_generator":{"nesting_mode":"list","block":{"attributes":{"length":{"type":"number","description":"The length of the secure generator used for generating the phone verification one time code.","description_kind":"plain","optional":true,"computed":true},"type":{"type":"string","description":"The type of the secure generator used for generating the phone verification one time code.","description_kind":"plain","optional":true,"computed":true}},"description_kind":"plain"},"max_items":1},"registration_verification_id_generator":{"nesting_mode":"list","block":{"attributes":{"length":{"type":"number","description":"The length of the secure generator used for generating the change password Id.","description_kind":"plain","optional":true},"type":{"type":"string","description":"The type of the secure generator used for generating the change password Id.","description_kind":"plain","optional":true}},"description_kind":"plain"},"max_items":1},"registration_verification_one_time_code_generator":{"nesting_mode":"list","block":{"attributes":{"length":{"type":"number","description":"The length of the secure generator used for generating the registration verification one time code.","description_kind":"plain","optional":true},"type":{"type":"string","description":"The type of the secure generator used for generating the registration verification one time code.","description_kind":"plain","optional":true}},"description_kind":"plain"},"max_items":1},"setup_password_id_generator":{"nesting_mode":"list","block":{"attributes":{"length":{"type":"number","description":"The length of the secure generator used for generating the change password Id.","description_kind":"plain","optional":true},"type":{"type":"string","description":"The type of the secure generator used for generating the change password Id.","description_kind":"plain","optional":true}},"description_kind":"plain"},"max_items":1},"two_factor_one_time_code_id_generator":{"nesting_mode":"list","block":{"attributes":{"length":{"type":"number","description":"The length of the secure generator used for generating the the two factor code Id.","description_kind":"plain","optional":true},"type":{"type":"string","description":"The type of the secure generator used for generating the two factor one time code Id.","description_kind":"plain","optional":true}},"description_kind":"plain"},"max_items":1}},"description_kind":"plain"},"max_items":1},"failed_authentication_configuration":{"nesting_mode":"list","block":{"attributes":{"action_cancel_policy_on_password_reset":{"type":"bool","description":"Indicates whether you want the user to be able to self-service unlock their account prior to the action duration by completing a password reset workflow.","description_kind":"plain","optional":true},"action_duration":{"type":"number","description":"The duration of the User Action. This value along with the actionDurationUnit will be used to set the duration of the User Action. Value must be greater than 0.","description_kind":"plain","optional":true},"action_duration_unit":{"type":"string","description":"The unit of time associated with a duration.","description_kind":"plain","optional":true},"email_user":{"type":"bool","description":"Indicates you would like to email the user when the user’s account is locked due to this action being taken. This requires the User Action specified by the tenant.failedAuthenticationConfiguration.userActionId to also be configured for email. If the User Action is not configured to be able to email the user, this configuration will be ignored.","description_kind":"plain","optional":true},"reset_count_in_seconds":{"type":"number","description":"The length of time in seconds before the failed authentication count will be reset. Value must be greater than 0.","description_kind":"plain","optional":true},"too_many_attempts":{"type":"number","description":"The number of failed attempts considered to be too many. Once this threshold is reached the specified User Action will be applied to the user for the duration specified. Value must be greater than 0.","description_kind":"plain","optional":true},"user_action_id":{"type":"string","description":"The Id of the User Action that is applied when the threshold is reached for too many failed authentication attempts.","description_kind":"plain","optional":true}},"description_kind":"plain"},"max_items":1},"family_configuration":{"nesting_mode":"list","block":{"attributes":{"allow_child_registrations":{"type":"bool","description":"Whether to allow child registrations.","description_kind":"plain","optional":true},"confirm_child_email_template_id":{"type":"string","description":"The unique Id of the email template to use when confirming a child.","description_kind":"plain","optional":true},"delete_orphaned_accounts":{"type":"bool","description":"Indicates that child users without parental verification will be permanently deleted after tenant.familyConfiguration.deleteOrphanedAccountsDays days.","description_kind":"plain","optional":true},"delete_orphaned_accounts_days":{"type":"number","description":"The number of days from creation child users will be retained before being deleted for not completing parental verification. Value must be greater than 0.","description_kind":"plain","optional":true},"enabled":{"type":"bool","description":"Whether family configuration is enabled.","description_kind":"plain","optional":true},"family_request_email_template_id":{"type":"string","description":"The unique Id of the email template to use when a family request is made.","description_kind":"plain","optional":true},"maximum_child_age":{"type":"number","description":"The maximum age of a child. Value must be greater than 0.","description_kind":"plain","optional":true},"minimum_owner_age":{"type":"number","description":"The minimum age to be an owner. Value must be greater than 0.","description_kind":"plain","optional":true},"parent_email_required":{"type":"bool","description":"Whether a parent email is required.","description_kind":"plain","optional":true},"parent_registration_email_template_id":{"type":"string","description":"The unique Id of the email template to use for parent registration.","description_kind":"plain","optional":true}},"description_kind":"plain"},"max_items":1},"jwt_configuration":{"nesting_mode":"list","block":{"attributes":{"access_token_key_id":{"type":"string","description":"The unique id of the signing key used to sign the access token.","description_kind":"plain","optional":true,"computed":true},"access_token_verification_key_ids":{"type":["set","string"],"description":"The list of access token verification key Ids that are trusted by this tenant. access_token_key_id is implicitly included in this list and does not need to be explicitly specified. If access_token_key_id is changed to a new key and the old key is supplied in this field, then this facilitates key rotation because FusionAuth will trust JWTs signed by both keys, while only signing JWTs with the new key. Requires FusionAuth 1.69.0 or later.","description_kind":"plain","optional":true,"computed":true},"id_token_key_id":{"type":"string","description":"The unique id of the signing key used to sign the Id token.","description_kind":"plain","optional":true,"computed":true},"id_token_verification_key_ids":{"type":["set","string"],"description":"The list of Id token verification key Ids that are trusted by this tenant. id_token_key_id is implicitly included in this list and does not need to be explicitly specified. If id_token_key_id is changed to a new key and the old key is supplied in this field, then this facilitates key rotation because FusionAuth will trust JWTs signed by both keys, while only signing JWTs with the new key. Requires FusionAuth 1.69.0 or later.","description_kind":"plain","optional":true,"computed":true},"refresh_token_expiration_policy":{"type":"string","description":"The refresh token expiration policy.","description_kind":"plain","optional":true},"refresh_token_one_time_use_configuration_grace_period_in_seconds":{"type":"number","description":"The length of time specified in seconds that a one-time use token can be reused. This value must be greater than 0 and less than 86400 which is equal to 24 hours. Setting this value to 0 effectively disables the grace period which means a one-time token may not be reused. For security reasons, you should keep this value as small as possible, and only increase past 0 to improve reliability for an asynchronous or clustered integration that may require a brief grace period. Defaults to 0.","description_kind":"plain","optional":true},"refresh_token_revocation_policy_on_login_prevented":{"type":"bool","description":"When enabled, the refresh token will be revoked when a user action, such as locking an account based on a number of failed login attempts, prevents user login.","description_kind":"plain","optional":true},"refresh_token_revocation_policy_on_multi_factor_enable":{"type":"bool","description":"When enabled, all refresh tokens will be revoked when a user enables multi-factor authentication for the first time. This policy will not be applied when adding subsequent multi-factor methods to the user.","description_kind":"plain","optional":true},"refresh_token_revocation_policy_on_one_time_token_reuse":{"type":"bool","description":"When enabled, if a one-time use refresh token is reused, the token will be revoked. This does not cause all refresh tokens to be revoked, only the reused token is revoked.","description_kind":"plain","optional":true},"refresh_token_revocation_policy_on_password_change":{"type":"bool","description":"When enabled, the refresh token will be revoked when a user changes their password.","description_kind":"plain","optional":true},"refresh_token_sliding_window_maximum_time_to_live_in_minutes":{"type":"number","description":"The maximum lifetime of a refresh token when using a refresh token expiration policy of SlidingWindowWithMaximumLifetime. Value must be greater than 0.","description_kind":"plain","optional":true},"refresh_token_time_to_live_in_minutes":{"type":"number","description":"The length of time in minutes a Refresh Token is valid from the time it was issued. Value must be greater than 0.","description_kind":"plain","optional":true},"refresh_token_usage_policy":{"type":"string","description":"The refresh token usage policy.","description_kind":"plain","optional":true},"time_to_live_in_seconds":{"type":"number","description":"The length of time in seconds this JWT is valid from the time it was issued. Value must be greater than 0.","description_kind":"plain","optional":true}},"description_kind":"plain"}},"lambda_configuration":{"nesting_mode":"list","block":{"attributes":{"login_validation_id":{"type":"string","description":"The Id of the lambda that will be invoked at the end of a successful login request in order to extend custom validation of a login request.","description_kind":"plain","optional":true},"multi_factor_requirement_id":{"type":"string","description":"The Id of the lambda that will be invoked during the login process to determine the multi-factor authentication requirements for a given user at the time of login.","description_kind":"plain","optional":true},"scim_enterprise_user_request_converter_id":{"type":"string","description":"The Id of a SCIM User Request lambda that will be used to convert the SCIM Enterprise User request to a FusionAuth User. Note: An Enterprise plan is required to utilize SCIM. Required when `scim_server_configuration.enabled` is true.","description_kind":"plain","optional":true},"scim_enterprise_user_response_converter_id":{"type":"string","description":"The Id of a SCIM User Response lambda that will be used to convert a FusionAuth Enterprise User to a SCIM Server response. Note: An Enterprise plan is required to utilize SCIM. Required when `scim_server_configuration.enabled` is true.","description_kind":"plain","optional":true},"scim_group_request_converter_id":{"type":"string","description":"The Id of a SCIM Group Request lambda that will be used to convert the SCIM Group request to a FusionAuth Group. Note: An Enterprise plan is required to utilize SCIM. Required when `scim_server_configuration.enabled` is true.","description_kind":"plain","optional":true},"scim_group_response_converter_id":{"type":"string","description":"The Id of a SCIM Group Response lambda that will be used to convert a FusionAuth Group to a SCIM Server response. Note: An Enterprise plan is required to utilize SCIM. Required when `scim_server_configuration.enabled` is true.","description_kind":"plain","optional":true},"scim_user_request_converter_id":{"type":"string","description":"The Id of a SCIM User Request lambda that will be used to convert the SCIM User request to a FusionAuth User. Note: An Enterprise plan is required to utilize SCIM. Required when `scim_server_configuration.enabled` is true.","description_kind":"plain","optional":true},"scim_user_response_converter_id":{"type":"string","description":"The Id of a SCIM User Response lambda that will be used to convert a FusionAuth User to a SCIM Server response. Note: An Enterprise plan is required to utilize SCIM. Required when `scim_server_configuration.enabled` is true.","description_kind":"plain","optional":true}},"description_kind":"plain"},"max_items":1},"login_configuration":{"nesting_mode":"list","block":{"attributes":{"require_authentication":{"type":"bool","description":"Indicates whether to require an API key for the Login API when an applicationId is not provided. When an applicationId is provided to the Login API call, the application configuration will take precedence. In almost all cases, you will want to this to be true.","description_kind":"plain","optional":true,"computed":true}},"description_kind":"plain"},"max_items":1},"maximum_password_age":{"nesting_mode":"list","block":{"attributes":{"days":{"type":"number","description":"The password maximum age in days. The number of days after which FusionAuth will require a user to change their password. Required when systemConfiguration.maximumPasswordAge.enabled is set to true.","description_kind":"plain","optional":true},"enabled":{"type":"bool","description":"Indicates that the maximum password age is enabled and being enforced.","description_kind":"plain","optional":true}},"description_kind":"plain"},"max_items":1},"minimum_password_age":{"nesting_mode":"list","block":{"attributes":{"enabled":{"type":"bool","description":"Indicates that the minimum password age is enabled and being enforced.","description_kind":"plain","optional":true},"seconds":{"type":"number","description":"The password minimum age in seconds. When enabled FusionAuth will not allow a password to be changed until it reaches this minimum age. Required when systemConfiguration.minimumPasswordAge.enabled is set to true.","description_kind":"plain","optional":true}},"description_kind":"plain"},"max_items":1},"multi_factor_configuration":{"nesting_mode":"list","block":{"attributes":{"debug":{"type":"bool","description":"Whether to create an event log entry to assist in tracing Intelligent MFA decisions for this tenant. Available since FusionAuth 1.68.0.","description_kind":"plain","optional":true},"email":{"type":["list",["object",{"enabled":"bool","template_id":"string"}]],"description_kind":"plain","optional":true,"computed":true},"login_policy":{"type":"string","description":"When set to Enabled and a user has one or more two-factor methods configured, the user will be required to complete a two-factor challenge during login. When set to Disabled, even when a user has configured one or more two-factor methods, the user will not be required to complete a two-factor challenge during login. When the login policy is to Required, a two-factor challenge will be required during login. If a user does not have configured two-factor methods, they will not be able to log in. When set to ChallengeOnMediumRisk or ChallengeOnHighRisk, a two-factor challenge is required only when the Intelligent MFA composite risk level is medium-or-higher or high, respectively (available since FusionAuth 1.68.0).","description_kind":"plain","optional":true},"sms":{"type":["list",["object",{"enabled":"bool","messenger_id":"string","template_id":"string"}]],"description_kind":"plain","optional":true,"computed":true}},"block_types":{"authenticator":{"nesting_mode":"list","block":{"attributes":{"enabled":{"type":"bool","description":"When enabled, users may utilize an authenticator application to complete a multi-factor authentication request. This method uses TOTP (Time-Based One-Time Password) as defined in RFC 6238 and often uses an native mobile app such as Google Authenticator.","description_kind":"plain","optional":true,"computed":true}},"description_kind":"plain"},"max_items":1}},"description_kind":"plain"},"max_items":1},"oauth_configuration":{"nesting_mode":"list","block":{"attributes":{"client_credentials_access_token_populate_lambda_id":{"type":"string","description":"The Id of a lambda that will be called to populate the JWT during a client credentials grant.","description_kind":"plain","optional":true}},"description_kind":"plain"}},"password_encryption_configuration":{"nesting_mode":"list","block":{"attributes":{"encryption_scheme":{"type":"string","description":"The default method for encrypting the User’s password.","description_kind":"plain","optional":true},"encryption_scheme_factor":{"type":"number","description":"The factor used by the password encryption scheme. If not provided, the PasswordEncryptor provides a default value. Generally this will be used as an iteration count to generate the hash. The actual use of this value is up to the PasswordEncryptor implementation.","description_kind":"plain","optional":true},"modify_encryption_scheme_on_login":{"type":"bool","description":"When enabled a user’s hash configuration will be modified to match these configured settings. This can be useful to increase a password hash strength over time or upgrade imported users to a more secure encryption scheme after an initial import.","description_kind":"plain","optional":true}},"description_kind":"plain"}},"password_validation_rules":{"nesting_mode":"list","block":{"attributes":{"breach_detection":{"type":["list",["object",{"enabled":"bool","match_mode":"string","notify_user_email_template_id":"string","on_login":"string"}]],"description_kind":"plain","optional":true,"computed":true},"disallow_user_login_id":{"type":"bool","description":"If enabled, passwords will be rejected if they contain the user's email, username, or phone number.","description_kind":"plain","optional":true},"max_length":{"type":"number","description_kind":"plain","optional":true},"min_length":{"type":"number","description_kind":"plain","optional":true},"require_non_alpha":{"type":"bool","description":"Whether to force the user to use at least one non-alphanumeric character.","description_kind":"plain","optional":true},"require_number":{"type":"bool","description":"Whether to force the user to use at least one number.","description_kind":"plain","optional":true},"required_mixed_case":{"type":"bool","description":"Whether to force the user to use at least one uppercase and one lowercase character.","description_kind":"plain","optional":true},"validate_on_login":{"type":"bool","description":"When enabled the user’s password will be validated during login. If the password does not meet the currently configured validation rules the user will be required to change their password.","description_kind":"plain","optional":true}},"block_types":{"remember_previous_passwords":{"nesting_mode":"list","block":{"attributes":{"count":{"type":"number","description":"The number of previous passwords to remember. Value must be greater than 0.","description_kind":"plain","optional":true},"enabled":{"type":"bool","description":"Whether to prevent a user from using any of their previous passwords.","description_kind":"plain","optional":true}},"description_kind":"plain"},"max_items":1}},"description_kind":"plain"},"max_items":1},"phone_configuration":{"nesting_mode":"list","block":{"attributes":{"admin_two_factor_method_remove_template_id":{"type":"string","description":"The Id of the Message Template used to send a message to administrators when a MFA method has been removed from a user account.","description_kind":"plain","optional":true},"forgot_password_template_id":{"type":"string","description":"The Id of the Message Template that is used when sending a user a forgot password message.","description_kind":"plain","optional":true},"identity_update_template_id":{"type":"string","description":"The Id of the Message Template used to send a message to a user when their phone number has been updated. The message will be sent to both their new and old phone numbers.","description_kind":"plain","optional":true},"implicit_phone_verification_allowed":{"type":"bool","description":"When set to true, this allows a phone number to be verified as a result of completing a similar phone based workflow. When set to false, the user must explicitly complete the phone verification workflow.","description_kind":"plain","optional":true},"login_id_in_use_on_create_template_id":{"type":"string","description":"The Id of the Message Template used to send a message to a user when another user attempts to create an account with their login Id.","description_kind":"plain","optional":true},"login_id_in_use_on_update_template_id":{"type":"string","description":"The Id of the Message Template used to send a message to a user when another user attempts to update an existing account to use their login Id.","description_kind":"plain","optional":true},"login_new_device_template_id":{"type":"string","description":"The Id of the Message Template used to send a message to a user when they log in on a new device.","description_kind":"plain","optional":true},"login_suspicious_template_id":{"type":"string","description":"The Id of the Message Template used to send a message to a user when a suspicious login using their login Id occurs.","description_kind":"plain","optional":true},"messenger_id":{"type":"string","description":"The messenger that is used to deliver SMS messages for phone number verification and passwordless logins. This field is required when any of tenant.phone_configuration.passwordless_template_id , tenant.phone_configuration.verification_complete_template_id , or tenant.phone_configuration.verification_template_id is set.","description_kind":"plain","optional":true},"password_reset_success_template_id":{"type":"string","description":"The Id of the Message Template used to send a message to a user when they have completed a 'forgot password' workflow and their password has been reset.","description_kind":"plain","optional":true},"password_update_template_id":{"type":"string","description":"The Id of the Message Template used to send a message to a user when their password has been updated.","description_kind":"plain","optional":true},"passwordless_template_id":{"type":"string","description":"The Id of the Passwordless Message Template, sent to users when they start a passwordless login.","description_kind":"plain","optional":true},"set_password_template_id":{"type":"string","description":"The Id of the SMS Message Template used when a user must set their password manually after their account was created for them (by an admin, for example).","description_kind":"plain","optional":true},"two_factor_method_add_template_id":{"type":"string","description":"The Id of the Message Template used to send a message to a user when a MFA method has been removed from their account.","description_kind":"plain","optional":true},"two_factor_method_remove_template_id":{"type":"string","description":"The Id of the Message Template used to send a message to a user when a MFA method has been added to their account.","description_kind":"plain","optional":true},"verification_complete_template_id":{"type":"string","description":"The Id of the Message Template used to notify a user that their phone number has been verified.","description_kind":"plain","optional":true},"verification_strategy":{"type":"string","description":"The process by which the user will verify their phone number. The possible values are: `ClickableLink` and `FormField`. Defaults to `ClickableLink`.","description_kind":"plain","optional":true,"computed":true},"verification_template_id":{"type":"string","description":"The Id of the Message Template used to send SMS messages to users to verify that their phone number is valid.","description_kind":"plain","optional":true},"verify_phone_number":{"type":"bool","description":"Whether a user’s phone number is verified when they register with your application.","description_kind":"plain","optional":true}},"block_types":{"unverified":{"nesting_mode":"list","block":{"attributes":{"allow_phone_number_change_when_gated":{"type":"bool","description":"When this value is set to `true`, the user is allowed to change their phone number when they are gated because they haven't verified their phone number.","description_kind":"plain","optional":true},"behavior":{"type":"string","description":"The desired behavior during login for a user that does not have a verified phone number. The possible values are: `Allow` and `Gated`. Defaults to `Allow`.","description_kind":"plain","optional":true,"computed":true}},"description_kind":"plain"},"max_items":1}},"description_kind":"plain"},"max_items":1},"rate_limit_configuration":{"nesting_mode":"list","block":{"block_types":{"failed_login":{"nesting_mode":"list","block":{"attributes":{"enabled":{"type":"bool","description":"Whether rate limiting is enabled for failed login.","description_kind":"plain","optional":true},"limit":{"type":"number","description":"The number of times a user can fail to login within the configured timePeriodInSeconds duration. If a Failed authentication action has been configured then it will take precedence. Value must be greater than 0.","description_kind":"plain","optional":true},"time_period_in_seconds":{"type":"number","description":"The duration for the number of times a user can fail login before being rate limited. Value must be greater than 0.","description_kind":"plain","optional":true}},"description_kind":"plain"},"max_items":1},"forgot_password":{"nesting_mode":"list","block":{"attributes":{"enabled":{"type":"bool","description":"Whether rate limiting is enabled for forgot password.","description_kind":"plain","optional":true},"limit":{"type":"number","description":"The number of times a user can request a forgot password email within the configured `time_period_in_seconds` duration. Value must be greater than 0.","description_kind":"plain","optional":true},"time_period_in_seconds":{"type":"number","description":"The duration for the number of times a user can request a forgot password email before being rate limited. Value must be greater than 0.","description_kind":"plain","optional":true}},"description_kind":"plain"},"max_items":1},"send_email_verification":{"nesting_mode":"list","block":{"attributes":{"enabled":{"type":"bool","description":"Whether rate limiting is enabled for send email verification.","description_kind":"plain","optional":true},"limit":{"type":"number","description":"The number of times a user can request a verification email within the configured `time_period_in_seconds` duration. Value must be greater than 0.","description_kind":"plain","optional":true},"time_period_in_seconds":{"type":"number","description":"The duration for the number of times a user can request a verification email before being rate limited. Value must be greater than 0.","description_kind":"plain","optional":true}},"description_kind":"plain"},"max_items":1},"send_passwordless":{"nesting_mode":"list","block":{"attributes":{"enabled":{"type":"bool","description":"Whether rate limiting is enabled for send passwordless.","description_kind":"plain","optional":true},"limit":{"type":"number","description":"The number of times a user can request a passwordless login email within the configured `time_period_in_seconds` duration. Value must be greater than 0.","description_kind":"plain","optional":true},"time_period_in_seconds":{"type":"number","description":"The duration for the number of times a user can request a passwordless login email before being rate limited. Value must be greater than 0.","description_kind":"plain","optional":true}},"description_kind":"plain"},"max_items":1},"send_passwordless_phone":{"nesting_mode":"list","block":{"attributes":{"enabled":{"type":"bool","description":"Whether rate limiting is enabled for send phone verification.","description_kind":"plain","optional":true},"limit":{"type":"number","description":"The number of times a user can request a phone verification message within the configured time_period_in_seconds duration. Value must be greater than 0.","description_kind":"plain","optional":true,"computed":true},"time_period_in_seconds":{"type":"number","description":"The duration for the number of times a user can request a phone verification message before being rate limited. Value must be greater than 0.","description_kind":"plain","optional":true,"computed":true}},"description_kind":"plain"},"max_items":1},"send_phone_verification":{"nesting_mode":"list","block":{"attributes":{"enabled":{"type":"bool","description":"Whether rate limiting is enabled for send phone verification.","description_kind":"plain","optional":true},"limit":{"type":"number","description":"The number of times a user can request a phone verification message within the configured time_period_in_seconds duration. Value must be greater than 0.","description_kind":"plain","optional":true,"computed":true},"time_period_in_seconds":{"type":"number","description":"The duration for the number of times a user can request a phone verification message before being rate limited. Value must be greater than 0.","description_kind":"plain","optional":true,"computed":true}},"description_kind":"plain"},"max_items":1},"send_registration_verification":{"nesting_mode":"list","block":{"attributes":{"enabled":{"type":"bool","description":"Whether rate limiting is enabled for send registration verification.","description_kind":"plain","optional":true},"limit":{"type":"number","description":"The number of times a user can request a registration verification email within the configured `time_period_in_seconds` duration. Value must be greater than 0.","description_kind":"plain","optional":true},"time_period_in_seconds":{"type":"number","description":"The duration for the number of times a user can request a registration verification email before being rate limited. Value must be greater than 0.","description_kind":"plain","optional":true}},"description_kind":"plain"},"max_items":1},"send_two_factor":{"nesting_mode":"list","block":{"attributes":{"enabled":{"type":"bool","description":"Whether rate limiting is enabled for send two factor.","description_kind":"plain","optional":true},"limit":{"type":"number","description":"The number of times a user can request a two-factor code by email or SMS within the configured `time_period_in_seconds` duration. Value must be greater than 0.","description_kind":"plain","optional":true},"time_period_in_seconds":{"type":"number","description":"The duration for the number of times a user can request a two-factor code by email or SMS before being rate limited. Value must be greater than 0.","description_kind":"plain","optional":true}},"description_kind":"plain"},"max_items":1}},"description_kind":"plain"},"max_items":1},"registration_configuration":{"nesting_mode":"list","block":{"attributes":{"blocked_domains":{"type":["set","string"],"description":"A list of unique domains that are not allowed to register when self service is enabled.","description_kind":"plain","optional":true}},"description_kind":"plain"},"max_items":1},"scim_server_configuration":{"nesting_mode":"list","block":{"attributes":{"client_entity_type_id":{"type":"string","description":"The Entity Type that will be used to represent SCIM Clients for this tenant. Note: An Enterprise plan is required to utilize SCIM. Required when `scim_server_configuration.enabled` is true.","description_kind":"plain","required":true},"enabled":{"type":"bool","description":"Whether or not this tenant has the SCIM endpoints enabled. Note: An Enterprise plan is required to utilize SCIM.","description_kind":"plain","optional":true},"schemas":{"type":"string","description":"JSON formatted as a SCIM Schemas endpoint response. Because the SCIM lambdas may modify the JSON response, ensure the Schema's response matches that generated by the response lambdas. More about Schema definitions. When this parameter is not provided, it will default to EnterpriseUser, Group, and User schema definitions as defined by the SCIM core schemas spec. Note: An Enterprise plan is required to utilize SCIM.","description_kind":"plain","optional":true,"computed":true},"server_entity_type_id":{"type":"string","description":"The Entity Type that will be used to represent SCIM Servers for this tenant. Note: An Enterprise plan is required to utilize SCIM. Required when `scim_server_configuration.enabled` is true.","description_kind":"plain","required":true}},"description_kind":"plain"},"max_items":1},"sso_configuration":{"nesting_mode":"list","block":{"attributes":{"allow_access_token_bootstrap":{"type":"bool","description":"When enabled, an SSO session can be created after login by providing an access token as a bearer token in a request to the OAuth2 Authorize endpoint.","description_kind":"plain","optional":true},"device_trust_time_to_live_in_seconds":{"type":"number","description":"The number of seconds before a trusted device is reset. When reset, a user is forced to complete captcha during login and complete two factor authentication if applicable.","description_kind":"plain","optional":true}},"description_kind":"plain"},"max_items":1},"user_delete_policy":{"nesting_mode":"list","block":{"attributes":{"unverified_enabled":{"type":"bool","description":"Indicates that users without a verified email address will be permanently deleted after tenant.userDeletePolicy.unverified.numberOfDaysToRetain days.","description_kind":"plain","optional":true},"unverified_number_of_days_to_retain":{"type":"number","description":"The number of days from creation users will be retained before being deleted for not completing email verification. This field is required when tenant.userDeletePolicy.unverified.enabled is set to true. Value must be greater than 0.","description_kind":"plain","optional":true}},"description_kind":"plain"},"max_items":1},"username_configuration":{"nesting_mode":"list","block":{"block_types":{"unique":{"nesting_mode":"list","block":{"attributes":{"enabled":{"type":"bool","description":"When true, FusionAuth will handle username collisions by generating a random suffix.","description_kind":"plain","optional":true},"number_of_digits":{"type":"number","description":"The maximum number of digits to use when building a unique suffix for a username. A number will be randomly selected and will be 1 or more digits up to this configured value in length. For example, if this value is 5, the suffix will be a number between 00001 and 99999, inclusive.","description_kind":"plain","optional":true},"separator":{"type":"string","description":"A single character to use as a separator from the requested username and a unique suffix that is added when a duplicate username is detected. This value can be a single non-alphanumeric ASCII character.","description_kind":"plain","optional":true},"strategy":{"type":"string","description":"This strategy instructions FusionAuth when to append a unique suffix to the username. ","description_kind":"plain","optional":true}},"description_kind":"plain"},"max_items":1}},"description_kind":"plain"},"max_items":1},"webauthn_configuration":{"nesting_mode":"list","block":{"attributes":{"debug":{"type":"bool","description":"Determines if debug should be enabled for this tenant to create an event log to assist in debugging WebAuthn errors. Note: A license is required to utilize WebAuthn.","description_kind":"plain","optional":true},"enabled":{"type":"bool","description":"Whether or not this tenant has WebAuthn enabled globally.. Note: A license is required to utilize WebAuthn.","description_kind":"plain","optional":true},"relying_party_id":{"type":"string","description":"The value this tenant will use for the Relying Party Id in WebAuthn ceremonies. Passkeys can only be used to authenticate on sites using the same Relying Party Id they were registered with. This value must match the browser origin or be a registrable domain suffix of the browser origin. For example, if your domain is auth.piedpiper.com, you could use auth.piedpiper.com or piedpiper.com but not m.auth.piedpiper.com or com. When this parameter is omitted, FusionAuth will use null for the Relying Party Id in passkey creation and request options. A null value in the WebAuthn JavaScript API will use the browser origin. Note: A license is required to utilize WebAuthn.","description_kind":"plain","optional":true},"relying_party_name":{"type":"string","description":"The value this tenant will use for the Relying Party name in WebAuthn ceremonies. This value may be displayed by browser or operating system dialogs during WebAuthn ceremonies. When this parameter is omitted, FusionAuth will use the tenant.issuer value. Note: A license is required to utilize WebAuthn.","description_kind":"plain","optional":true}},"block_types":{"bootstrap_workflow":{"nesting_mode":"list","block":{"attributes":{"authenticator_attachment_preference":{"type":"string","description":"Determines the authenticator attachment requirement for WebAuthn passkey registration when using the bootstrap workflow. The possible values are: Any, CrossPlatform and Platform. Note: A license is required to utilize WebAuthn and an Enterprise plan is required to utilize WebAuthn cross-platform authenticators.","description_kind":"plain","optional":true},"enabled":{"type":"bool","description":"Whether or not this tenant has the WebAuthn bootstrap workflow enabled. The bootstrap workflow is used when the user must \"bootstrap\" the authentication process by identifying themselves prior to the WebAuthn ceremony and can be used to authenticate from a new device using WebAuthn. Note: A license is required to utilize WebAuthn.","description_kind":"plain","optional":true},"user_verification_requirement":{"type":"string","description":"Determines the user verification requirement for WebAuthn passkey registration when using the bootstrap workflow. The possible values are: Discouraged, Preferred and Required. Note: A license is required to utilize WebAuthn.","description_kind":"plain","optional":true}},"description_kind":"plain"},"max_items":1},"reauthentication_workflow":{"nesting_mode":"list","block":{"attributes":{"authenticator_attachment_preference":{"type":"string","description":"Determines the authenticator attachment requirement for WebAuthn passkey registration when using the reauthentication workflow. The possible values are:: Any, CrossPlatform and Platform. Note: A license is required to utilize WebAuthn and an Enterprise plan is required to utilize WebAuthn cross-platform authenticators.","description_kind":"plain","optional":true},"enabled":{"type":"bool","description":"Whether or not this tenant has the WebAuthn reauthentication workflow enabled. The reauthentication workflow will automatically prompt a user to authenticate using WebAuthn for repeated logins from the same device. Note: A license is required to utilize WebAuthn.","description_kind":"plain","optional":true},"user_verification_requirement":{"type":"string","description":"Determines the user verification requirement for WebAuthn passkey registration when using the bootstrap workflow. The possible values are: Discouraged, Preferred and Required. Note: A license is required to utilize WebAuthn.","description_kind":"plain","optional":true}},"description_kind":"plain"},"max_items":1}},"description_kind":"plain"},"max_items":1}},"description_kind":"plain"}},"fusionauth_tenant_manager_configuration":{"version":0,"block":{"attributes":{"attribute_form_id":{"type":"string","description":"The unique Id of the Form to use for collecting additional user attributes during Tenant Manager registration.","description_kind":"plain","optional":true},"brand_name":{"type":"string","description":"The brand name for the Tenant Manager.","description_kind":"plain","optional":true},"id":{"type":"string","description_kind":"plain","optional":true,"computed":true}},"block_types":{"application_configurations":{"nesting_mode":"list","block":{"attributes":{"application_id":{"type":"string","description":"The unique Id of the Application that the Tenant Manager will use.","description_kind":"plain","required":true}},"description":"The application configurations for the Tenant Manager.","description_kind":"plain"}},"identity_provider_type_configurations":{"nesting_mode":"set","block":{"attributes":{"default_attribute_mappings":{"type":["map","string"],"description":"A map of default attribute mappings for this identity provider type.","description_kind":"plain","optional":true},"enabled":{"type":"bool","description":"Whether or not this identity provider type is enabled in the Tenant Manager.","description_kind":"plain","optional":true},"linking_strategy":{"type":"string","description":"The linking strategy for this identity provider type. Valid values are: LinkByEmail, LinkByEmailForExistingUser, LinkByUsername, and LinkByUsernameForExistingUser.","description_kind":"plain","optional":true},"type":{"type":"string","description":"The identity provider type. Valid values are: OpenIDConnect and SAMLv2.","description_kind":"plain","required":true}},"description":"The identity provider type configurations allowed in the Tenant Manager. Each entry corresponds to one identity provider type.","description_kind":"plain"}}},"description_kind":"plain"}},"fusionauth_theme":{"version":1,"block":{"attributes":{"account_edit":{"type":"string","description":"A FreeMarker template that is rendered when the user requests the /account/edit path. This page contains a form that enables authenticated users to update their profile.","description_kind":"plain","optional":true,"computed":true},"account_index":{"type":"string","description":"A FreeMarker template that is rendered when the user requests the /account path. This is the self-service account landing page. An authenticated user may use this as a starting point for operations such as updating their profile or configuring multi-factor authentication.","description_kind":"plain","optional":true,"computed":true},"account_two_factor_disable":{"type":"string","description":"A FreeMarker template that is rendered when the user requests the /account/two-factor/disable path. This page contains a form that accepts a verification code used to disable a multi-factor authentication method.","description_kind":"plain","optional":true,"computed":true},"account_two_factor_edit":{"type":"string","description":"A FreeMarker template that is rendered when the user requests the /account/two-factor/edit path. This page contains a form that allows the user to edit the name of a multi-factor authentication method.","description_kind":"plain","optional":true,"computed":true},"account_two_factor_enable":{"type":"string","description":"A FreeMarker template that is rendered when the user requests the /account/two-factor/enable path. This page contains a form that accepts a verification code used to enable a multi-factor authentication method. Additionally, this page contains presentation of recovery codes when a user enables multi-factor authentication for the first time.","description_kind":"plain","optional":true,"computed":true},"account_two_factor_index":{"type":"string","description":"A FreeMarker template that is rendered when the user requests the /account/two-factor path. This page displays an authenticated user’s configured multi-factor authentication methods. Additionally, it provides links to enable and disable a method.","description_kind":"plain","optional":true,"computed":true},"account_webauthn_add":{"type":"string","description":"A FreeMarker template that is rendered when the user requests the /account/webauthn/add path. This page contains a form that allows a user to register a new WebAuthn passkey.","description_kind":"plain","optional":true,"computed":true},"account_webauthn_delete":{"type":"string","description":"A FreeMarker template that is rendered when the user requests the /account/webauthn/delete path. This page contains a form that allows a user to delete a WebAuthn passkey.","description_kind":"plain","optional":true,"computed":true},"account_webauthn_index":{"type":"string","description":"A FreeMarker template that is rendered when the user requests the /account/webauthn/ path. This page displays an authenticated user’s registered WebAuthn passkeys. Additionally, it provides links to delete an existing passkey and register a new passkey.","description_kind":"plain","optional":true,"computed":true},"confirmation_required":{"type":"string","description":"A FreeMarker template that is rendered when the user requests the /confirmation-required path. This page is displayed when a user attempts to complete an email based workflow that did not begin in the same browser. For example, if the user starts a forgot password workflow, and then opens the link in a separate browser the user will be shown this panel.","description_kind":"plain","optional":true,"computed":true},"data":{"type":"string","description":"An object that can hold any information about the Theme that should be persisted. Please review the limits on data field types as you plan for and build your custom data schema. Must be a JSON string.","description_kind":"plain","optional":true},"default_messages":{"type":"string","description":"A properties file formatted String containing at least all of the message keys defined in the FusionAuth shipped messages file. Required if not copying an existing Theme.","description_kind":"plain","optional":true,"computed":true},"email_complete":{"type":"string","description":"A FreeMarker template that is rendered when the user requests the /email/complete path. This page is used after a user has verified their email address by clicking the URL in the email. After FusionAuth has updated their user object to indicate that their email was verified, the browser is redirected to this page.","description_kind":"plain","optional":true,"computed":true},"email_send":{"type":"string","description":"A FreeMarker template that is rendered when the user requests the /email/send page. This page is used after a user has asked for the verification email to be resent. This can happen if the URL in the email expired and the user clicked it. In this case, the user can provide their email address again and FusionAuth will resend the email. After the user submits their email and FusionAuth re-sends a verification email to them, the browser is redirected to this page.","description_kind":"plain","deprecated":true,"optional":true,"computed":true},"email_sent":{"type":"string","description":"A FreeMarker template that is rendered when the user requests the /email/sent path. This page is used after a user has asked for the verification email to be resent. This can happen if the URL in the email expired and the user clicked it. In this case, the user can provide their email address again and FusionAuth will resend the email. After the user submits their email and FusionAuth re-sends a verification email to them, the browser is redirected to this page.","description_kind":"plain","optional":true,"computed":true},"email_verification_required":{"type":"string","description":"A FreeMarker template that is rendered when the user requests the /email/verification-required path. This page is rendered when a user is required to verify their email address prior to being allowed to proceed with login. This occurs when Unverified behavior is set to Gated in email verification settings on the Tenant.","description_kind":"plain","optional":true,"computed":true},"email_verify":{"type":"string","description":"A FreeMarker template that is rendered when the user requests the /email/verify path. This page is rendered when a user clicks the URL from the verification email and the verificationId has expired. FusionAuth expires verificationId after a period of time (which is configurable). If the user has a URL from the verification email that has expired, this page will be rendered and the error will be displayed to the user.","description_kind":"plain","optional":true,"computed":true},"helpers":{"type":"string","description":"A FreeMarker template that contains all of the macros and templates used by the rest of the login Theme FreeMarker templates. This allows you to configure the general layout of your UI configuration and login theme without having to copy and paste HTML into each of the templates.","description_kind":"plain","optional":true,"computed":true},"id":{"type":"string","description_kind":"plain","optional":true,"computed":true},"index":{"type":"string","description":"A FreeMarker template that is rendered when the user requests the / path. This is the root landing page. This page is available to unauthenticated users and will be displayed whenever someone navigates to the FusionAuth host’s root page. Prior to version 1.27.0, navigating to this URL would redirect to /admin and would subsequently render the FusionAuth admin login page.","description_kind":"plain","optional":true,"computed":true},"localized_messages":{"type":["map","string"],"description":"A Map of localized versions of the messages. The key is the Locale and the value is a properties file formatted String.","description_kind":"plain","optional":true},"name":{"type":"string","description":"A unique name for the Theme.","description_kind":"plain","required":true},"oauth2_authorize":{"type":"string","description":"A FreeMarker template that is rendered when the user requests the /oauth2/authorize path. This is the main login page for FusionAuth and is used for all interactive OAuth2 and OpenID Connect workflows.","description_kind":"plain","optional":true,"computed":true},"oauth2_authorized_not_registered":{"type":"string","description":"A FreeMarker template that is rendered when the user requests the /oauth2/authorized-not-registered path. This page is rendered when a user is not registered and the Application configuration requires registration before FusionAuth will complete the redirect.","description_kind":"plain","optional":true,"computed":true},"oauth2_child_registration_not_allowed":{"type":"string","description":"A FreeMarker template that is rendered when the user requests the /oauth2/child-registration-not-allowed path. This page contains a form where a child must provide their parent’s email address to ask their parent to create an account for them in a Consent workflow.","description_kind":"plain","optional":true,"computed":true},"oauth2_child_registration_not_allowed_complete":{"type":"string","description":"A FreeMarker template that is rendered when the user requests the /oauth2/child-registration-not-allowed-complete path. This page is rendered is rendered after a child provides their parent’s email address for parental consent in a Consent workflow.","description_kind":"plain","optional":true,"computed":true},"oauth2_complete_registration":{"type":"string","description":"A FreeMarker template that is rendered when the user requests the /oauth2/complete-registration path. This page contains a form that is used for users that have accounts but might be missing required fields.","description_kind":"plain","optional":true,"computed":true},"oauth2_consent":{"type":"string","description":"A FreeMarker template that is rendered when the user requests the /oauth2/consent path. This page contains a form for capturing a user's OAuth scope consent choices. If there are no scopes that require a prompt, the user is redirected automatically.","description_kind":"plain","optional":true,"computed":true},"oauth2_device":{"type":"string","description":"A FreeMarker template that is rendered when the user requests the /oauth2/device path. This page contains a form for accepting an end user’s short code for the interactive portion of the OAuth Device Authorization Grant workflow.","description_kind":"plain","optional":true,"computed":true},"oauth2_device_complete":{"type":"string","description":"A FreeMarker template that is rendered when the user requests the /oauth2/device-complete path. This page contains a complete message indicating the device authentication has completed.","description_kind":"plain","optional":true,"computed":true},"oauth2_error":{"type":"string","description":"This page is used if the user starts or is in the middle of the OAuth workflow and any type of error occurs. This could be caused by the user messing with the URL or internally some type of information wasn’t passed between the OAuth endpoints correctly. For example, if you are federating login to an external IdP and that IdP does not properly echo the state parameter, FusionAuth’s OAuth workflow will break and this page will be displayed.","description_kind":"plain","optional":true,"computed":true},"oauth2_logout":{"type":"string","description":"A FreeMarker template that is rendered when the user requests the /oauth2/logout page. This page is used if the user initiates a logout. This page causes the user to be logged out of all associated applications via a front-channel mechanism before being redirected.","description_kind":"plain","optional":true,"computed":true},"oauth2_passwordless":{"type":"string","description":"A FreeMarker template that is rendered when the user requests the /oauth2/passwordless path. This page is rendered when the user starts the passwordless login workflow. The page renders the form where the user types in their email address.","description_kind":"plain","optional":true,"computed":true},"oauth2_register":{"type":"string","description":"A FreeMarker template that is rendered when the user requests the /oauth2/register path. This page is used to register or sign up the user for the application when self-service registration is enabled.","description_kind":"plain","optional":true,"computed":true},"oauth2_start_idp_link":{"type":"string","description":"A FreeMarker template that is rendered when the user requests the /oauth2/start-idp-link path. This page is used if the Identity Provider is configured to have a pending link. The user is presented with the option to link their account with an existing FusionAuth user account.","description_kind":"plain","optional":true,"computed":true},"oauth2_two_factor":{"type":"string","description":"A FreeMarker template that is rendered when the user requests the /oauth2/two-factor path. This page is used if the user has two-factor authentication enabled and they need to type in their code again. FusionAuth will properly handle the processing on the back end. This page contains the form that the user will put their code into.","description_kind":"plain","optional":true,"computed":true},"oauth2_two_factor_enable":{"type":"string","description":"A FreeMarker template that contains the OAuth2 two-factor enable form.","description_kind":"plain","optional":true,"computed":true},"oauth2_two_factor_enable_complete":{"type":"string","description":"A FreeMarker template that contains the OAuth2 two-factor enable complete form.","description_kind":"plain","optional":true,"computed":true},"oauth2_two_factor_methods":{"type":"string","description":"A FreeMarker template that is rendered when the user requests the /oauth2/two-factor-methods path. This page contains a form providing a user with their configured multi-factor authentication options that they may use to complete the authentication challenge.","description_kind":"plain","optional":true,"computed":true},"oauth2_wait":{"type":"string","description":"A FreeMarker template that is rendered when the user requests the /oauth2/wait path. This page is rendered when FusionAuth is waiting for an external provider to complete an out of band authentication request. For example, during a HYPR login this page will be displayed until the user completes authentication.","description_kind":"plain","optional":true,"computed":true},"oauth2_webauthn":{"type":"string","description":"A FreeMarker template that is rendered when the user requests the /oauth2/webauthn path. This page contains a form where a user can enter their loginId (username or email address) to authenticate with one of their registered WebAuthn passkeys. This page uses the WebAuthn bootstrap workflow.","description_kind":"plain","optional":true,"computed":true},"oauth2_webauthn_reauth":{"type":"string","description":"A FreeMarker template that is rendered when the user requests the /oauth2/webauthn-reauth path. This page contains a form that lists the WebAuthn passkeys currently available for re-authentication. A user can select one of the listed passkeys to authenticate using the corresponding passkey and user account.","description_kind":"plain","optional":true,"computed":true},"oauth2_webauthn_reauth_enable":{"type":"string","description":"A FreeMarker template that is rendered when the user requests the /oauth2/webauthn-reauth-enable path. This page contains two forms. One allows the user to select one of their existing WebAuthn passkeys to use for re-authentication. The other allows the user to register a new WebAuthn passkey for re-authentication.","description_kind":"plain","optional":true,"computed":true},"password_change":{"type":"string","description":"A FreeMarker template that is rendered when the user requests the /password/change path. This page is used if the user is required to change their password or if they have requested a password reset. This page contains the form that allows the user to provide a new password.","description_kind":"plain","optional":true,"computed":true},"password_complete":{"type":"string","description":"A FreeMarker template that is rendered when the user requests the /password/complete path. This page is used after the user has successfully updated their password, or reset it. This page should instruct the user that their password was updated and that they need to login again.","description_kind":"plain","optional":true,"computed":true},"password_forgot":{"type":"string","description":"A FreeMarker template that is rendered when the user requests the /password/forgot path. This page is used when a user starts the forgot password workflow. This page renders the form where the user types in their email address.","description_kind":"plain","optional":true,"computed":true},"password_sent":{"type":"string","description":"A FreeMarker template that is rendered when the user requests the /password/sent path. This page is used when a user has submitted the forgot password form with their email. FusionAuth does not indicate back to the user if their email address was valid in order to prevent malicious activity that could reveal valid email addresses. Therefore, this page should indicate to the user that if their email was valid, they will receive an email shortly with a link to reset their password.","description_kind":"plain","optional":true,"computed":true},"phone_complete":{"type":"string","description":"A FreeMarker template that is rendered when the user requests the /phone/complete path. This page is used after a user has verified their phone number by clicking the URL in the message. After FusionAuth has updated their user object to indicate that their phone number was verified, the browser is redirected to this page.","description_kind":"plain","optional":true,"computed":true},"phone_sent":{"type":"string","description":"A FreeMarker template that is rendered when the user requests the /phone/sent path. This page is used after a user has asked for the verification message to be resent. This can happen if the URL in the message expired and the user clicked it. In this case, the user can provide their phone number again and FusionAuth will resend the message. After the user submits their phone number and FusionAuth re-sends a verification message to them, the browser is redirected to this page.","description_kind":"plain","optional":true,"computed":true},"phone_verification_required":{"type":"string","description":"A FreeMarker template that is rendered when the user requests the /phone/verification-required path. This page is rendered when a user is required to verify their phone number prior to being allowed to proceed with login. This occurs when Unverified behavior is set to Gated in identities/phone verification settings on the Tenant.","description_kind":"plain","optional":true,"computed":true},"phone_verify":{"type":"string","description":"A FreeMarker template that is rendered when the user requests the /phone/verify path. This page is rendered when a user clicks the URL from the verification message and the verificationId has expired. FusionAuth expires verificationId after a period of time (which is configurable). If the user has a URL from the verification message that has expired, this page will be rendered and the error will be displayed to the user.","description_kind":"plain","optional":true,"computed":true},"registration_complete":{"type":"string","description":"A FreeMarker template that is rendered when the user requests the /registration/complete path. This page is used after a user has verified their email address for a specific application (i.e. a user registration) by clicking the URL in the email. After FusionAuth has updated their registration object to indicate that their email was verified, the browser is redirected to this page.","description_kind":"plain","optional":true,"computed":true},"registration_send":{"type":"string","description":"A FreeMarker template that is rendered when the user requests the /registration/send page. This page is used after a user has asked for the application specific verification email to be resent. This can happen if the URL in the email expired and the user clicked it. In this case, the user can provide their email address again and FusionAuth will resend the email. After the user submits their email and FusionAuth re-sends a verification email to them, the browser is redirected to this page.","description_kind":"plain","deprecated":true,"optional":true,"computed":true},"registration_sent":{"type":"string","description":"A FreeMarker template that is rendered when the user requests the /registration/sent path. This page is used after a user has asked for the application specific verification email to be resent. This can happen if the URL in the email expired and the user clicked it. In this case, the user can provide their email address again and FusionAuth will resend the email. After the user submits their email and FusionAuth re-sends a verification email to them, the browser is redirected to this page.","description_kind":"plain","optional":true,"computed":true},"registration_verification_required":{"type":"string","description":"A FreeMarker template that is rendered when the user requests the /registration/verification-required path. This page is rendered when a user is required to verify their registration prior to being allowed to proceed with the registration flow. This occurs when Unverified behavior is set to Gated in registration verification settings on the Application.","description_kind":"plain","optional":true,"computed":true},"registration_verify":{"type":"string","description":"A FreeMarker template that is rendered when the user requests the /registration/verify path. This page is used when a user clicks the URL from the application specific verification email and the verificationId has expired. FusionAuth expires verificationId after a period of time (which is configurable). If the user has a URL from the verification email that has expired, this page will be rendered and the error will be displayed to the user.","description_kind":"plain","optional":true,"computed":true},"samlv2_logout":{"type":"string","description":"A FreeMarker template that is rendered when the user requests the /samlv2/logout path. This page is used if the user initiates a SAML logout. This page causes the user to be logged out of all associated applications via a front-channel mechanism before being redirected.","description_kind":"plain","optional":true,"computed":true},"source_theme_id":{"type":"string","description":"The optional Id of an existing Theme to make a copy of. If present, the defaultMessages, localizedMessages, templates, and stylesheet from the source Theme will be copied to the new Theme.","description_kind":"plain","optional":true},"stylesheet":{"type":"string","description":"A CSS stylesheet used to style the templates.","description_kind":"plain","optional":true,"computed":true},"theme_id":{"type":"string","description":"The unique Id of the Theme.","description_kind":"plain","optional":true,"computed":true},"unauthorized":{"type":"string","description":"An optional FreeMarker template that contains the unauthorized page.","description_kind":"plain","optional":true,"computed":true}},"description_kind":"plain"}},"fusionauth_twilio_messenger":{"version":0,"block":{"attributes":{"account_sid":{"type":"string","description":"The Twilio Account ID to use when connecting to the Twilio API. This can be found in your Twilio dashboard.","description_kind":"plain","required":true},"auth_token":{"type":"string","description":"The Twilio Auth Token to use when connecting to the Twilio API. This can be found in your Twilio dashboard.","description_kind":"plain","optional":true,"sensitive":true},"data":{"type":"string","description":"An object that can hold any information about the Twilio Messenger that should be persisted. Please review the limits on data field types as you plan for and build your custom data schema. Must be a JSON string.","description_kind":"plain","optional":true},"debug":{"type":"bool","description":"If debug is enabled, an event log is created to assist in debugging messenger errors.","description_kind":"plain","optional":true},"from_phone_number":{"type":"string","description":"The configured Twilio phone number that will be used to send messages. This can be found in your Twilio dashboard.","description_kind":"plain","optional":true},"id":{"type":"string","description_kind":"plain","optional":true,"computed":true},"messaging_service_sid":{"type":"string","description":"The Twilio message service Id, this is used when using Twilio Copilot to load balance between numbers. This can be found in your Twilio dashboard. If this is set, the fromPhoneNumber will be ignored.","description_kind":"plain","optional":true},"messenger_id":{"type":"string","description":"The Id to use for the new Messenger. If not specified a secure random UUID will be generated.","description_kind":"plain","optional":true,"computed":true},"name":{"type":"string","description":"The unique Messenger name.","description_kind":"plain","required":true},"url":{"type":"string","description":"The Twilio URL that FusionAuth will use to communicate with the Twilio API.","description_kind":"plain","required":true}},"description_kind":"plain"}},"fusionauth_user":{"version":1,"block":{"attributes":{"application_id":{"type":"string","description":"An optional Application Id. When this value is provided, it will be used to resolve an application specific email template if you have configured transactional emails such as setup password, email verification and others.","description_kind":"plain","optional":true},"birth_date":{"type":"string","description":"An ISO-8601 formatted date of the User’s birthdate such as YYYY-MM-DD.","description_kind":"plain","optional":true},"data":{"type":"string","description":"An object that can hold any information about a User that should be persisted. Must be a JSON encoded string.","description_kind":"plain","optional":true},"disable_domain_block":{"type":"bool","description":"A tenant has the option to configure one or more email domains to be blocked in order to restrict email domains during user create or update.","description_kind":"plain","optional":true},"email":{"type":"string","description":"The User’s email address. An email address is a unique in FusionAuth and stored in lower case.","description_kind":"plain","optional":true},"encryption_scheme":{"type":"string","description":"The method for encrypting the User’s password.","description_kind":"plain","optional":true},"expiry":{"type":"number","description":"The expiration instant of the User’s account. An expired user is not permitted to login.","description_kind":"plain","optional":true},"factor":{"type":"number","description":"The factor used by the password encryption scheme. If not provided, the PasswordEncryptor provides a default value. Generally this will be used as an iteration count to generate the hash. The actual use of this value is up to the PasswordEncryptor implementation.","description_kind":"plain","optional":true,"computed":true},"first_name":{"type":"string","description":"The first name of the User.","description_kind":"plain","optional":true},"full_name":{"type":"string","description":"The User’s full name as a separate field that is not calculated from firstName and lastName.","description_kind":"plain","optional":true},"id":{"type":"string","description_kind":"plain","optional":true,"computed":true},"identities":{"type":["list",["object",{"display_value":"string","insert_instant":"number","last_login_instant":"number","last_update_instant":"number","moderation_status":"string","type":"string","value":"string","verified":"bool","verified_instant":"number","verified_reason":"string"}]],"description":"The list of identities that exist for a User.","description_kind":"plain","computed":true},"image_url":{"type":"string","description":"The URL that points to an image file that is the User’s profile image.","description_kind":"plain","optional":true},"last_name":{"type":"string","description":"The User’s last name.","description_kind":"plain","optional":true},"middle_name":{"type":"string","description":"The User’s middle name.","description_kind":"plain","optional":true},"mobile_phone":{"type":"string","description":"The User’s mobile phone number. This is useful is you will be sending push notifications or SMS messages to the User.","description_kind":"plain","optional":true},"parent_email":{"type":"string","description":"The email address of the user’s parent or guardian. This field is used to allow a child user to identify their parent so FusionAuth can make a request to the parent to confirm the parent relationship.","description_kind":"plain","optional":true},"password":{"type":"string","description":"The User's plaintext password. This password will be hashed and the provided value will never be stored and cannot be retrieved.","description_kind":"plain","optional":true,"sensitive":true},"password_change_required":{"type":"bool","description":"Indicates that the User’s password needs to be changed during their next login attempt.","description_kind":"plain","optional":true},"phone_number":{"type":"string","description":"The phone number of the User. The phone number is stored and returned in E.164 canonical format, however a phone number is considered unique regardless of the format. 303-555-1212 is considered equal to +13035551212 so either version of this phone number can be used whenever providing it as input to an API. If phone_number is not provided, then email or username will be required.","description_kind":"plain","optional":true},"preferred_languages":{"type":["set","string"],"description":"An array of locale strings that give, in order, the User’s preferred languages. These are important for email templates and other localizable text.","description_kind":"plain","optional":true},"send_set_password_email":{"type":"bool","description":"Indicates to FusionAuth to send the User an email asking them to set their password. The Email Template that is used is configured in the System Configuration setting for Set Password Email Template.","description_kind":"plain","deprecated":true,"optional":true},"send_set_password_identity_type":{"type":"string","description":"If set, FusionAuth will send the User a message asking them to set their password. When you set this value to anything but `doNotSend`, any provided password field is ignored. The possible values are `doNotSend`, `email`, and `phone`.","description_kind":"plain","optional":true},"skip_verification":{"type":"bool","description":"Indicates to FusionAuth that it should skip email verification even if it is enabled. This is useful for creating admin or internal User accounts.","description_kind":"plain","optional":true},"tenant_id":{"type":"string","description":"The unique Id of the tenant used to scope this API request.","description_kind":"plain","optional":true},"timezone":{"type":"string","description":"The User’s preferred timezone. The string must be in an IANA time zone format. For example:","description_kind":"plain","optional":true},"user_id":{"type":"string","description":"The Id to use for the new User. If not specified a secure random UUID will be generated.","description_kind":"plain","optional":true,"computed":true},"username":{"type":"string","description":"The username of the User. The username is stored and returned as a case sensitive value, however a username is considered unique regardless of the case. bob is considered equal to BoB so either version of this username can be used whenever providing it as input to an API.","description_kind":"plain","optional":true},"username_status":{"type":"string","description":"The current status of the username. This is used if you are moderating usernames via CleanSpeak.","description_kind":"plain","optional":true}},"block_types":{"two_factor_methods":{"nesting_mode":"list","block":{"attributes":{"authenticator_algorithm":{"type":"string","description":"The algorithm used by the TOTP authenticator. With the current implementation, this will always be HmacSHA1.","description_kind":"plain","optional":true,"computed":true},"authenticator_code_length":{"type":"number","description":"The length of code generated by the TOTP. With the current implementation, this will always be 6.","description_kind":"plain","optional":true,"computed":true},"authenticator_time_step":{"type":"number","description":"The time-step size in seconds. With the current implementation, this will always be 30.","description_kind":"plain","optional":true,"computed":true},"email":{"type":"string","description":"The value of the email address for this method. Only present if user.twoFactor.methods[x].method is email.","description_kind":"plain","optional":true},"method":{"type":"string","description":"The type of this method. There will also be an object with the same value containing additional information about this method.","description_kind":"plain","optional":true},"mobile_phone":{"type":"string","description":"The value of the mobile phone for this method. Only present if user.twoFactor.methods[x].method is sms.","description_kind":"plain","optional":true},"name":{"type":"string","description":"A user-friendly name for this two-factor method, for example \"Work authenticator\".","description_kind":"plain","optional":true},"secret":{"type":"string","description":"A base64 encoded secret","description_kind":"plain","optional":true,"sensitive":true},"two_factor_method_id":{"type":"string","description":"The unique Id of the method.","description_kind":"plain","computed":true}},"description_kind":"plain"}},"verification_ids":{"nesting_mode":"list","block":{"attributes":{"one_time_code":{"type":"string","description":"A one time code that will be paired with the verificationIds[x].id .","description_kind":"plain","computed":true},"type":{"type":"string","description":"The identity type that the verification Id is for. This identity type, along with verificationIds[x].value , matches exactly one identity via user.identities[x].type .","description_kind":"plain","computed":true},"value":{"type":"string","description":"The identity value that the verification Id is for. This identity value, along with verificationIds[x].type , matches exactly one identity via user.identities[x].value .","description_kind":"plain","computed":true},"verification_id":{"type":"string","description":"A verification Id.","description_kind":"plain","optional":true,"computed":true}},"description":"The list of all verifications that exist for a user. This includes the email and phone identities that a user may have. The values from emailVerificationId and emailVerificationOneTimeCode are legacy fields and will also be present in this list.","description_kind":"plain"}}},"description_kind":"plain"}},"fusionauth_user_action":{"version":0,"block":{"attributes":{"cancel_email_template_id":{"type":"string","description":"The Id of the Email Template that is used when User Actions are canceled.","description_kind":"plain","optional":true},"end_email_template_id":{"type":"string","description":"The Id of the Email Template that is used when User Actions expired automatically (end).","description_kind":"plain","optional":true},"id":{"type":"string","description_kind":"plain","optional":true,"computed":true},"include_email_in_event_json":{"type":"bool","description":"Whether to include the email information in the JSON that is sent to the Webhook when a user action is taken.","description_kind":"plain","optional":true},"localized_names":{"type":["map","string"],"description":"A mapping of localized names for this User Action. The key is the Locale and the value is the name of the User Action for that language.","description_kind":"plain","optional":true},"modify_email_template_id":{"type":"string","description":"The Id of the Email Template that is used when User Actions are modified.","description_kind":"plain","optional":true},"name":{"type":"string","description":"The name of this User Action.","description_kind":"plain","required":true},"prevent_login":{"type":"bool","description":"Whether or not this User Action will prevent user login. When this value is set to true the action must also be marked as a time based action. See `temporal`.","description_kind":"plain","optional":true},"send_end_event":{"type":"bool","description":"Whether or not FusionAuth will send events to any registered Webhooks when this User Action expires.","description_kind":"plain","optional":true},"start_email_template_id":{"type":"string","description":"The Id of the Email Template that is used when User Actions are started (created).","description_kind":"plain","optional":true},"temporal":{"type":"bool","description":"Whether or not this User Action is time-based (temporal).","description_kind":"plain","optional":true},"transaction_type":{"type":"string","description":"The transaction type of this User Action.","description_kind":"plain","optional":true},"user_action_id":{"type":"string","description":"The id of this User Action.","description_kind":"plain","optional":true,"computed":true},"user_emailing_enabled":{"type":"bool","description":"Whether or not email is enabled for this User Action.","description_kind":"plain","optional":true},"user_notifications_enabled":{"type":"bool","description":"Whether or not user notifications are enabled for this User Action.","description_kind":"plain","optional":true}},"block_types":{"options":{"nesting_mode":"set","block":{"attributes":{"localized_names":{"type":["map","string"],"description":"A mapping of localized names for this User Action Option. The key is the Locale and the value is the name of the User Action Option for that language.","description_kind":"plain","optional":true},"name":{"type":"string","description":"The name of this User Action Option.","description_kind":"plain","required":true}},"description":"The list of User Action Options.","description_kind":"plain"}}},"description_kind":"plain"}},"fusionauth_user_group_membership":{"version":1,"block":{"attributes":{"data":{"type":"string","description":"An object that can hold any information about the User Group Membership that should be persisted. Please review the limits on data field types as you plan for and build your custom data schema. Must be a JSON string.","description_kind":"plain","optional":true},"group_id":{"type":"string","description":"The Id of the Group of this membership.","description_kind":"plain","required":true},"id":{"type":"string","description_kind":"plain","optional":true,"computed":true},"membership_id":{"type":"string","description":"The Id of the Membership.","description_kind":"plain","optional":true,"computed":true},"user_id":{"type":"string","description":"The Id of the User of this membership.","description_kind":"plain","required":true}},"description_kind":"plain"}},"fusionauth_webhook":{"version":1,"block":{"attributes":{"connect_timeout":{"type":"number","description":"The connection timeout in milliseconds used when FusionAuth sends events to the Webhook.","description_kind":"plain","required":true},"data":{"type":"string","description":"An object that can hold any information about the Webhook that should be persisted. Please review the limits on data field types as you plan for and build your custom data schema. Must be a JSON string.","description_kind":"plain","optional":true},"description":{"type":"string","description":"A description of the Webhook. This is used for display purposes only.","description_kind":"plain","optional":true},"global":{"type":"bool","description":"Whether or not this Webhook is used for all events or just for specific Applications.","description_kind":"plain","optional":true},"headers":{"type":["map","string"],"description":"An object that contains headers that are sent as part of the HTTP request for the events.","description_kind":"plain","optional":true},"http_authentication_password":{"type":"string","description":"The HTTP basic authentication password that is sent as part of the HTTP request for the events.","description_kind":"plain","optional":true,"sensitive":true},"http_authentication_username":{"type":"string","description":"The HTTP basic authentication username that is sent as part of the HTTP request for the events.","description_kind":"plain","optional":true,"sensitive":true},"id":{"type":"string","description_kind":"plain","optional":true,"computed":true},"read_timeout":{"type":"number","description":"The read timeout in milliseconds used when FusionAuth sends events to the Webhook.","description_kind":"plain","required":true},"ssl_certificate":{"type":"string","description":"An SSL certificate in PEM format that is used to establish the a SSL (TLS specifically) connection to the Webhook.","description_kind":"plain","optional":true},"ssl_certificate_key_id":{"type":"string","description":"The Id of an existing Key. The X.509 certificate is used for client certificate authentication in requests to the Webhook.","description_kind":"plain","optional":true},"tenant_ids":{"type":["set","string"],"description":"The Ids of the Tenants that this Webhook should be associated with. If no Ids are specified and the global field is false, this Webhook will not be used.","description_kind":"plain","computed":true},"url":{"type":"string","description":"The fully qualified URL of the Webhook’s endpoint that will accept the event requests from FusionAuth.","description_kind":"plain","required":true},"webhook_id":{"type":"string","description":"The Id of the Webhook.","description_kind":"plain","optional":true,"computed":true}},"block_types":{"events_enabled":{"nesting_mode":"list","block":{"attributes":{"audit_log_create":{"type":"bool","description":"An audit log was created","description_kind":"plain","optional":true},"event_log_create":{"type":"bool","description":"An event log was created","description_kind":"plain","optional":true},"group_create":{"type":"bool","description":"A group is being created","description_kind":"plain","optional":true},"group_create_complete":{"type":"bool","description":"A create group request completed","description_kind":"plain","optional":true},"group_delete":{"type":"bool","description":"A group is being deleted","description_kind":"plain","optional":true},"group_delete_complete":{"type":"bool","description":"A group delete request completed","description_kind":"plain","optional":true},"group_member_add":{"type":"bool","description":"A user is being added to a group","description_kind":"plain","optional":true},"group_member_add_complete":{"type":"bool","description":"A user add request has completed","description_kind":"plain","optional":true},"group_member_remove":{"type":"bool","description":"A user is being removed from a group","description_kind":"plain","optional":true},"group_member_remove_complete":{"type":"bool","description":"A user remove request has completed","description_kind":"plain","optional":true},"group_member_update":{"type":"bool","description":"A groups membership is being updated","description_kind":"plain","optional":true},"group_member_update_complete":{"type":"bool","description":"A group member update request has completed","description_kind":"plain","optional":true},"group_update":{"type":"bool","description":"A group is being updated","description_kind":"plain","optional":true},"group_update_complete":{"type":"bool","description":"A request to update a group has completed","description_kind":"plain","optional":true},"jwt_public_key_update":{"type":"bool","description":"A configuration occurred that may affect public keys used to verify a JWT signed by FusionAuth","description_kind":"plain","optional":true},"jwt_refresh":{"type":"bool","description":"A JWT was refreshed using a refresh token","description_kind":"plain","optional":true},"jwt_refresh_token_revoke":{"type":"bool","description":"One or more refresh tokens were revoked","description_kind":"plain","optional":true},"kickstart_success":{"type":"bool","description":"Kickstart completed successfully the system is ready for use","description_kind":"plain","optional":true},"user_action":{"type":"bool","description":"An action was taken on a user, or an existing event may be changing states if the action is time based","description_kind":"plain","optional":true},"user_bulk_create":{"type":"bool","description":"One or more users were created using the Bulk create API","description_kind":"plain","optional":true},"user_create":{"type":"bool","description":"A user is being created","description_kind":"plain","optional":true},"user_create_complete":{"type":"bool","description":"A create user request completed","description_kind":"plain","optional":true},"user_deactivate":{"type":"bool","description":"A user is being de-activated, this is synonymous with a soft-delete when using the API","description_kind":"plain","optional":true},"user_delete":{"type":"bool","description":"A user is being deleted","description_kind":"plain","optional":true},"user_delete_complete":{"type":"bool","description":"A user delete request has completed","description_kind":"plain","optional":true},"user_email_update":{"type":"bool","description":"A user updated their email address","description_kind":"plain","optional":true},"user_email_verified":{"type":"bool","description":"A user has verified their email address","description_kind":"plain","optional":true},"user_identity_provider_link":{"type":"bool","description":"A link has been established between a user and an identity provider","description_kind":"plain","optional":true},"user_identity_provider_unlink":{"type":"bool","description":"An existing link has been removed between a user and an identify provider","description_kind":"plain","optional":true},"user_identity_verified":{"type":"bool","description":"When a user's identity is verified","description_kind":"plain","optional":true},"user_login_failed":{"type":"bool","description":"A login request has failed","description_kind":"plain","optional":true},"user_login_id_duplicate_create":{"type":"bool","description":"A user attempted to register using an email address or username of an existing user","description_kind":"plain","optional":true},"user_login_id_duplicate_update":{"type":"bool","description":"A user attempted to modify their email address or username to that of an existing user","description_kind":"plain","optional":true},"user_login_new_device":{"type":"bool","description":"A user has logged in from a new device","description_kind":"plain","optional":true},"user_login_success":{"type":"bool","description":"A login request has succeeded","description_kind":"plain","optional":true},"user_login_suspicious":{"type":"bool","description":"A suspicious login request has succeeded. This may be due to an impossible travel calculation, or other indicators","description_kind":"plain","optional":true},"user_password_breach":{"type":"bool","description":"A user's password has been identified as vulnerable due to being found in one or more breached data sets","description_kind":"plain","optional":true},"user_password_reset_send":{"type":"bool","description":"A user has been sent an email as part of a password reset workflow","description_kind":"plain","optional":true},"user_password_reset_start":{"type":"bool","description":"A user has started a password reset workflow","description_kind":"plain","optional":true},"user_password_reset_success":{"type":"bool","description":"A user has completed a password reset workflow","description_kind":"plain","optional":true},"user_password_update":{"type":"bool","description":"A user has updated their password","description_kind":"plain","optional":true},"user_reactivate":{"type":"bool","description":"A user has been re-activated","description_kind":"plain","optional":true},"user_registration_create":{"type":"bool","description":"A user registration is being created","description_kind":"plain","optional":true},"user_registration_create_complete":{"type":"bool","description":"A user registration has been created","description_kind":"plain","optional":true},"user_registration_delete":{"type":"bool","description":"A user registration has been deleted","description_kind":"plain","optional":true},"user_registration_delete_complete":{"type":"bool","description":"A user registration delete request has completed","description_kind":"plain","optional":true},"user_registration_update":{"type":"bool","description":"A user registration is being updated","description_kind":"plain","optional":true},"user_registration_update_complete":{"type":"bool","description":"A user registration update request has completed","description_kind":"plain","optional":true},"user_registration_verified":{"type":"bool","description":"A user registration has been verified","description_kind":"plain","optional":true},"user_two_factor_challenge":{"type":"bool","description":"A user has been issued a two-factor challenge","description_kind":"plain","optional":true},"user_two_factor_failed_attempt":{"type":"bool","description":"A user has failed a two-factor challenge attempt","description_kind":"plain","optional":true},"user_two_factor_method_add":{"type":"bool","description":"A user has added a two-factor method","description_kind":"plain","optional":true},"user_two_factor_method_remove":{"type":"bool","description":"A user has removed a two-factor method","description_kind":"plain","optional":true},"user_two_factor_success":{"type":"bool","description":"A user has successfully completed a two-factor challenge","description_kind":"plain","optional":true},"user_update":{"type":"bool","description":"A user is being updated","description_kind":"plain","optional":true},"user_update_complete":{"type":"bool","description":"A user update request has completed","description_kind":"plain","optional":true}},"description_kind":"plain"},"max_items":1},"signature_configuration":{"nesting_mode":"list","block":{"attributes":{"enabled":{"type":"bool","description":"Indicates if the Webhook request should be signed.","description_kind":"plain","optional":true},"signing_key_id":{"type":"string","description":"The Id of the key used to sign the Webhook request.","description_kind":"plain","optional":true}},"description_kind":"plain"},"max_items":1}},"description_kind":"plain"}}},"data_source_schemas":{"fusionauth_application":{"version":1,"block":{"attributes":{"id":{"type":"string","description_kind":"plain","optional":true,"computed":true},"name":{"type":"string","description":"The name of the Application.","description_kind":"plain","required":true},"tenant_id":{"type":"string","description":"The ID of the Tenant that owns the Application.","description_kind":"plain","computed":true},"webauthn_configuration":{"type":["list",["object",{"bootstrap_workflow_enabled":"bool","enabled":"bool","reauthentication_workflow_enabled":"bool"}]],"description":"The WebAuthnConfiguration for the Application.","description_kind":"plain","computed":true}},"description_kind":"plain"}},"fusionauth_application_oauth_scope":{"version":1,"block":{"attributes":{"application_id":{"type":"string","description":"The Id of the application to which this scope belongs.","description_kind":"plain","required":true},"data":{"type":"string","description":"The data to associate with the scope.","description_kind":"plain","computed":true},"default_consent_detail":{"type":"string","description":"The default detail to display on the OAuth consent screen if one cannot be found in the theme.","description_kind":"plain","computed":true},"default_consent_message":{"type":"string","description":"The default message to display on the OAuth consent screen if one cannot be found in the theme.","description_kind":"plain","computed":true},"description":{"type":"string","description":"The description of the scope.","description_kind":"plain","computed":true},"id":{"type":"string","description_kind":"plain","optional":true,"computed":true},"name":{"type":"string","description":"The name of the Application.","description_kind":"plain","required":true},"required":{"type":"bool","description":"Determines if the OAuth Scope is required when requested in an OAuth workflow.","description_kind":"plain","computed":true},"scope_id":{"type":"string","description":"The Id to use for the new OAuth Scope. If not specified a secure random UUID will be generated.","description_kind":"plain","computed":true}},"description_kind":"plain"}},"fusionauth_application_role":{"version":0,"block":{"attributes":{"application_id":{"type":"string","description":"ID of the application that this role is for.","description_kind":"plain","required":true},"id":{"type":"string","description_kind":"plain","optional":true,"computed":true},"name":{"type":"string","description":"The name of the Application.","description_kind":"plain","required":true}},"description_kind":"plain"}},"fusionauth_consent":{"version":0,"block":{"attributes":{"consent_email_template_id":{"type":"string","description":"The Id of the Email Template that is used to send confirmation to the end user.","description_kind":"plain","computed":true},"consent_id":{"type":"string","description":"The unique Id of the Consent to retrieve.","description_kind":"plain","optional":true,"computed":true},"country_minimum_age_for_self_consent":{"type":["map","number"],"description":"This property optionally overrides the value provided in defaultMinimumAgeForSelfConsent if a more specific value is defined.","description_kind":"plain","computed":true},"data":{"type":"string","description":"An object that can hold any information about the Consent that should be persisted. Must be a JSON string.","description_kind":"plain","computed":true},"default_minimum_age_for_self_consent":{"type":"number","description":"The default age of self consent used when granting this consent to a user unless a more specific one is provided by the countryMinimumAgeForSelfConsent.","description_kind":"plain","computed":true},"email_plus":{"type":["list",["object",{"email_template_id":"string","enabled":"bool","maximum_time_to_send_email_in_hours":"number","minimum_time_to_send_email_in_hours":"number"}]],"description":"Email Plus provides and additional opportunity to notify the giver that consent was provided.","description_kind":"plain","computed":true},"id":{"type":"string","description_kind":"plain","optional":true,"computed":true},"multiple_values_allowed":{"type":"bool","description":"Set to true if more than one value may be used when granting this consent to a User.","description_kind":"plain","computed":true},"name":{"type":"string","description":"The case-insensitive string to search for in the Consent name.","description_kind":"plain","optional":true,"computed":true},"values":{"type":["list","string"],"description":"The list of values that may be assigned to this consent.","description_kind":"plain","computed":true}},"description_kind":"plain"}},"fusionauth_email":{"version":0,"block":{"attributes":{"default_from_name":{"type":"string","description":"The default From Name used when sending emails.","description_kind":"plain","computed":true},"default_html_template":{"type":"string","description":"The default HTML Email Template.","description_kind":"plain","computed":true},"default_subject":{"type":"string","description":"The default Subject used when sending emails.","description_kind":"plain","computed":true},"default_text_template":{"type":"string","description":"The default Text Email Template.","description_kind":"plain","computed":true},"from_email":{"type":"string","description":"The email address that this email will be sent from.","description_kind":"plain","optional":true},"id":{"type":"string","description":"The unique Id of the Email Template","description_kind":"plain","computed":true},"localized_from_names":{"type":["map","string"],"description":"The From Name used when sending emails to users who speak other languages.","description_kind":"plain","computed":true},"localized_html_templates":{"type":["map","string"],"description":"The HTML Email Template used when sending emails to users who speak other languages.","description_kind":"plain","computed":true},"localized_subjects":{"type":["map","string"],"description":"The Subject used when sending emails to users who speak other languages.","description_kind":"plain","computed":true},"localized_text_templates":{"type":["map","string"],"description":"The Text Email Template used when sending emails to users who speak other languages.","description_kind":"plain","computed":true},"name":{"type":"string","description":"The name of the Email Template.","description_kind":"plain","required":true}},"description_kind":"plain"}},"fusionauth_form":{"version":1,"block":{"attributes":{"data":{"type":"string","description":"An object that can hold any information about the Form that should be persisted.","description_kind":"plain","optional":true},"form_id":{"type":"string","description":"The unique Id of the Form.","description_kind":"plain","optional":true,"computed":true},"id":{"type":"string","description_kind":"plain","optional":true,"computed":true},"name":{"type":"string","description":"The unique name of the Form.","description_kind":"plain","optional":true},"type":{"type":"string","description":"The type of form being created, a form type cannot be changed after the form has been created.","description_kind":"plain","optional":true}},"block_types":{"steps":{"nesting_mode":"list","block":{"attributes":{"fields":{"type":["list","string"],"description":"An ordered list of Form Field Ids assigned to this step.","description_kind":"plain","required":true},"type":{"type":"string","description":"The type of step.","description_kind":"plain","computed":true}},"description":"An ordered list of objects containing one or more Form Fields. A Form must have at least one step defined.","description_kind":"plain"}}},"description_kind":"plain"}},"fusionauth_form_field":{"version":1,"block":{"attributes":{"confirm":{"type":"bool","description":"Determines if the user input should be confirmed by requiring the value to be entered twice. If true, a confirmation field is included.","description_kind":"plain","optional":true},"consent_id":{"type":"string","description":"The Id of an existing Consent. This field will be required when the type is set to consent.","description_kind":"plain","optional":true},"control":{"type":"string","description":"The Form Field control","description_kind":"plain","optional":true,"computed":true},"data":{"type":"string","description":"An object that can hold any information about the Form Field that should be persisted.","description_kind":"plain","optional":true},"description":{"type":"string","description":"A description of the Form Field.","description_kind":"plain","optional":true},"form_field_id":{"type":"string","description":"The Id to use for the new Form Field. If not specified a secure random UUID will be generated.","description_kind":"plain","optional":true,"computed":true},"id":{"type":"string","description_kind":"plain","optional":true,"computed":true},"key":{"type":"string","description":"The key is the path to the value in the user or registration object.","description_kind":"plain","optional":true},"name":{"type":"string","description":"The unique name of the Form Field.","description_kind":"plain","optional":true},"options":{"type":["set","string"],"description":"A list of options that are applied to checkbox, radio, or select controls.","description_kind":"plain","optional":true},"required":{"type":"bool","description":"Determines if a value is required to complete the form.","description_kind":"plain","optional":true},"type":{"type":"string","description":"The data type used to store the value in FusionAuth.","description_kind":"plain","optional":true},"validator":{"type":["list",["object",{"enabled":"bool","expression":"string"}]],"description_kind":"plain","optional":true,"computed":true}},"description_kind":"plain"}},"fusionauth_generic_connector":{"version":1,"block":{"attributes":{"authentication_url":{"type":"string","description":"The fully qualified URL used to send an HTTP request to authenticate the user.","description_kind":"plain","computed":true},"connect_timeout":{"type":"number","description":"The connect timeout for the HTTP connection, in milliseconds. Value must be greater than 0.","description_kind":"plain","computed":true},"data":{"type":"string","description":"An object that can hold any information about the Generic Connector that should be persisted. Please review the limits on data field types as you plan for and build your custom data schema. Must be a JSON string.","description_kind":"plain","computed":true},"debug":{"type":"bool","description":"Determines if debug should be enabled to create an event log to assist in debugging integration errors.","description_kind":"plain","computed":true},"headers":{"type":["map","string"],"description":"An object that can hold HTTPHeader key and value pairs.","description_kind":"plain","computed":true},"http_authentication_password":{"type":"string","description":"The basic authentication password to use for requests to the Connector.","description_kind":"plain","computed":true,"sensitive":true},"http_authentication_username":{"type":"string","description":"The basic authentication username to use for requests to the Connector.","description_kind":"plain","computed":true},"id":{"type":"string","description":"The unique Id of the Generic Connector to retrieve.","description_kind":"plain","optional":true,"computed":true},"name":{"type":"string","description":"The case-insensitive string to search for in the Generic Connector name.","description_kind":"plain","optional":true,"computed":true},"read_timeout":{"type":"number","description":"The read timeout for the HTTP connection, in milliseconds. Value must be greater than 0.","description_kind":"plain","computed":true},"ssl_certificate_key_id":{"type":"string","description":"The Id of an existing Key. The X509 certificate is used for client certificate authentication in requests to the Connector.","description_kind":"plain","computed":true}},"description_kind":"plain"}},"fusionauth_generic_messenger":{"version":0,"block":{"attributes":{"connect_timeout":{"type":"number","description":"The connect timeout for the HTTP connection, in milliseconds. Value must be greater than 0.","description_kind":"plain","computed":true},"data":{"type":"string","description":"An object that can hold any information about the Generic Messenger that should be persisted. Please review the limits on data field types as you plan for and build your custom data schema. Must be a JSON string.","description_kind":"plain","computed":true},"debug":{"type":"bool","description":"Determines if debug should be enabled to create an event log to assist in debugging integration errors.","description_kind":"plain","computed":true},"headers":{"type":["map","string"],"description":"An object that can hold HTTPHeader key and value pairs.","description_kind":"plain","computed":true},"http_authentication_password":{"type":"string","description":"The basic authentication password to use for requests to the Messenger.","description_kind":"plain","computed":true,"sensitive":true},"http_authentication_username":{"type":"string","description":"The basic authentication username to use for requests to the Messenger.","description_kind":"plain","computed":true},"id":{"type":"string","description_kind":"plain","optional":true,"computed":true},"messenger_id":{"type":"string","description":"The unique Id of the Generic Messenger to retrieve.","description_kind":"plain","optional":true,"computed":true},"name":{"type":"string","description":"The case-insensitive string to search for in the Generic Messenger name.","description_kind":"plain","optional":true,"computed":true},"read_timeout":{"type":"number","description":"The read timeout for the HTTP connection, in milliseconds. Value must be greater than 0.","description_kind":"plain","computed":true},"ssl_certificate":{"type":"string","description":"An SSL certificate. The certificate is used for client certificate authentication in requests to the Messenger.","description_kind":"plain","computed":true,"sensitive":true},"url":{"type":"string","description":"The fully qualified URL used to send an HTTP request.","description_kind":"plain","computed":true}},"description_kind":"plain"}},"fusionauth_idp":{"version":0,"block":{"attributes":{"id":{"type":"string","description_kind":"plain","optional":true,"computed":true},"name":{"type":"string","description":"The name of the identity provider. This is only used for display purposes. Will be the type for types: `Apple`, `Facebook`, `Google`, `HYPR`, `Twitter`","description_kind":"plain","required":true},"type":{"type":"string","description":"The type of the identity provider.","description_kind":"plain","required":true}},"description_kind":"plain"}},"fusionauth_lambda":{"version":0,"block":{"attributes":{"body":{"type":"string","description":"The lambda function body, a JavaScript function.","description_kind":"plain","computed":true},"debug":{"type":"bool","description":"Whether or not debug event logging is enabled for this Lambda.","description_kind":"plain","computed":true},"id":{"type":"string","description":"The ID of the Lambda.","description_kind":"plain","optional":true,"computed":true},"name":{"type":"string","description":"The name of the Lambda.","description_kind":"plain","optional":true},"type":{"type":"string","description":"The Lambda type.","description_kind":"plain","required":true}},"description_kind":"plain"}},"fusionauth_ldap_connector":{"version":0,"block":{"attributes":{"authentication_url":{"type":"string","description":"The fully qualified LDAP URL to authenticate.","description_kind":"plain","computed":true},"base_structure":{"type":"string","description":"The top of the LDAP directory hierarchy. Typically this contains the dc (domain component) element.","description_kind":"plain","computed":true},"connect_timeout":{"type":"number","description":"The connect timeout for the HTTP connection, in milliseconds. Value must be greater than 0.","description_kind":"plain","computed":true},"data":{"type":"string","description":"An object that can hold any information about the Connector that should be persisted. Must be a JSON string.","description_kind":"plain","computed":true},"debug":{"type":"bool","description":"Determines if debug should be enabled to create an event log to assist in debugging integration errors.","description_kind":"plain","computed":true},"id":{"type":"string","description":"The unique Id of the LDAP Connector to retrieve.","description_kind":"plain","optional":true,"computed":true},"identifying_attribute":{"type":"string","description":"The entry attribute name which is the first component of the distinguished name of entries in the directory.","description_kind":"plain","computed":true},"lambda_configuration":{"type":["list",["object",{"reconcile_id":"string"}]],"description_kind":"plain","computed":true},"login_id_attribute":{"type":"string","description":"The entity attribute name which stores the identifier that is used for logging the user in.","description_kind":"plain","computed":true},"name":{"type":"string","description":"The case-insensitive string to search for in the LDAP Connector name.","description_kind":"plain","optional":true,"computed":true},"read_timeout":{"type":"number","description":"The read timeout for the HTTP connection, in milliseconds. Value must be greater than 0.","description_kind":"plain","computed":true},"requested_attributes":{"type":["set","string"],"description":"The list of attributes to request from the LDAP server. This is a list of strings.","description_kind":"plain","computed":true},"security_method":{"type":"string","description":"The LDAP security method. Possible values are: None, LDAPS, or StartTLS.","description_kind":"plain","computed":true},"system_account_dn":{"type":"string","description":"The distinguished name of the system account used to authenticate to the LDAP server.","description_kind":"plain","computed":true},"system_account_password":{"type":"string","description":"The password of an entry that has read access to the directory.","description_kind":"plain","computed":true,"sensitive":true}},"description_kind":"plain"}},"fusionauth_sms_message_template":{"version":0,"block":{"attributes":{"data":{"type":"string","description":"An object that can hold any information about the Message Template that should be persisted. Must be a JSON string.","description_kind":"plain","computed":true},"default_template":{"type":"string","description":"The default Message Template.","description_kind":"plain","computed":true},"id":{"type":"string","description_kind":"plain","optional":true,"computed":true},"localized_templates":{"type":["map","string"],"description":"The Message Template used when sending messages to users who speak other languages. This overrides the default Message Template based on the user's list of preferred languages.","description_kind":"plain","computed":true},"message_template_id":{"type":"string","description":"The unique Id of the SMS Message Template to retrieve.","description_kind":"plain","optional":true,"computed":true},"name":{"type":"string","description":"The case-insensitive string to search for in the SMS Message Template name.","description_kind":"plain","optional":true,"computed":true},"type":{"type":"string","description":"The type of Message Template. This is always 'SMS'.","description_kind":"plain","computed":true}},"description_kind":"plain"}},"fusionauth_tenant":{"version":1,"block":{"attributes":{"id":{"type":"string","description_kind":"plain","optional":true,"computed":true},"name":{"type":"string","description":"The name of the Tenant.","description_kind":"plain","required":true}},"description_kind":"plain"}},"fusionauth_theme":{"version":1,"block":{"attributes":{"account_edit":{"type":"string","description":"A FreeMarker template that is rendered when the user requests the /account/edit path. This page contains a form that enables authenticated users to update their profile.","description_kind":"plain","computed":true},"account_index":{"type":"string","description":"A FreeMarker template that is rendered when the user requests the /account path. This is the self-service account landing page. An authenticated user may use this as a starting point for operations such as updating their profile or configuring multi-factor authentication.","description_kind":"plain","computed":true},"account_two_factor_disable":{"type":"string","description":"A FreeMarker template that is rendered when the user requests the /account/two-factor/disable path. This page contains a form that accepts a verification code used to disable a multi-factor authentication method.","description_kind":"plain","computed":true},"account_two_factor_edit":{"type":"string","description":"A FreeMarker template that is rendered when the user requests the /account/two-factor/edit path. This page contains a form that allows the user to edit the name of a multi-factor authentication method.","description_kind":"plain","computed":true},"account_two_factor_enable":{"type":"string","description":"A FreeMarker template that is rendered when the user requests the /account/two-factor/enable path. This page contains a form that accepts a verification code used to enable a multi-factor authentication method. Additionally, this page contains presentation of recovery codes when a user enables multi-factor authentication for the first time.","description_kind":"plain","computed":true},"account_two_factor_index":{"type":"string","description":"A FreeMarker template that is rendered when the user requests the /account/two-factor path. This page displays an authenticated user’s configured multi-factor authentication methods. Additionally, it provides links to enable and disable a method.","description_kind":"plain","computed":true},"account_webauthn_add":{"type":"string","description":"A FreeMarker template that is rendered when the user requests the /account/webauthn/add path. This page contains a form that allows a user to register a new WebAuthn passkey.","description_kind":"plain","computed":true},"account_webauthn_delete":{"type":"string","description":"A FreeMarker template that is rendered when the user requests the /account/webauthn/delete path. This page contains a form that allows a user to delete a WebAuthn passkey.","description_kind":"plain","computed":true},"account_webauthn_index":{"type":"string","description":"A FreeMarker template that is rendered when the user requests the /account/webauthn/ path. This page displays an authenticated user’s registered WebAuthn passkeys. Additionally, it provides links to delete an existing passkey and register a new passkey.","description_kind":"plain","computed":true},"confirmation_required":{"type":"string","description":"A FreeMarker template that is rendered when the user requests the /confirmation-required path. This page is displayed when a user attempts to complete an email based workflow that did not begin in the same browser. For example, if the user starts a forgot password workflow, and then opens the link in a separate browser the user will be shown this panel.","description_kind":"plain","computed":true},"data":{"type":"string","description":"An object that can hold any information about the Theme that should be persisted.","description_kind":"plain","computed":true},"default_messages":{"type":"string","description":"A properties file formatted String containing at least all of the message keys defined in the FusionAuth shipped messages file. Required if not copying an existing Theme.","description_kind":"plain","computed":true},"email_complete":{"type":"string","description":"A FreeMarker template that is rendered when the user requests the /email/complete path. This page is used after a user has verified their email address by clicking the URL in the email. After FusionAuth has updated their user object to indicate that their email was verified, the browser is redirected to this page.","description_kind":"plain","computed":true},"email_send":{"type":"string","description":"A FreeMarker template that is rendered when the user requests the /email/send page. This page is used after a user has asked for the verification email to be resent. This can happen if the URL in the email expired and the user clicked it. In this case, the user can provide their email address again and FusionAuth will resend the email. After the user submits their email and FusionAuth re-sends a verification email to them, the browser is redirected to this page.","description_kind":"plain","deprecated":true,"computed":true},"email_sent":{"type":"string","description":"A FreeMarker template that is rendered when the user requests the /email/sent path. This page is used after a user has asked for the verification email to be resent. This can happen if the URL in the email expired and the user clicked it. In this case, the user can provide their email address again and FusionAuth will resend the email. After the user submits their email and FusionAuth re-sends a verification email to them, the browser is redirected to this page.","description_kind":"plain","computed":true},"email_verification_required":{"type":"string","description":"A FreeMarker template that is rendered when the user requests the /email/verification-required path. This page is rendered when a user is required to verify their email address prior to being allowed to proceed with login. This occurs when Unverified behavior is set to Gated in email verification settings on the Tenant.","description_kind":"plain","computed":true},"email_verify":{"type":"string","description":"A FreeMarker template that is rendered when the user requests the /email/verify path. This page is rendered when a user clicks the URL from the verification email and the verificationId has expired. FusionAuth expires verificationId after a period of time (which is configurable). If the user has a URL from the verification email that has expired, this page will be rendered and the error will be displayed to the user.","description_kind":"plain","computed":true},"helpers":{"type":"string","description":"A FreeMarker template that contains all of the macros and templates used by the rest of the login Theme FreeMarker templates. This allows you to configure the general layout of your UI configuration and login theme without having to copy and paste HTML into each of the templates.","description_kind":"plain","computed":true},"id":{"type":"string","description_kind":"plain","optional":true,"computed":true},"index":{"type":"string","description":"A FreeMarker template that is rendered when the user requests the / path. This is the root landing page. This page is available to unauthenticated users and will be displayed whenever someone navigates to the FusionAuth host’s root page. Prior to version 1.27.0, navigating to this URL would redirect to /admin and would subsequently render the FusionAuth admin login page.","description_kind":"plain","computed":true},"localized_messages":{"type":["map","string"],"description":"A Map of localized versions of the messages. The key is the Locale and the value is a properties file formatted String.","description_kind":"plain","computed":true},"name":{"type":"string","description":"The case-insensitive string to search for in the Theme name. Must be used together with 'type'.","description_kind":"plain","optional":true,"computed":true},"oauth2_authorize":{"type":"string","description":"A FreeMarker template that is rendered when the user requests the /oauth2/authorize path. This is the main login page for FusionAuth and is used for all interactive OAuth2 and OpenID Connect workflows.","description_kind":"plain","computed":true},"oauth2_authorized_not_registered":{"type":"string","description":"A FreeMarker template that is rendered when the user requests the /oauth2/authorized-not-registered path. This page is rendered when a user is not registered and the Application configuration requires registration before FusionAuth will complete the redirect.","description_kind":"plain","computed":true},"oauth2_child_registration_not_allowed":{"type":"string","description":"A FreeMarker template that is rendered when the user requests the /oauth2/child-registration-not-allowed path. This page contains a form where a child must provide their parent’s email address to ask their parent to create an account for them in a Consent workflow.","description_kind":"plain","computed":true},"oauth2_child_registration_not_allowed_complete":{"type":"string","description":"A FreeMarker template that is rendered when the user requests the /oauth2/child-registration-not-allowed-complete path. This page is rendered is rendered after a child provides their parent’s email address for parental consent in a Consent workflow.","description_kind":"plain","computed":true},"oauth2_complete_registration":{"type":"string","description":"A FreeMarker template that is rendered when the user requests the /oauth2/complete-registration path. This page contains a form that is used for users that have accounts but might be missing required fields.","description_kind":"plain","computed":true},"oauth2_consent":{"type":"string","description":"A FreeMarker template that is rendered when the user requests the /oauth2/consent path. This page contains a form for capturing a user's OAuth scope consent choices. If there are no scopes that require a prompt, the user is redirected automatically.","description_kind":"plain","computed":true},"oauth2_device":{"type":"string","description":"A FreeMarker template that is rendered when the user requests the /oauth2/device path. This page contains a form for accepting an end user’s short code for the interactive portion of the OAuth Device Authorization Grant workflow.","description_kind":"plain","computed":true},"oauth2_device_complete":{"type":"string","description":"A FreeMarker template that is rendered when the user requests the /oauth2/device-complete path. This page contains a complete message indicating the device authentication has completed.","description_kind":"plain","computed":true},"oauth2_error":{"type":"string","description":"This page is used if the user starts or is in the middle of the OAuth workflow and any type of error occurs. This could be caused by the user messing with the URL or internally some type of information wasn’t passed between the OAuth endpoints correctly. For example, if you are federating login to an external IdP and that IdP does not properly echo the state parameter, FusionAuth’s OAuth workflow will break and this page will be displayed.","description_kind":"plain","computed":true},"oauth2_logout":{"type":"string","description":"A FreeMarker template that is rendered when the user requests the /oauth2/logout page. This page is used if the user initiates a logout. This page causes the user to be logged out of all associated applications via a front-channel mechanism before being redirected.","description_kind":"plain","computed":true},"oauth2_passwordless":{"type":"string","description":"A FreeMarker template that is rendered when the user requests the /oauth2/passwordless path. This page is rendered when the user starts the passwordless login workflow. The page renders the form where the user types in their email address.","description_kind":"plain","computed":true},"oauth2_register":{"type":"string","description":"A FreeMarker template that is rendered when the user requests the /oauth2/register path. This page is used to register or sign up the user for the application when self-service registration is enabled.","description_kind":"plain","computed":true},"oauth2_start_idp_link":{"type":"string","description":"A FreeMarker template that is rendered when the user requests the /oauth2/start-idp-link path. This page is used if the Identity Provider is configured to have a pending link. The user is presented with the option to link their account with an existing FusionAuth user account.","description_kind":"plain","computed":true},"oauth2_two_factor":{"type":"string","description":"A FreeMarker template that is rendered when the user requests the /oauth2/two-factor path. This page is used if the user has two-factor authentication enabled and they need to type in their code again. FusionAuth will properly handle the processing on the back end. This page contains the form that the user will put their code into.","description_kind":"plain","computed":true},"oauth2_two_factor_enable":{"type":"string","description":"A FreeMarker template that contains the OAuth2 two-factor enable form.","description_kind":"plain","computed":true},"oauth2_two_factor_enable_complete":{"type":"string","description":"A FreeMarker template that contains the OAuth2 two-factor enable complete form.","description_kind":"plain","computed":true},"oauth2_two_factor_methods":{"type":"string","description":"A FreeMarker template that is rendered when the user requests the /oauth2/two-factor-methods path. This page contains a form providing a user with their configured multi-factor authentication options that they may use to complete the authentication challenge.","description_kind":"plain","computed":true},"oauth2_wait":{"type":"string","description":"A FreeMarker template that is rendered when the user requests the /oauth2/wait path. This page is rendered when FusionAuth is waiting for an external provider to complete an out of band authentication request. For example, during a HYPR login this page will be displayed until the user completes authentication.","description_kind":"plain","computed":true},"oauth2_webauthn":{"type":"string","description":"A FreeMarker template that is rendered when the user requests the /oauth2/webauthn path. This page contains a form where a user can enter their loginId (username or email address) to authenticate with one of their registered WebAuthn passkeys. This page uses the WebAuthn bootstrap workflow.","description_kind":"plain","computed":true},"oauth2_webauthn_reauth":{"type":"string","description":"A FreeMarker template that is rendered when the user requests the /oauth2/webauthn-reauth path. This page contains a form that lists the WebAuthn passkeys currently available for re-authentication. A user can select one of the listed passkeys to authenticate using the corresponding passkey and user account.","description_kind":"plain","computed":true},"oauth2_webauthn_reauth_enable":{"type":"string","description":"A FreeMarker template that is rendered when the user requests the /oauth2/webauthn-reauth-enable path. This page contains two forms. One allows the user to select one of their existing WebAuthn passkeys to use for re-authentication. The other allows the user to register a new WebAuthn passkey for re-authentication.","description_kind":"plain","computed":true},"password_change":{"type":"string","description":"A FreeMarker template that is rendered when the user requests the /password/change path. This page is used if the user is required to change their password or if they have requested a password reset. This page contains the form that allows the user to provide a new password.","description_kind":"plain","computed":true},"password_complete":{"type":"string","description":"A FreeMarker template that is rendered when the user requests the /password/complete path. This page is used after the user has successfully updated their password, or reset it. This page should instruct the user that their password was updated and that they need to login again.","description_kind":"plain","computed":true},"password_forgot":{"type":"string","description":"A FreeMarker template that is rendered when the user requests the /password/forgot path. This page is used when a user starts the forgot password workflow. This page renders the form where the user types in their email address.","description_kind":"plain","computed":true},"password_sent":{"type":"string","description":"A FreeMarker template that is rendered when the user requests the /password/sent path. This page is used when a user has submitted the forgot password form with their email. FusionAuth does not indicate back to the user if their email address was valid in order to prevent malicious activity that could reveal valid email addresses. Therefore, this page should indicate to the user that if their email was valid, they will receive an email shortly with a link to reset their password.","description_kind":"plain","computed":true},"phone_complete":{"type":"string","description":"A FreeMarker template that is rendered when the user requests the /phone/complete path. This page is used after a user has verified their phone number by clicking the URL in the message. After FusionAuth has updated their user object to indicate that their phone number was verified, the browser is redirected to this page.","description_kind":"plain","computed":true},"phone_sent":{"type":"string","description":"A FreeMarker template that is rendered when the user requests the /phone/sent path. This page is used after a user has asked for the verification message to be resent. This can happen if the URL in the message expired and the user clicked it. In this case, the user can provide their phone number again and FusionAuth will resend the message. After the user submits their phone number and FusionAuth re-sends a verification message to them, the browser is redirected to this page.","description_kind":"plain","computed":true},"phone_verification_required":{"type":"string","description":"A FreeMarker template that is rendered when the user requests the /phone/verification-required path. This page is rendered when a user is required to verify their phone number prior to being allowed to proceed with login. This occurs when Unverified behavior is set to Gated in identities/phone verification settings on the Tenant.","description_kind":"plain","computed":true},"phone_verify":{"type":"string","description":"A FreeMarker template that is rendered when the user requests the /phone/verify path. This page is rendered when a user clicks the URL from the verification message and the verificationId has expired. FusionAuth expires verificationId after a period of time (which is configurable). If the user has a URL from the verification message that has expired, this page will be rendered and the error will be displayed to the user.","description_kind":"plain","computed":true},"registration_complete":{"type":"string","description":"A FreeMarker template that is rendered when the user requests the /registration/complete path. This page is used after a user has verified their email address for a specific application (i.e. a user registration) by clicking the URL in the email. After FusionAuth has updated their registration object to indicate that their email was verified, the browser is redirected to this page.","description_kind":"plain","computed":true},"registration_send":{"type":"string","description":"A FreeMarker template that is rendered when the user requests the /registration/send page. This page is used after a user has asked for the application specific verification email to be resent. This can happen if the URL in the email expired and the user clicked it. In this case, the user can provide their email address again and FusionAuth will resend the email. After the user submits their email and FusionAuth re-sends a verification email to them, the browser is redirected to this page.","description_kind":"plain","deprecated":true,"computed":true},"registration_sent":{"type":"string","description":"A FreeMarker template that is rendered when the user requests the /registration/sent path. This page is used after a user has asked for the application specific verification email to be resent. This can happen if the URL in the email expired and the user clicked it. In this case, the user can provide their email address again and FusionAuth will resend the email. After the user submits their email and FusionAuth re-sends a verification email to them, the browser is redirected to this page.","description_kind":"plain","computed":true},"registration_verification_required":{"type":"string","description":"A FreeMarker template that is rendered when the user requests the /registration/verification-required path. This page is rendered when a user is required to verify their registration prior to being allowed to proceed with the registration flow. This occurs when Unverified behavior is set to Gated in registration verification settings on the Application.","description_kind":"plain","computed":true},"registration_verify":{"type":"string","description":"A FreeMarker template that is rendered when the user requests the /registration/verify path. This page is used when a user clicks the URL from the application specific verification email and the verificationId has expired. FusionAuth expires verificationId after a period of time (which is configurable). If the user has a URL from the verification email that has expired, this page will be rendered and the error will be displayed to the user.","description_kind":"plain","computed":true},"samlv2_logout":{"type":"string","description":"A FreeMarker template that is rendered when the user requests the /samlv2/logout path. This page is used if the user initiates a SAML logout. This page causes the user to be logged out of all associated applications via a front-channel mechanism before being redirected.","description_kind":"plain","computed":true},"stylesheet":{"type":"string","description":"A CSS stylesheet used to style the templates.","description_kind":"plain","computed":true},"theme_id":{"type":"string","description":"The unique Id of the Theme to retrieve.","description_kind":"plain","optional":true,"computed":true},"type":{"type":"string","description":"The type of Theme to retrieve. Required when searching by name. The value must be one of the following: `simple` or `advanced`.","description_kind":"plain","optional":true,"computed":true},"unauthorized":{"type":"string","description":"An optional FreeMarker template that contains the unauthorized page.","description_kind":"plain","computed":true}},"description_kind":"plain"}},"fusionauth_twilio_messenger":{"version":0,"block":{"attributes":{"account_sid":{"type":"string","description":"The Twilio Account ID used when connecting to the Twilio API.","description_kind":"plain","computed":true},"auth_token":{"type":"string","description":"The Twilio Auth Token used when connecting to the Twilio API.","description_kind":"plain","computed":true,"sensitive":true},"data":{"type":"string","description":"An object that can hold any information about the Twilio Messenger that should be persisted. Must be a JSON string.","description_kind":"plain","computed":true},"debug":{"type":"bool","description":"Determines if debug should be enabled to create an event log to assist in debugging integration errors.","description_kind":"plain","computed":true},"from_phone_number":{"type":"string","description":"The configured Twilio phone number used to send messages.","description_kind":"plain","computed":true},"id":{"type":"string","description_kind":"plain","optional":true,"computed":true},"messaging_service_sid":{"type":"string","description":"The Twilio message service Id used for Twilio Copilot to load balance between numbers.","description_kind":"plain","computed":true},"messenger_id":{"type":"string","description":"The unique Id of the Twilio Messenger to retrieve.","description_kind":"plain","optional":true,"computed":true},"name":{"type":"string","description":"The case-insensitive string to search for in the Twilio Messenger name.","description_kind":"plain","optional":true,"computed":true},"url":{"type":"string","description":"The Twilio URL that FusionAuth uses to communicate with the Twilio API.","description_kind":"plain","computed":true}},"description_kind":"plain"}},"fusionauth_user":{"version":1,"block":{"attributes":{"active":{"type":"bool","description":"True if the User is active. False if the User has been deactivated. Deactivated Users will not be able to login.","description_kind":"plain","computed":true},"birth_date":{"type":"string","description":"An ISO-8601 formatted date of the User’s birthdate such as YYYY-MM-DD.","description_kind":"plain","computed":true},"data":{"type":"string","description":"A JSON serialised string that can hold any information about the User.","description_kind":"plain","computed":true},"email":{"type":"string","description":"The User’s email address.","description_kind":"plain","optional":true,"computed":true},"expiry":{"type":"number","description":"The expiration instant of the User’s account. An expired user is not permitted to login.","description_kind":"plain","computed":true},"first_name":{"type":"string","description":"The first name of the User.","description_kind":"plain","computed":true},"full_name":{"type":"string","description":"The User’s full name.","description_kind":"plain","computed":true},"id":{"type":"string","description_kind":"plain","optional":true,"computed":true},"identities":{"type":["list",["object",{"display_value":"string","insert_instant":"number","last_login_instant":"number","last_update_instant":"number","moderation_status":"string","type":"string","value":"string","verified":"bool","verified_instant":"number","verified_reason":"string"}]],"description":"The list of identities that exist for a User.","description_kind":"plain","computed":true},"image_url":{"type":"string","description":"The URL that points to an image file that is the User’s profile image.","description_kind":"plain","computed":true},"last_name":{"type":"string","description":"The User’s last name.","description_kind":"plain","computed":true},"middle_name":{"type":"string","description":"The User’s middle name.","description_kind":"plain","computed":true},"mobile_phone":{"type":"string","description":"The User’s mobile phone number.","description_kind":"plain","computed":true},"parent_email":{"type":"string","description":"The email address of the user’s parent or guardian.","description_kind":"plain","computed":true},"password_change_required":{"type":"bool","description":"Indicates that the User’s password needs to be changed during their next login attempt.","description_kind":"plain","computed":true},"phone_number":{"type":"string","description":"The User’s phone number.","description_kind":"plain","computed":true},"preferred_languages":{"type":["set","string"],"description":"An array of locale strings that give, in order, the User’s preferred languages.","description_kind":"plain","computed":true},"tenant_id":{"type":"string","description":"The unique Id of the tenant used to scope this API request.","description_kind":"plain","optional":true,"computed":true},"timezone":{"type":"string","description":"The User’s preferred timezone.","description_kind":"plain","computed":true},"user_id":{"type":"string","description":"The Id to use for the new User. If not specified a secure random UUID will be generated.","description_kind":"plain","optional":true,"computed":true},"username":{"type":"string","description":"The username of the User.","description_kind":"plain","optional":true,"computed":true},"username_status":{"type":"string","description":"The current status of the username. This is used if you are moderating usernames via CleanSpeak.","description_kind":"plain","computed":true},"verification_ids":{"type":["list",["object",{"one_time_code":"string","type":"string","value":"string","verification_id":"string"}]],"description":"The list of all verifications that exist for a user. This includes the email and phone identities that a user may have. The values from emailVerificationId and emailVerificationOneTimeCode are legacy fields and will also be present in this list.","description_kind":"plain","computed":true}},"description_kind":"plain"}},"fusionauth_user_group_membership":{"version":1,"block":{"attributes":{"data":{"type":"string","description":"An object that can hold any information about the User for this membership that should be persisted.","description_kind":"plain","computed":true},"group_id":{"type":"string","description":"The Id of the Group of this membership.","description_kind":"plain","required":true},"id":{"type":"string","description_kind":"plain","optional":true,"computed":true},"membership_id":{"type":"string","description":"The Id of the Membership.","description_kind":"plain","computed":true},"user_id":{"type":"string","description":"The Id of the User of this membership.","description_kind":"plain","required":true}},"description_kind":"plain"}}}}}}
